
Microsoft Visual Studio Solution File, Format Version 12.00
# Visual Studio Version 17
VisualStudioVersion = 17.13.36105.23
MinimumVisualStudioVersion = 10.0.40219.1
Project("{2150E333-8FDC-42A3-9474-1A3956D46DE8}") = "Lab", "Lab", "{02EA681E-C7D8-13C7-8484-4AC65E1B71E8}"
EndProject
Project("{FAE04EC0-301F-11D3-BF4B-00C04F79EFBC}") = "01. Reverse a string", "01. Reverse a string\01. Reverse a string.csproj", "{633DA88F-BBF0-47AE-8163-4EACD1382C39}"
EndProject
Project("{FAE04EC0-301F-11D3-BF4B-00C04F79EFBC}") = "02. Stack sum", "02. Stack sum\02. Stack sum.csproj", "{AE5146E5-205B-4C9D-903A-FAB7F971BCA0}"
EndProject
Project("{FAE04EC0-301F-11D3-BF4B-00C04F79EFBC}") = "03. Simple calculator", "03. Simple calculator\03. Simple calculator.csproj", "{9D9BCA4A-A266-445A-9325-77DB66A31055}"
EndProject
Project("{FAE04EC0-301F-11D3-BF4B-00C04F79EFBC}") = "04. Matching brackets", "04. Matching brackets\04. Matching brackets.csproj", "{215E5181-7B88-4117-82A5-3C215EC3EF22}"
EndProject
Project("{FAE04EC0-301F-11D3-BF4B-00C04F79EFBC}") = "05. Print even numbers", "05. Print even numbers\05. Print even numbers.csproj", "{880E192D-699A-4F07-B012-B171F86279C3}"
EndProject
Project("{FAE04EC0-301F-11D3-BF4B-00C04F79EFBC}") = "06. Supermarket", "06. Supermarket\06. Supermarket.csproj", "{55F1DD94-DC91-47EF-8A56-9EFBC710905D}"
EndProject
Project("{FAE04EC0-301F-11D3-BF4B-00C04F79EFBC}") = "07.  Hot potato", "07.  Hot potato\07.  Hot potato.csproj", "{4D0771E9-65F3-40EA-A515-394BE2FCE184}"
EndProject
Project("{FAE04EC0-301F-11D3-BF4B-00C04F79EFBC}") = "08. Traffic jam", "08. Traffic jam\08. Traffic jam.csproj", "{E564BD7D-0D0B-4F9D-B5AE-C5D046F048FA}"
EndProject
Project("{2150E333-8FDC-42A3-9474-1A3956D46DE8}") = "Exercise", "Exercise", "{05B66AB7-97E7-4562-8CDD-C9A945BCDB27}"
EndProject
Project("{FAE04EC0-301F-11D3-BF4B-00C04F79EFBC}") = "01. Basic stack operations", "01. Basic stack operations\01. Basic stack operations.csproj", "{051FB07C-28E8-42AF-A3D1-F04EAABE969F}"
EndProject
Project("{FAE04EC0-301F-11D3-BF4B-00C04F79EFBC}") = "02. Basic queue operations", "02. Basic queue operations\02. Basic queue operations.csproj", "{6C93D055-1A2F-4E5D-9A11-3C26BCC7A043}"
EndProject
Project("{FAE04EC0-301F-11D3-BF4B-00C04F79EFBC}") = "03. Maximum and minimum element", "03. Maximum and minimum element\03. Maximum and minimum element.csproj", "{BD53B819-06A8-4B7C-BFE3-459F281882E7}"
EndProject
Project("{FAE04EC0-301F-11D3-BF4B-00C04F79EFBC}") = "04. Fast food", "04. Fast food\04. Fast food.csproj", "{60361144-9EE8-42DF-B2F1-609D08ADA3E6}"
EndProject
Project("{FAE04EC0-301F-11D3-BF4B-00C04F79EFBC}") = "05. Fashion boutique", "05. Fashion boutique\05. Fashion boutique.csproj", "{65C50406-2EAB-491B-BB17-0728EF5008D2}"
EndProject
Project("{FAE04EC0-301F-11D3-BF4B-00C04F79EFBC}") = "06. Songs queue", "06. Songs queue\06. Songs queue.csproj", "{70D4998E-B10D-4485-91EF-258273A62F96}"
EndProject
Project("{FAE04EC0-301F-11D3-BF4B-00C04F79EFBC}") = "07. Truck tour", "07. Truck tour\07. Truck tour.csproj", "{CA2398E5-33C6-45AB-8931-451F86334B54}"
EndProject
Project("{FAE04EC0-301F-11D3-BF4B-00C04F79EFBC}") = "08. Balanced parentheses", "08. Balanced parentheses\08. Balanced parentheses.csproj", "{25C7940B-B963-4F2A-B6C1-11D52B52CF85}"
EndProject
Project("{FAE04EC0-301F-11D3-BF4B-00C04F79EFBC}") = "09. Simple text editor", "09. Simple text editor\09. Simple text editor.csproj", "{FFAE2FE6-88EA-42E9-A840-8431E0613214}"
EndProject
Project("{FAE04EC0-301F-11D3-BF4B-00C04F79EFBC}") = "10. Crossroads (!)", "10. Crossroads (!)\10. Crossroads (!).csproj", "{A6E74EE3-0512-48BF-9FE2-916A41DFDA52}"
EndProject
Project("{FAE04EC0-301F-11D3-BF4B-00C04F79EFBC}") = "11. Key revolver (!)", "11. Key revolver (!)\11. Key revolver (!).csproj", "{813AAADA-6D8D-4E0D-A69E-A613D78CBDC8}"
EndProject
Project("{FAE04EC0-301F-11D3-BF4B-00C04F79EFBC}") = "12. Cups and bottles (!)", "12. Cups and bottles (!)\12. Cups and bottles (!).csproj", "{BB7B47D8-B26B-4660-B90E-C51A992800FC}"
EndProject
Global
	GlobalSection(SolutionConfigurationPlatforms) = preSolution
		Debug|Any CPU = Debug|Any CPU
		Release|Any CPU = Release|Any CPU
	EndGlobalSection
	GlobalSection(ProjectConfigurationPlatforms) = postSolution
		{633DA88F-BBF0-47AE-8163-4EACD1382C39}.Debug|Any CPU.ActiveCfg = Debug|Any CPU
		{633DA88F-BBF0-47AE-8163-4EACD1382C39}.Debug|Any CPU.Build.0 = Debug|Any CPU
		{633DA88F-BBF0-47AE-8163-4EACD1382C39}.Release|Any CPU.ActiveCfg = Release|Any CPU
		{633DA88F-BBF0-47AE-8163-4EACD1382C39}.Release|Any CPU.Build.0 = Release|Any CPU
		{AE5146E5-205B-4C9D-903A-FAB7F971BCA0}.Debug|Any CPU.ActiveCfg = Debug|Any CPU
		{AE5146E5-205B-4C9D-903A-FAB7F971BCA0}.Debug|Any CPU.Build.0 = Debug|Any CPU
		{AE5146E5-205B-4C9D-903A-FAB7F971BCA0}.Release|Any CPU.ActiveCfg = Release|Any CPU
		{AE5146E5-205B-4C9D-903A-FAB7F971BCA0}.Release|Any CPU.Build.0 = Release|Any CPU
		{9D9BCA4A-A266-445A-9325-77DB66A31055}.Debug|Any CPU.ActiveCfg = Debug|Any CPU
		{9D9BCA4A-A266-445A-9325-77DB66A31055}.Debug|Any CPU.Build.0 = Debug|Any CPU
		{9D9BCA4A-A266-445A-9325-77DB66A31055}.Release|Any CPU.ActiveCfg = Release|Any CPU
		{9D9BCA4A-A266-445A-9325-77DB66A31055}.Release|Any CPU.Build.0 = Release|Any CPU
		{215E5181-7B88-4117-82A5-3C215EC3EF22}.Debug|Any CPU.ActiveCfg = Debug|Any CPU
		{215E5181-7B88-4117-82A5-3C215EC3EF22}.Debug|Any CPU.Build.0 = Debug|Any CPU
		{215E5181-7B88-4117-82A5-3C215EC3EF22}.Release|Any CPU.ActiveCfg = Release|Any CPU
		{215E5181-7B88-4117-82A5-3C215EC3EF22}.Release|Any CPU.Build.0 = Release|Any CPU
		{880E192D-699A-4F07-B012-B171F86279C3}.Debug|Any CPU.ActiveCfg = Debug|Any CPU
		{880E192D-699A-4F07-B012-B171F86279C3}.Debug|Any CPU.Build.0 = Debug|Any CPU
		{880E192D-699A-4F07-B012-B171F86279C3}.Release|Any CPU.ActiveCfg = Release|Any CPU
		{880E192D-699A-4F07-B012-B171F86279C3}.Release|Any CPU.Build.0 = Release|Any CPU
		{55F1DD94-DC91-47EF-8A56-9EFBC710905D}.Debug|Any CPU.ActiveCfg = Debug|Any CPU
		{55F1DD94-DC91-47EF-8A56-9EFBC710905D}.Debug|Any CPU.Build.0 = Debug|Any CPU
		{55F1DD94-DC91-47EF-8A56-9EFBC710905D}.Release|Any CPU.ActiveCfg = Release|Any CPU
		{55F1DD94-DC91-47EF-8A56-9EFBC710905D}.Release|Any CPU.Build.0 = Release|Any CPU
		{4D0771E9-65F3-40EA-A515-394BE2FCE184}.Debug|Any CPU.ActiveCfg = Debug|Any CPU
		{4D0771E9-65F3-40EA-A515-394BE2FCE184}.Debug|Any CPU.Build.0 = Debug|Any CPU
		{4D0771E9-65F3-40EA-A515-394BE2FCE184}.Release|Any CPU.ActiveCfg = Release|Any CPU
		{4D0771E9-65F3-40EA-A515-394BE2FCE184}.Release|Any CPU.Build.0 = Release|Any CPU
		{E564BD7D-0D0B-4F9D-B5AE-C5D046F048FA}.Debug|Any CPU.ActiveCfg = Debug|Any CPU
		{E564BD7D-0D0B-4F9D-B5AE-C5D046F048FA}.Debug|Any CPU.Build.0 = Debug|Any CPU
		{E564BD7D-0D0B-4F9D-B5AE-C5D046F048FA}.Release|Any CPU.ActiveCfg = Release|Any CPU
		{E564BD7D-0D0B-4F9D-B5AE-C5D046F048FA}.Release|Any CPU.Build.0 = Release|Any CPU
		{051FB07C-28E8-42AF-A3D1-F04EAABE969F}.Debug|Any CPU.ActiveCfg = Debug|Any CPU
		{051FB07C-28E8-42AF-A3D1-F04EAABE969F}.Debug|Any CPU.Build.0 = Debug|Any CPU
		{051FB07C-28E8-42AF-A3D1-F04EAABE969F}.Release|Any CPU.ActiveCfg = Release|Any CPU
		{051FB07C-28E8-42AF-A3D1-F04EAABE969F}.Release|Any CPU.Build.0 = Release|Any CPU
		{6C93D055-1A2F-4E5D-9A11-3C26BCC7A043}.Debug|Any CPU.ActiveCfg = Debug|Any CPU
		{6C93D055-1A2F-4E5D-9A11-3C26BCC7A043}.Debug|Any CPU.Build.0 = Debug|Any CPU
		{6C93D055-1A2F-4E5D-9A11-3C26BCC7A043}.Release|Any CPU.ActiveCfg = Release|Any CPU
		{6C93D055-1A2F-4E5D-9A11-3C26BCC7A043}.Release|Any CPU.Build.0 = Release|Any CPU
		{BD53B819-06A8-4B7C-BFE3-459F281882E7}.Debug|Any CPU.ActiveCfg = Debug|Any CPU
		{BD53B819-06A8-4B7C-BFE3-459F281882E7}.Debug|Any CPU.Build.0 = Debug|Any CPU
		{BD53B819-06A8-4B7C-BFE3-459F281882E7}.Release|Any CPU.ActiveCfg = Release|Any CPU
		{BD53B819-06A8-4B7C-BFE3-459F281882E7}.Release|Any CPU.Build.0 = Release|Any CPU
		{60361144-9EE8-42DF-B2F1-609D08ADA3E6}.Debug|Any CPU.ActiveCfg = Debug|Any CPU
		{60361144-9EE8-42DF-B2F1-609D08ADA3E6}.Debug|Any CPU.Build.0 = Debug|Any CPU
		{60361144-9EE8-42DF-B2F1-609D08ADA3E6}.Release|Any CPU.ActiveCfg = Release|Any CPU
		{60361144-9EE8-42DF-B2F1-609D08ADA3E6}.Release|Any CPU.Build.0 = Release|Any CPU
		{65C50406-2EAB-491B-BB17-0728EF5008D2}.Debug|Any CPU.ActiveCfg = Debug|Any CPU
		{65C50406-2EAB-491B-BB17-0728EF5008D2}.Debug|Any CPU.Build.0 = Debug|Any CPU
		{65C50406-2EAB-491B-BB17-0728EF5008D2}.Release|Any CPU.ActiveCfg = Release|Any CPU
		{65C50406-2EAB-491B-BB17-0728EF5008D2}.Release|Any CPU.Build.0 = Release|Any CPU
		{70D4998E-B10D-4485-91EF-258273A62F96}.Debug|Any CPU.ActiveCfg = Debug|Any CPU
		{70D4998E-B10D-4485-91EF-258273A62F96}.Debug|Any CPU.Build.0 = Debug|Any CPU
		{70D4998E-B10D-4485-91EF-258273A62F96}.Release|Any CPU.ActiveCfg = Release|Any CPU
		{70D4998E-B10D-4485-91EF-258273A62F96}.Release|Any CPU.Build.0 = Release|Any CPU
		{CA2398E5-33C6-45AB-8931-451F86334B54}.Debug|Any CPU.ActiveCfg = Debug|Any CPU
		{CA2398E5-33C6-45AB-8931-451F86334B54}.Debug|Any CPU.Build.0 = Debug|Any CPU
		{CA2398E5-33C6-45AB-8931-451F86334B54}.Release|Any CPU.ActiveCfg = Release|Any CPU
		{CA2398E5-33C6-45AB-8931-451F86334B54}.Release|Any CPU.Build.0 = Release|Any CPU
		{25C7940B-B963-4F2A-B6C1-11D52B52CF85}.Debug|Any CPU.ActiveCfg = Debug|Any CPU
		{25C7940B-B963-4F2A-B6C1-11D52B52CF85}.Debug|Any CPU.Build.0 = Debug|Any CPU
		{25C7940B-B963-4F2A-B6C1-11D52B52CF85}.Release|Any CPU.ActiveCfg = Release|Any CPU
		{25C7940B-B963-4F2A-B6C1-11D52B52CF85}.Release|Any CPU.Build.0 = Release|Any CPU
		{FFAE2FE6-88EA-42E9-A840-8431E0613214}.Debug|Any CPU.ActiveCfg = Debug|Any CPU
		{FFAE2FE6-88EA-42E9-A840-8431E0613214}.Debug|Any CPU.Build.0 = Debug|Any CPU
		{FFAE2FE6-88EA-42E9-A840-8431E0613214}.Release|Any CPU.ActiveCfg = Release|Any CPU
		{FFAE2FE6-88EA-42E9-A840-8431E0613214}.Release|Any CPU.Build.0 = Release|Any CPU
		{A6E74EE3-0512-48BF-9FE2-916A41DFDA52}.Debug|Any CPU.ActiveCfg = Debug|Any CPU
		{A6E74EE3-0512-48BF-9FE2-916A41DFDA52}.Debug|Any CPU.Build.0 = Debug|Any CPU
		{A6E74EE3-0512-48BF-9FE2-916A41DFDA52}.Release|Any CPU.ActiveCfg = Release|Any CPU
		{A6E74EE3-0512-48BF-9FE2-916A41DFDA52}.Release|Any CPU.Build.0 = Release|Any CPU
		{813AAADA-6D8D-4E0D-A69E-A613D78CBDC8}.Debug|Any CPU.ActiveCfg = Debug|Any CPU
		{813AAADA-6D8D-4E0D-A69E-A613D78CBDC8}.Debug|Any CPU.Build.0 = Debug|Any CPU
		{813AAADA-6D8D-4E0D-A69E-A613D78CBDC8}.Release|Any CPU.ActiveCfg = Release|Any CPU
		{813AAADA-6D8D-4E0D-A69E-A613D78CBDC8}.Release|Any CPU.Build.0 = Release|Any CPU
		{BB7B47D8-B26B-4660-B90E-C51A992800FC}.Debug|Any CPU.ActiveCfg = Debug|Any CPU
		{BB7B47D8-B26B-4660-B90E-C51A992800FC}.Debug|Any CPU.Build.0 = Debug|Any CPU
		{BB7B47D8-B26B-4660-B90E-C51A992800FC}.Release|Any CPU.ActiveCfg = Release|Any CPU
		{BB7B47D8-B26B-4660-B90E-C51A992800FC}.Release|Any CPU.Build.0 = Release|Any CPU
	EndGlobalSection
	GlobalSection(SolutionProperties) = preSolution
		HideSolutionNode = FALSE
	EndGlobalSection
	GlobalSection(NestedProjects) = preSolution
		{633DA88F-BBF0-47AE-8163-4EACD1382C39} = {02EA681E-C7D8-13C7-8484-4AC65E1B71E8}
		{AE5146E5-205B-4C9D-903A-FAB7F971BCA0} = {02EA681E-C7D8-13C7-8484-4AC65E1B71E8}
		{9D9BCA4A-A266-445A-9325-77DB66A31055} = {02EA681E-C7D8-13C7-8484-4AC65E1B71E8}
		{215E5181-7B88-4117-82A5-3C215EC3EF22} = {02EA681E-C7D8-13C7-8484-4AC65E1B71E8}
		{880E192D-699A-4F07-B012-B171F86279C3} = {02EA681E-C7D8-13C7-8484-4AC65E1B71E8}
		{55F1DD94-DC91-47EF-8A56-9EFBC710905D} = {02EA681E-C7D8-13C7-8484-4AC65E1B71E8}
		{4D0771E9-65F3-40EA-A515-394BE2FCE184} = {02EA681E-C7D8-13C7-8484-4AC65E1B71E8}
		{E564BD7D-0D0B-4F9D-B5AE-C5D046F048FA} = {02EA681E-C7D8-13C7-8484-4AC65E1B71E8}
		{051FB07C-28E8-42AF-A3D1-F04EAABE969F} = {05B66AB7-97E7-4562-8CDD-C9A945BCDB27}
		{6C93D055-1A2F-4E5D-9A11-3C26BCC7A043} = {05B66AB7-97E7-4562-8CDD-C9A945BCDB27}
		{BD53B819-06A8-4B7C-BFE3-459F281882E7} = {05B66AB7-97E7-4562-8CDD-C9A945BCDB27}
		{60361144-9EE8-42DF-B2F1-609D08ADA3E6} = {05B66AB7-97E7-4562-8CDD-C9A945BCDB27}
		{65C50406-2EAB-491B-BB17-0728EF5008D2} = {05B66AB7-97E7-4562-8CDD-C9A945BCDB27}
		{70D4998E-B10D-4485-91EF-258273A62F96} = {05B66AB7-97E7-4562-8CDD-C9A945BCDB27}
		{CA2398E5-33C6-45AB-8931-451F86334B54} = {05B66AB7-97E7-4562-8CDD-C9A945BCDB27}
		{25C7940B-B963-4F2A-B6C1-11D52B52CF85} = {05B66AB7-97E7-4562-8CDD-C9A945BCDB27}
		{FFAE2FE6-88EA-42E9-A840-8431E0613214} = {05B66AB7-97E7-4562-8CDD-C9A945BCDB27}
		{A6E74EE3-0512-48BF-9FE2-916A41DFDA52} = {05B66AB7-97E7-4562-8CDD-C9A945BCDB27}
		{813AAADA-6D8D-4E0D-A69E-A613D78CBDC8} = {05B66AB7-97E7-4562-8CDD-C9A945BCDB27}
		{BB7B47D8-B26B-4660-B90E-C51A992800FC} = {05B66AB7-97E7-4562-8CDD-C9A945BCDB27}
	EndGlobalSection
	GlobalSection(ExtensibilityGlobals) = postSolution
		SolutionGuid = {AED11069-B0DB-4EEA-8F16-9C125774CE91}
	EndGlobalSection
EndGlobal
