
Microsoft Visual Studio Solution File, Format Version 12.00
# Visual Studio Version 17
VisualStudioVersion = 17.13.36105.23
MinimumVisualStudioVersion = 10.0.40219.1
Project("{2150E333-8FDC-42A3-9474-1A3956D46DE8}") = "Lab", "Lab", "{02EA681E-C7D8-13C7-8484-4AC65E1B71E8}"
EndProject
Project("{FAE04EC0-301F-11D3-BF4B-00C04F79EFBC}") = "01. Count same values in array", "01. Count same values in array\01. Count same values in array.csproj", "{B6C7C670-DC18-4735-890A-6F534AF63621}"
EndProject
Project("{FAE04EC0-301F-11D3-BF4B-00C04F79EFBC}") = "02. Average student grades", "02. Average student grades\02. Average student grades.csproj", "{96F3830F-5319-4709-B3C4-28BC625A966F}"
EndProject
Project("{FAE04EC0-301F-11D3-BF4B-00C04F79EFBC}") = "03. Largest 3 numbers", "03. Largest 3 numbers\03. Largest 3 numbers.csproj", "{F1055F05-70CE-4610-B9CF-C83B257C46EC}"
EndProject
Project("{FAE04EC0-301F-11D3-BF4B-00C04F79EFBC}") = "04. Product shop", "04. Product shop\04. Product shop.csproj", "{5BB4FF30-784C-46A7-85D7-C65719938732}"
EndProject
Project("{FAE04EC0-301F-11D3-BF4B-00C04F79EFBC}") = "05. Cities by continent and country", "05. Cities by continent and country\05. Cities by continent and country.csproj", "{E117E892-36ED-4087-A0E5-9D9AD6C30152}"
EndProject
Project("{FAE04EC0-301F-11D3-BF4B-00C04F79EFBC}") = "06. Record unique names", "06. Record unique names\06. Record unique names.csproj", "{D4A0D034-A8D4-4B28-B294-8CD2ADD724DD}"
EndProject
Project("{FAE04EC0-301F-11D3-BF4B-00C04F79EFBC}") = "07. Parking lot", "07. Parking lot\07. Parking lot.csproj", "{8D60410A-B709-47A9-B48B-48E7246EF43A}"
EndProject
Project("{FAE04EC0-301F-11D3-BF4B-00C04F79EFBC}") = "08. SoftUni party", "08. SoftUni party\08. SoftUni party.csproj", "{08BE7538-2B23-41F0-8E94-8C342C9DF2B6}"
EndProject
Project("{2150E333-8FDC-42A3-9474-1A3956D46DE8}") = "Exercise", "Exercise", "{959C16C5-DDBE-4327-A7C4-90F84C07BCD6}"
EndProject
Project("{FAE04EC0-301F-11D3-BF4B-00C04F79EFBC}") = "01. Unique usernames", "01. Unique usernames\01. Unique usernames.csproj", "{EF1EFB23-FD84-4569-83B1-8C074B60A1C6}"
EndProject
Project("{FAE04EC0-301F-11D3-BF4B-00C04F79EFBC}") = "02. Sets of elements", "02. Sets of elements\02. Sets of elements.csproj", "{C4E77930-FAB9-4160-BC3E-7AF70CF1F402}"
EndProject
Project("{FAE04EC0-301F-11D3-BF4B-00C04F79EFBC}") = "03. Periodic table", "03. Periodic table\03. Periodic table.csproj", "{19FA2153-E251-4E86-8F9B-82E14627E623}"
EndProject
Project("{FAE04EC0-301F-11D3-BF4B-00C04F79EFBC}") = "04. Even times", "04. Even times\04. Even times.csproj", "{AEE26527-6EF5-4358-94A9-2D9049D00F37}"
EndProject
Project("{FAE04EC0-301F-11D3-BF4B-00C04F79EFBC}") = "05. Count symbols", "05. Count symbols\05. Count symbols.csproj", "{9FDB270A-B16C-493C-BDB2-7C3292373B13}"
EndProject
Project("{FAE04EC0-301F-11D3-BF4B-00C04F79EFBC}") = "06. Wardrobe", "06. Wardrobe\06. Wardrobe.csproj", "{4B8042B5-05D7-4F8F-B88E-22D7B2A90E52}"
EndProject
Project("{FAE04EC0-301F-11D3-BF4B-00C04F79EFBC}") = "07. The v-logger (!)", "07. The v-logger (!)\07. The v-logger (!).csproj", "{64BC5529-A7F2-4EFD-B1C0-4E83169896FC}"
EndProject
Project("{FAE04EC0-301F-11D3-BF4B-00C04F79EFBC}") = "08. Ranking (!)", "08. Ranking\08. Ranking (!).csproj", "{A169476F-84E9-4E24-9D5F-76ABF8C2277A}"
EndProject
Project("{FAE04EC0-301F-11D3-BF4B-00C04F79EFBC}") = "09. SoftUni exam results (!)", "09. SoftUni exam results\09. SoftUni exam results (!).csproj", "{86FC1C35-4B1C-4D8C-A6F7-B209F21E573D}"
EndProject
Project("{FAE04EC0-301F-11D3-BF4B-00C04F79EFBC}") = "10. ForceBook (!)", "10. ForceBook (!)\10. ForceBook (!).csproj", "{2FB816C1-0A6E-4C83-95D0-0122921825D5}"
EndProject
Global
	GlobalSection(SolutionConfigurationPlatforms) = preSolution
		Debug|Any CPU = Debug|Any CPU
		Release|Any CPU = Release|Any CPU
	EndGlobalSection
	GlobalSection(ProjectConfigurationPlatforms) = postSolution
		{B6C7C670-DC18-4735-890A-6F534AF63621}.Debug|Any CPU.ActiveCfg = Debug|Any CPU
		{B6C7C670-DC18-4735-890A-6F534AF63621}.Debug|Any CPU.Build.0 = Debug|Any CPU
		{B6C7C670-DC18-4735-890A-6F534AF63621}.Release|Any CPU.ActiveCfg = Release|Any CPU
		{B6C7C670-DC18-4735-890A-6F534AF63621}.Release|Any CPU.Build.0 = Release|Any CPU
		{96F3830F-5319-4709-B3C4-28BC625A966F}.Debug|Any CPU.ActiveCfg = Debug|Any CPU
		{96F3830F-5319-4709-B3C4-28BC625A966F}.Debug|Any CPU.Build.0 = Debug|Any CPU
		{96F3830F-5319-4709-B3C4-28BC625A966F}.Release|Any CPU.ActiveCfg = Release|Any CPU
		{96F3830F-5319-4709-B3C4-28BC625A966F}.Release|Any CPU.Build.0 = Release|Any CPU
		{F1055F05-70CE-4610-B9CF-C83B257C46EC}.Debug|Any CPU.ActiveCfg = Debug|Any CPU
		{F1055F05-70CE-4610-B9CF-C83B257C46EC}.Debug|Any CPU.Build.0 = Debug|Any CPU
		{F1055F05-70CE-4610-B9CF-C83B257C46EC}.Release|Any CPU.ActiveCfg = Release|Any CPU
		{F1055F05-70CE-4610-B9CF-C83B257C46EC}.Release|Any CPU.Build.0 = Release|Any CPU
		{5BB4FF30-784C-46A7-85D7-C65719938732}.Debug|Any CPU.ActiveCfg = Debug|Any CPU
		{5BB4FF30-784C-46A7-85D7-C65719938732}.Debug|Any CPU.Build.0 = Debug|Any CPU
		{5BB4FF30-784C-46A7-85D7-C65719938732}.Release|Any CPU.ActiveCfg = Release|Any CPU
		{5BB4FF30-784C-46A7-85D7-C65719938732}.Release|Any CPU.Build.0 = Release|Any CPU
		{E117E892-36ED-4087-A0E5-9D9AD6C30152}.Debug|Any CPU.ActiveCfg = Debug|Any CPU
		{E117E892-36ED-4087-A0E5-9D9AD6C30152}.Debug|Any CPU.Build.0 = Debug|Any CPU
		{E117E892-36ED-4087-A0E5-9D9AD6C30152}.Release|Any CPU.ActiveCfg = Release|Any CPU
		{E117E892-36ED-4087-A0E5-9D9AD6C30152}.Release|Any CPU.Build.0 = Release|Any CPU
		{D4A0D034-A8D4-4B28-B294-8CD2ADD724DD}.Debug|Any CPU.ActiveCfg = Debug|Any CPU
		{D4A0D034-A8D4-4B28-B294-8CD2ADD724DD}.Debug|Any CPU.Build.0 = Debug|Any CPU
		{D4A0D034-A8D4-4B28-B294-8CD2ADD724DD}.Release|Any CPU.ActiveCfg = Release|Any CPU
		{D4A0D034-A8D4-4B28-B294-8CD2ADD724DD}.Release|Any CPU.Build.0 = Release|Any CPU
		{8D60410A-B709-47A9-B48B-48E7246EF43A}.Debug|Any CPU.ActiveCfg = Debug|Any CPU
		{8D60410A-B709-47A9-B48B-48E7246EF43A}.Debug|Any CPU.Build.0 = Debug|Any CPU
		{8D60410A-B709-47A9-B48B-48E7246EF43A}.Release|Any CPU.ActiveCfg = Release|Any CPU
		{8D60410A-B709-47A9-B48B-48E7246EF43A}.Release|Any CPU.Build.0 = Release|Any CPU
		{08BE7538-2B23-41F0-8E94-8C342C9DF2B6}.Debug|Any CPU.ActiveCfg = Debug|Any CPU
		{08BE7538-2B23-41F0-8E94-8C342C9DF2B6}.Debug|Any CPU.Build.0 = Debug|Any CPU
		{08BE7538-2B23-41F0-8E94-8C342C9DF2B6}.Release|Any CPU.ActiveCfg = Release|Any CPU
		{08BE7538-2B23-41F0-8E94-8C342C9DF2B6}.Release|Any CPU.Build.0 = Release|Any CPU
		{EF1EFB23-FD84-4569-83B1-8C074B60A1C6}.Debug|Any CPU.ActiveCfg = Debug|Any CPU
		{EF1EFB23-FD84-4569-83B1-8C074B60A1C6}.Debug|Any CPU.Build.0 = Debug|Any CPU
		{EF1EFB23-FD84-4569-83B1-8C074B60A1C6}.Release|Any CPU.ActiveCfg = Release|Any CPU
		{EF1EFB23-FD84-4569-83B1-8C074B60A1C6}.Release|Any CPU.Build.0 = Release|Any CPU
		{C4E77930-FAB9-4160-BC3E-7AF70CF1F402}.Debug|Any CPU.ActiveCfg = Debug|Any CPU
		{C4E77930-FAB9-4160-BC3E-7AF70CF1F402}.Debug|Any CPU.Build.0 = Debug|Any CPU
		{C4E77930-FAB9-4160-BC3E-7AF70CF1F402}.Release|Any CPU.ActiveCfg = Release|Any CPU
		{C4E77930-FAB9-4160-BC3E-7AF70CF1F402}.Release|Any CPU.Build.0 = Release|Any CPU
		{19FA2153-E251-4E86-8F9B-82E14627E623}.Debug|Any CPU.ActiveCfg = Debug|Any CPU
		{19FA2153-E251-4E86-8F9B-82E14627E623}.Debug|Any CPU.Build.0 = Debug|Any CPU
		{19FA2153-E251-4E86-8F9B-82E14627E623}.Release|Any CPU.ActiveCfg = Release|Any CPU
		{19FA2153-E251-4E86-8F9B-82E14627E623}.Release|Any CPU.Build.0 = Release|Any CPU
		{AEE26527-6EF5-4358-94A9-2D9049D00F37}.Debug|Any CPU.ActiveCfg = Debug|Any CPU
		{AEE26527-6EF5-4358-94A9-2D9049D00F37}.Debug|Any CPU.Build.0 = Debug|Any CPU
		{AEE26527-6EF5-4358-94A9-2D9049D00F37}.Release|Any CPU.ActiveCfg = Release|Any CPU
		{AEE26527-6EF5-4358-94A9-2D9049D00F37}.Release|Any CPU.Build.0 = Release|Any CPU
		{9FDB270A-B16C-493C-BDB2-7C3292373B13}.Debug|Any CPU.ActiveCfg = Debug|Any CPU
		{9FDB270A-B16C-493C-BDB2-7C3292373B13}.Debug|Any CPU.Build.0 = Debug|Any CPU
		{9FDB270A-B16C-493C-BDB2-7C3292373B13}.Release|Any CPU.ActiveCfg = Release|Any CPU
		{9FDB270A-B16C-493C-BDB2-7C3292373B13}.Release|Any CPU.Build.0 = Release|Any CPU
		{4B8042B5-05D7-4F8F-B88E-22D7B2A90E52}.Debug|Any CPU.ActiveCfg = Debug|Any CPU
		{4B8042B5-05D7-4F8F-B88E-22D7B2A90E52}.Debug|Any CPU.Build.0 = Debug|Any CPU
		{4B8042B5-05D7-4F8F-B88E-22D7B2A90E52}.Release|Any CPU.ActiveCfg = Release|Any CPU
		{4B8042B5-05D7-4F8F-B88E-22D7B2A90E52}.Release|Any CPU.Build.0 = Release|Any CPU
		{64BC5529-A7F2-4EFD-B1C0-4E83169896FC}.Debug|Any CPU.ActiveCfg = Debug|Any CPU
		{64BC5529-A7F2-4EFD-B1C0-4E83169896FC}.Debug|Any CPU.Build.0 = Debug|Any CPU
		{64BC5529-A7F2-4EFD-B1C0-4E83169896FC}.Release|Any CPU.ActiveCfg = Release|Any CPU
		{64BC5529-A7F2-4EFD-B1C0-4E83169896FC}.Release|Any CPU.Build.0 = Release|Any CPU
		{A169476F-84E9-4E24-9D5F-76ABF8C2277A}.Debug|Any CPU.ActiveCfg = Debug|Any CPU
		{A169476F-84E9-4E24-9D5F-76ABF8C2277A}.Debug|Any CPU.Build.0 = Debug|Any CPU
		{A169476F-84E9-4E24-9D5F-76ABF8C2277A}.Release|Any CPU.ActiveCfg = Release|Any CPU
		{A169476F-84E9-4E24-9D5F-76ABF8C2277A}.Release|Any CPU.Build.0 = Release|Any CPU
		{86FC1C35-4B1C-4D8C-A6F7-B209F21E573D}.Debug|Any CPU.ActiveCfg = Debug|Any CPU
		{86FC1C35-4B1C-4D8C-A6F7-B209F21E573D}.Debug|Any CPU.Build.0 = Debug|Any CPU
		{86FC1C35-4B1C-4D8C-A6F7-B209F21E573D}.Release|Any CPU.ActiveCfg = Release|Any CPU
		{86FC1C35-4B1C-4D8C-A6F7-B209F21E573D}.Release|Any CPU.Build.0 = Release|Any CPU
		{2FB816C1-0A6E-4C83-95D0-0122921825D5}.Debug|Any CPU.ActiveCfg = Debug|Any CPU
		{2FB816C1-0A6E-4C83-95D0-0122921825D5}.Debug|Any CPU.Build.0 = Debug|Any CPU
		{2FB816C1-0A6E-4C83-95D0-0122921825D5}.Release|Any CPU.ActiveCfg = Release|Any CPU
		{2FB816C1-0A6E-4C83-95D0-0122921825D5}.Release|Any CPU.Build.0 = Release|Any CPU
	EndGlobalSection
	GlobalSection(SolutionProperties) = preSolution
		HideSolutionNode = FALSE
	EndGlobalSection
	GlobalSection(NestedProjects) = preSolution
		{B6C7C670-DC18-4735-890A-6F534AF63621} = {02EA681E-C7D8-13C7-8484-4AC65E1B71E8}
		{96F3830F-5319-4709-B3C4-28BC625A966F} = {02EA681E-C7D8-13C7-8484-4AC65E1B71E8}
		{F1055F05-70CE-4610-B9CF-C83B257C46EC} = {02EA681E-C7D8-13C7-8484-4AC65E1B71E8}
		{5BB4FF30-784C-46A7-85D7-C65719938732} = {02EA681E-C7D8-13C7-8484-4AC65E1B71E8}
		{E117E892-36ED-4087-A0E5-9D9AD6C30152} = {02EA681E-C7D8-13C7-8484-4AC65E1B71E8}
		{D4A0D034-A8D4-4B28-B294-8CD2ADD724DD} = {02EA681E-C7D8-13C7-8484-4AC65E1B71E8}
		{8D60410A-B709-47A9-B48B-48E7246EF43A} = {02EA681E-C7D8-13C7-8484-4AC65E1B71E8}
		{08BE7538-2B23-41F0-8E94-8C342C9DF2B6} = {02EA681E-C7D8-13C7-8484-4AC65E1B71E8}
		{EF1EFB23-FD84-4569-83B1-8C074B60A1C6} = {959C16C5-DDBE-4327-A7C4-90F84C07BCD6}
		{C4E77930-FAB9-4160-BC3E-7AF70CF1F402} = {959C16C5-DDBE-4327-A7C4-90F84C07BCD6}
		{19FA2153-E251-4E86-8F9B-82E14627E623} = {959C16C5-DDBE-4327-A7C4-90F84C07BCD6}
		{AEE26527-6EF5-4358-94A9-2D9049D00F37} = {959C16C5-DDBE-4327-A7C4-90F84C07BCD6}
		{9FDB270A-B16C-493C-BDB2-7C3292373B13} = {959C16C5-DDBE-4327-A7C4-90F84C07BCD6}
		{4B8042B5-05D7-4F8F-B88E-22D7B2A90E52} = {959C16C5-DDBE-4327-A7C4-90F84C07BCD6}
		{64BC5529-A7F2-4EFD-B1C0-4E83169896FC} = {959C16C5-DDBE-4327-A7C4-90F84C07BCD6}
		{A169476F-84E9-4E24-9D5F-76ABF8C2277A} = {959C16C5-DDBE-4327-A7C4-90F84C07BCD6}
		{86FC1C35-4B1C-4D8C-A6F7-B209F21E573D} = {959C16C5-DDBE-4327-A7C4-90F84C07BCD6}
		{2FB816C1-0A6E-4C83-95D0-0122921825D5} = {959C16C5-DDBE-4327-A7C4-90F84C07BCD6}
	EndGlobalSection
	GlobalSection(ExtensibilityGlobals) = postSolution
		SolutionGuid = {3A934137-E721-4667-90BD-5E9B4924540D}
	EndGlobalSection
EndGlobal
