
Microsoft Visual Studio Solution File, Format Version 12.00
# Visual Studio Version 17
VisualStudioVersion = 17.14.36310.24
MinimumVisualStudioVersion = 10.0.40219.1
Project("{2150E333-8FDC-42A3-9474-1A3956D46DE8}") = "Lab", "Lab", "{02EA681E-C7D8-13C7-8484-4AC65E1B71E8}" # Lab
EndProject
Project("{FAE04EC0-301F-11D3-BF4B-00C04F79EFBC}") = "01. Axe and dummy tests", "01. Axe and dummy tests\01. Axe and dummy tests.csproj", "{61A077B7-0334-4ACA-852D-80C56017BFCE}"
EndProject
Project("{FAE04EC0-301F-11D3-BF4B-00C04F79EFBC}") = "AxeAndDummy.Tests", "AxeAndDummy.Tests\AxeAndDummy.Tests.csproj", "{911347F0-7DE3-44CE-A210-A42799B714F1}" # Tests folder
EndProject
Project("{2150E333-8FDC-42A3-9474-1A3956D46DE8}") = "Exercise", "Exercise", "{498F74E5-59F2-4287-9476-966C4CF67ED2}" # Exercise
EndProject
Project("{FAE04EC0-301F-11D3-BF4B-00C04F79EFBC}") = "01. Database", "01. Database\01. Database.csproj", "{9208985A-1D00-4F83-82E2-469B3CDA0AE1}"
EndProject
Project("{FAE04EC0-301F-11D3-BF4B-00C04F79EFBC}") = "Database.Tests", "Database.Tests\Database.Tests.csproj", "{E4415B56-D7C7-4B61-85EB-924F6190FBE5}" # Tests folder
EndProject
Project("{FAE04EC0-301F-11D3-BF4B-00C04F79EFBC}") = "02. Extended database", "02. Extended database\02. Extended database.csproj", "{EEB28DAA-DF12-4DD3-A339-CDFD616B3FE5}"
EndProject
Project("{FAE04EC0-301F-11D3-BF4B-00C04F79EFBC}") = "ExtendedDatabase.Tests", "ExtendedDatabase.Tests\ExtendedDatabase.Tests.csproj", "{AD211836-4A2F-48BE-9DDA-473C6DF16B67}" # Tests folder
EndProject
Project("{FAE04EC0-301F-11D3-BF4B-00C04F79EFBC}") = "03. Car manager", "03. Car manager\03. Car manager.csproj", "{04B82F6D-F658-43A5-AA8A-2E308C15C65A}"
EndProject
Project("{FAE04EC0-301F-11D3-BF4B-00C04F79EFBC}") = "CarManager.Tests", "CarManager.Tests\CarManager.Tests.csproj", "{12518492-0FFD-449B-9156-0F7EB74109F9}" # Tests folder
EndProject
Project("{FAE04EC0-301F-11D3-BF4B-00C04F79EFBC}") = "04. Fighting arena", "04. Fighting arena\04. Fighting arena.csproj", "{0E9D4DD7-0AB7-472E-89EE-C3376B494231}"
EndProject
Project("{FAE04EC0-301F-11D3-BF4B-00C04F79EFBC}") = "FightingArena.Tests", "FightingArena.Tests\FightingArena.Tests.csproj", "{C85F74B1-D9E6-4ED9-8FE1-BCEC4C1C4FD1}" # Tests folder
EndProject
Global
	GlobalSection(SolutionConfigurationPlatforms) = preSolution
		Debug|Any CPU = Debug|Any CPU
		Release|Any CPU = Release|Any CPU
	EndGlobalSection
	GlobalSection(ProjectConfigurationPlatforms) = postSolution
		{61A077B7-0334-4ACA-852D-80C56017BFCE}.Debug|Any CPU.ActiveCfg = Debug|Any CPU
		{61A077B7-0334-4ACA-852D-80C56017BFCE}.Debug|Any CPU.Build.0 = Debug|Any CPU
		{61A077B7-0334-4ACA-852D-80C56017BFCE}.Release|Any CPU.ActiveCfg = Release|Any CPU
		{61A077B7-0334-4ACA-852D-80C56017BFCE}.Release|Any CPU.Build.0 = Release|Any CPU
		{911347F0-7DE3-44CE-A210-A42799B714F1}.Debug|Any CPU.ActiveCfg = Debug|Any CPU
		{911347F0-7DE3-44CE-A210-A42799B714F1}.Debug|Any CPU.Build.0 = Debug|Any CPU
		{911347F0-7DE3-44CE-A210-A42799B714F1}.Release|Any CPU.ActiveCfg = Release|Any CPU
		{911347F0-7DE3-44CE-A210-A42799B714F1}.Release|Any CPU.Build.0 = Release|Any CPU
		{9208985A-1D00-4F83-82E2-469B3CDA0AE1}.Debug|Any CPU.ActiveCfg = Debug|Any CPU
		{9208985A-1D00-4F83-82E2-469B3CDA0AE1}.Debug|Any CPU.Build.0 = Debug|Any CPU
		{9208985A-1D00-4F83-82E2-469B3CDA0AE1}.Release|Any CPU.ActiveCfg = Release|Any CPU
		{9208985A-1D00-4F83-82E2-469B3CDA0AE1}.Release|Any CPU.Build.0 = Release|Any CPU
		{E4415B56-D7C7-4B61-85EB-924F6190FBE5}.Debug|Any CPU.ActiveCfg = Debug|Any CPU
		{E4415B56-D7C7-4B61-85EB-924F6190FBE5}.Debug|Any CPU.Build.0 = Debug|Any CPU
		{E4415B56-D7C7-4B61-85EB-924F6190FBE5}.Release|Any CPU.ActiveCfg = Release|Any CPU
		{E4415B56-D7C7-4B61-85EB-924F6190FBE5}.Release|Any CPU.Build.0 = Release|Any CPU
		{EEB28DAA-DF12-4DD3-A339-CDFD616B3FE5}.Debug|Any CPU.ActiveCfg = Debug|Any CPU
		{EEB28DAA-DF12-4DD3-A339-CDFD616B3FE5}.Debug|Any CPU.Build.0 = Debug|Any CPU
		{EEB28DAA-DF12-4DD3-A339-CDFD616B3FE5}.Release|Any CPU.ActiveCfg = Release|Any CPU
		{EEB28DAA-DF12-4DD3-A339-CDFD616B3FE5}.Release|Any CPU.Build.0 = Release|Any CPU
		{AD211836-4A2F-48BE-9DDA-473C6DF16B67}.Debug|Any CPU.ActiveCfg = Debug|Any CPU
		{AD211836-4A2F-48BE-9DDA-473C6DF16B67}.Debug|Any CPU.Build.0 = Debug|Any CPU
		{AD211836-4A2F-48BE-9DDA-473C6DF16B67}.Release|Any CPU.ActiveCfg = Release|Any CPU
		{AD211836-4A2F-48BE-9DDA-473C6DF16B67}.Release|Any CPU.Build.0 = Release|Any CPU
		{04B82F6D-F658-43A5-AA8A-2E308C15C65A}.Debug|Any CPU.ActiveCfg = Debug|Any CPU
		{04B82F6D-F658-43A5-AA8A-2E308C15C65A}.Debug|Any CPU.Build.0 = Debug|Any CPU
		{04B82F6D-F658-43A5-AA8A-2E308C15C65A}.Release|Any CPU.ActiveCfg = Release|Any CPU
		{04B82F6D-F658-43A5-AA8A-2E308C15C65A}.Release|Any CPU.Build.0 = Release|Any CPU
		{12518492-0FFD-449B-9156-0F7EB74109F9}.Debug|Any CPU.ActiveCfg = Debug|Any CPU
		{12518492-0FFD-449B-9156-0F7EB74109F9}.Debug|Any CPU.Build.0 = Debug|Any CPU
		{12518492-0FFD-449B-9156-0F7EB74109F9}.Release|Any CPU.ActiveCfg = Release|Any CPU
		{12518492-0FFD-449B-9156-0F7EB74109F9}.Release|Any CPU.Build.0 = Release|Any CPU
		{0E9D4DD7-0AB7-472E-89EE-C3376B494231}.Debug|Any CPU.ActiveCfg = Debug|Any CPU
		{0E9D4DD7-0AB7-472E-89EE-C3376B494231}.Debug|Any CPU.Build.0 = Debug|Any CPU
		{0E9D4DD7-0AB7-472E-89EE-C3376B494231}.Release|Any CPU.ActiveCfg = Release|Any CPU
		{0E9D4DD7-0AB7-472E-89EE-C3376B494231}.Release|Any CPU.Build.0 = Release|Any CPU
		{C85F74B1-D9E6-4ED9-8FE1-BCEC4C1C4FD1}.Debug|Any CPU.ActiveCfg = Debug|Any CPU
		{C85F74B1-D9E6-4ED9-8FE1-BCEC4C1C4FD1}.Debug|Any CPU.Build.0 = Debug|Any CPU
		{C85F74B1-D9E6-4ED9-8FE1-BCEC4C1C4FD1}.Release|Any CPU.ActiveCfg = Release|Any CPU
		{C85F74B1-D9E6-4ED9-8FE1-BCEC4C1C4FD1}.Release|Any CPU.Build.0 = Release|Any CPU
	EndGlobalSection
	GlobalSection(SolutionProperties) = preSolution
		HideSolutionNode = FALSE
	EndGlobalSection
	GlobalSection(NestedProjects) = preSolution
		{61A077B7-0334-4ACA-852D-80C56017BFCE} = {02EA681E-C7D8-13C7-8484-4AC65E1B71E8}
		{911347F0-7DE3-44CE-A210-A42799B714F1} = {02EA681E-C7D8-13C7-8484-4AC65E1B71E8}
		{9208985A-1D00-4F83-82E2-469B3CDA0AE1} = {498F74E5-59F2-4287-9476-966C4CF67ED2}
		{E4415B56-D7C7-4B61-85EB-924F6190FBE5} = {498F74E5-59F2-4287-9476-966C4CF67ED2}
		{EEB28DAA-DF12-4DD3-A339-CDFD616B3FE5} = {498F74E5-59F2-4287-9476-966C4CF67ED2}
		{AD211836-4A2F-48BE-9DDA-473C6DF16B67} = {498F74E5-59F2-4287-9476-966C4CF67ED2}
		{04B82F6D-F658-43A5-AA8A-2E308C15C65A} = {498F74E5-59F2-4287-9476-966C4CF67ED2}
		{12518492-0FFD-449B-9156-0F7EB74109F9} = {498F74E5-59F2-4287-9476-966C4CF67ED2}
		{0E9D4DD7-0AB7-472E-89EE-C3376B494231} = {498F74E5-59F2-4287-9476-966C4CF67ED2}
		{C85F74B1-D9E6-4ED9-8FE1-BCEC4C1C4FD1} = {498F74E5-59F2-4287-9476-966C4CF67ED2}
	EndGlobalSection
	GlobalSection(ExtensibilityGlobals) = postSolution
		SolutionGuid = {3D153670-B3AA-4F84-B229-6D4EC57BD1AB}
	EndGlobalSection
EndGlobal
