
Microsoft Visual Studio Solution File, Format Version 12.00
# Visual Studio Version 17
VisualStudioVersion = 17.14.36203.30
MinimumVisualStudioVersion = 10.0.40219.1
Project("{2150E333-8FDC-42A3-9474-1A3956D46DE8}") = "Lab", "Lab", "{02EA681E-C7D8-13C7-8484-4AC65E1B71E8}" # Lab
EndProject
Project("{FAE04EC0-301F-11D3-BF4B-00C04F79EFBC}") = "03. Comparable book", "IteratorsAndComparators\03. Comparable book.csproj", "{4AFB92D9-E6FC-4782-8CC4-A8B8CE15959B}"
EndProject
Project("{FAE04EC0-301F-11D3-BF4B-00C04F79EFBC}") = "01. Library", "01. Library\01. Library.csproj", "{8C2CD635-1146-4B9A-BE4F-F04656BE360A}"
EndProject
Project("{FAE04EC0-301F-11D3-BF4B-00C04F79EFBC}") = "02. Library iterator", "02. Library iterator\02. Library iterator.csproj", "{1BC7C578-29E4-4AD9-A492-78CCD4696170}"
EndProject
Project("{FAE04EC0-301F-11D3-BF4B-00C04F79EFBC}") = "04. Book comparator", "BookComparator\04. Book comparator.csproj", "{882CF31A-9948-4FAC-A361-B34A3815451D}"
EndProject
Project("{2150E333-8FDC-42A3-9474-1A3956D46DE8}") = "Exercise", "Exercise", "{9CCD9F22-C5CD-45F9-8F6F-573D5305D46A}" # Exercise
EndProject
Project("{FAE04EC0-301F-11D3-BF4B-00C04F79EFBC}") = "01. Listy iterator", "ListyIterator\01. Listy iterator.csproj", "{1D2754E7-5BC5-4E99-B1CF-FEA43CF9D7D0}"
EndProject
Project("{FAE04EC0-301F-11D3-BF4B-00C04F79EFBC}") = "02. Collection", "02. Collection\02. Collection.csproj", "{0663FFB1-AE2E-4635-8AE0-9F2CF8A3AA2C}"
EndProject
Project("{FAE04EC0-301F-11D3-BF4B-00C04F79EFBC}") = "03. Stack", "03. Stack\03. Stack.csproj", "{47A4FF3A-1E5C-44F6-ABDF-DF170975B69B}"
EndProject
Project("{FAE04EC0-301F-11D3-BF4B-00C04F79EFBC}") = "04. Froggy", "Froggy\04. Froggy.csproj", "{B0D4C2F5-D2A2-4DEC-953C-2EEF8AF1F2C2}"
EndProject
Project("{FAE04EC0-301F-11D3-BF4B-00C04F79EFBC}") = "05. Comparing objects", "ComparingObjects\05. Comparing objects.csproj", "{80200A59-4958-43F4-BA29-EF9742ED3E2C}"
EndProject
Project("{FAE04EC0-301F-11D3-BF4B-00C04F79EFBC}") = "06. Equality logic (!)", "EqualityLogic\06. Equality logic (!).csproj", "{3D776EAD-9E8E-4F45-AF74-5AC57FBA775F}"
EndProject
Project("{FAE04EC0-301F-11D3-BF4B-00C04F79EFBC}") = "07. Custom comparator", "CustomComparator\07. Custom comparator.csproj", "{ECFF3344-1FCC-4BB5-A9C0-7FEAE45A4ADD}"
EndProject
Project("{FAE04EC0-301F-11D3-BF4B-00C04F79EFBC}") = "08. Custom linked list", "Custom linked list\08. Custom linked list.csproj", "{F34D083B-B980-4CC8-BA24-2E4B345860C5}"
EndProject
Global
	GlobalSection(SolutionConfigurationPlatforms) = preSolution
		Debug|Any CPU = Debug|Any CPU
		Release|Any CPU = Release|Any CPU
	EndGlobalSection
	GlobalSection(ProjectConfigurationPlatforms) = postSolution
		{4AFB92D9-E6FC-4782-8CC4-A8B8CE15959B}.Debug|Any CPU.ActiveCfg = Debug|Any CPU
		{4AFB92D9-E6FC-4782-8CC4-A8B8CE15959B}.Debug|Any CPU.Build.0 = Debug|Any CPU
		{4AFB92D9-E6FC-4782-8CC4-A8B8CE15959B}.Release|Any CPU.ActiveCfg = Release|Any CPU
		{4AFB92D9-E6FC-4782-8CC4-A8B8CE15959B}.Release|Any CPU.Build.0 = Release|Any CPU
		{8C2CD635-1146-4B9A-BE4F-F04656BE360A}.Debug|Any CPU.ActiveCfg = Debug|Any CPU
		{8C2CD635-1146-4B9A-BE4F-F04656BE360A}.Debug|Any CPU.Build.0 = Debug|Any CPU
		{8C2CD635-1146-4B9A-BE4F-F04656BE360A}.Release|Any CPU.ActiveCfg = Release|Any CPU
		{8C2CD635-1146-4B9A-BE4F-F04656BE360A}.Release|Any CPU.Build.0 = Release|Any CPU
		{1BC7C578-29E4-4AD9-A492-78CCD4696170}.Debug|Any CPU.ActiveCfg = Debug|Any CPU
		{1BC7C578-29E4-4AD9-A492-78CCD4696170}.Debug|Any CPU.Build.0 = Debug|Any CPU
		{1BC7C578-29E4-4AD9-A492-78CCD4696170}.Release|Any CPU.ActiveCfg = Release|Any CPU
		{1BC7C578-29E4-4AD9-A492-78CCD4696170}.Release|Any CPU.Build.0 = Release|Any CPU
		{882CF31A-9948-4FAC-A361-B34A3815451D}.Debug|Any CPU.ActiveCfg = Debug|Any CPU
		{882CF31A-9948-4FAC-A361-B34A3815451D}.Debug|Any CPU.Build.0 = Debug|Any CPU
		{882CF31A-9948-4FAC-A361-B34A3815451D}.Release|Any CPU.ActiveCfg = Release|Any CPU
		{882CF31A-9948-4FAC-A361-B34A3815451D}.Release|Any CPU.Build.0 = Release|Any CPU
		{1D2754E7-5BC5-4E99-B1CF-FEA43CF9D7D0}.Debug|Any CPU.ActiveCfg = Debug|Any CPU
		{1D2754E7-5BC5-4E99-B1CF-FEA43CF9D7D0}.Debug|Any CPU.Build.0 = Debug|Any CPU
		{1D2754E7-5BC5-4E99-B1CF-FEA43CF9D7D0}.Release|Any CPU.ActiveCfg = Release|Any CPU
		{1D2754E7-5BC5-4E99-B1CF-FEA43CF9D7D0}.Release|Any CPU.Build.0 = Release|Any CPU
		{0663FFB1-AE2E-4635-8AE0-9F2CF8A3AA2C}.Debug|Any CPU.ActiveCfg = Debug|Any CPU
		{0663FFB1-AE2E-4635-8AE0-9F2CF8A3AA2C}.Debug|Any CPU.Build.0 = Debug|Any CPU
		{0663FFB1-AE2E-4635-8AE0-9F2CF8A3AA2C}.Release|Any CPU.ActiveCfg = Release|Any CPU
		{0663FFB1-AE2E-4635-8AE0-9F2CF8A3AA2C}.Release|Any CPU.Build.0 = Release|Any CPU
		{47A4FF3A-1E5C-44F6-ABDF-DF170975B69B}.Debug|Any CPU.ActiveCfg = Debug|Any CPU
		{47A4FF3A-1E5C-44F6-ABDF-DF170975B69B}.Debug|Any CPU.Build.0 = Debug|Any CPU
		{47A4FF3A-1E5C-44F6-ABDF-DF170975B69B}.Release|Any CPU.ActiveCfg = Release|Any CPU
		{47A4FF3A-1E5C-44F6-ABDF-DF170975B69B}.Release|Any CPU.Build.0 = Release|Any CPU
		{B0D4C2F5-D2A2-4DEC-953C-2EEF8AF1F2C2}.Debug|Any CPU.ActiveCfg = Debug|Any CPU
		{B0D4C2F5-D2A2-4DEC-953C-2EEF8AF1F2C2}.Debug|Any CPU.Build.0 = Debug|Any CPU
		{B0D4C2F5-D2A2-4DEC-953C-2EEF8AF1F2C2}.Release|Any CPU.ActiveCfg = Release|Any CPU
		{B0D4C2F5-D2A2-4DEC-953C-2EEF8AF1F2C2}.Release|Any CPU.Build.0 = Release|Any CPU
		{80200A59-4958-43F4-BA29-EF9742ED3E2C}.Debug|Any CPU.ActiveCfg = Debug|Any CPU
		{80200A59-4958-43F4-BA29-EF9742ED3E2C}.Debug|Any CPU.Build.0 = Debug|Any CPU
		{80200A59-4958-43F4-BA29-EF9742ED3E2C}.Release|Any CPU.ActiveCfg = Release|Any CPU
		{80200A59-4958-43F4-BA29-EF9742ED3E2C}.Release|Any CPU.Build.0 = Release|Any CPU
		{3D776EAD-9E8E-4F45-AF74-5AC57FBA775F}.Debug|Any CPU.ActiveCfg = Debug|Any CPU
		{3D776EAD-9E8E-4F45-AF74-5AC57FBA775F}.Debug|Any CPU.Build.0 = Debug|Any CPU
		{3D776EAD-9E8E-4F45-AF74-5AC57FBA775F}.Release|Any CPU.ActiveCfg = Release|Any CPU
		{3D776EAD-9E8E-4F45-AF74-5AC57FBA775F}.Release|Any CPU.Build.0 = Release|Any CPU
		{ECFF3344-1FCC-4BB5-A9C0-7FEAE45A4ADD}.Debug|Any CPU.ActiveCfg = Debug|Any CPU
		{ECFF3344-1FCC-4BB5-A9C0-7FEAE45A4ADD}.Debug|Any CPU.Build.0 = Debug|Any CPU
		{ECFF3344-1FCC-4BB5-A9C0-7FEAE45A4ADD}.Release|Any CPU.ActiveCfg = Release|Any CPU
		{ECFF3344-1FCC-4BB5-A9C0-7FEAE45A4ADD}.Release|Any CPU.Build.0 = Release|Any CPU
		{F34D083B-B980-4CC8-BA24-2E4B345860C5}.Debug|Any CPU.ActiveCfg = Debug|Any CPU
		{F34D083B-B980-4CC8-BA24-2E4B345860C5}.Debug|Any CPU.Build.0 = Debug|Any CPU
		{F34D083B-B980-4CC8-BA24-2E4B345860C5}.Release|Any CPU.ActiveCfg = Release|Any CPU
		{F34D083B-B980-4CC8-BA24-2E4B345860C5}.Release|Any CPU.Build.0 = Release|Any CPU
	EndGlobalSection
	GlobalSection(SolutionProperties) = preSolution
		HideSolutionNode = FALSE
	EndGlobalSection
	GlobalSection(NestedProjects) = preSolution
		{4AFB92D9-E6FC-4782-8CC4-A8B8CE15959B} = {02EA681E-C7D8-13C7-8484-4AC65E1B71E8}
		{8C2CD635-1146-4B9A-BE4F-F04656BE360A} = {02EA681E-C7D8-13C7-8484-4AC65E1B71E8}
		{1BC7C578-29E4-4AD9-A492-78CCD4696170} = {02EA681E-C7D8-13C7-8484-4AC65E1B71E8}
		{882CF31A-9948-4FAC-A361-B34A3815451D} = {02EA681E-C7D8-13C7-8484-4AC65E1B71E8}
		{1D2754E7-5BC5-4E99-B1CF-FEA43CF9D7D0} = {9CCD9F22-C5CD-45F9-8F6F-573D5305D46A}
		{0663FFB1-AE2E-4635-8AE0-9F2CF8A3AA2C} = {9CCD9F22-C5CD-45F9-8F6F-573D5305D46A}
		{47A4FF3A-1E5C-44F6-ABDF-DF170975B69B} = {9CCD9F22-C5CD-45F9-8F6F-573D5305D46A}
		{B0D4C2F5-D2A2-4DEC-953C-2EEF8AF1F2C2} = {9CCD9F22-C5CD-45F9-8F6F-573D5305D46A}
		{80200A59-4958-43F4-BA29-EF9742ED3E2C} = {9CCD9F22-C5CD-45F9-8F6F-573D5305D46A}
		{3D776EAD-9E8E-4F45-AF74-5AC57FBA775F} = {9CCD9F22-C5CD-45F9-8F6F-573D5305D46A}
		{ECFF3344-1FCC-4BB5-A9C0-7FEAE45A4ADD} = {9CCD9F22-C5CD-45F9-8F6F-573D5305D46A}
		{F34D083B-B980-4CC8-BA24-2E4B345860C5} = {9CCD9F22-C5CD-45F9-8F6F-573D5305D46A}
	EndGlobalSection
	GlobalSection(ExtensibilityGlobals) = postSolution
		SolutionGuid = {CD76C430-C2B0-4B86-9623-47BC21E20B0C}
	EndGlobalSection
EndGlobal
