Microsoft Visual Studio Solution File, Format Version 12.00
# Visual Studio Version 17
VisualStudioVersion = 17.13.35931.197
MinimumVisualStudioVersion = 10.0.40219.1
Project("{2150E333-8FDC-42A3-9474-1A3956D46DE8}") = "Lab", "Lab", "{02EA681E-C7D8-13C7-8484-4AC65E1B71E8}"
EndProject
Project("{FAE04EC0-301F-11D3-BF4B-00C04F79EFBC}") = "01. Match full name", "01. Match full name\01. Match full name.csproj", "{07F51C27-1724-4184-946B-9F1409469C37}"
EndProject
Project("{FAE04EC0-301F-11D3-BF4B-00C04F79EFBC}") = "02. Match phone number", "02. Match phone number\02. Match phone number.csproj", "{04018540-AAFA-44AD-B0C7-835C927FE0D9}"
EndProject
Project("{FAE04EC0-301F-11D3-BF4B-00C04F79EFBC}") = "03. Match dates", "03. Match dates\03. Match dates.csproj", "{09F4928A-0A6E-4689-BE90-5C2763787BCA}"
EndProject
Project("{2150E333-8FDC-42A3-9474-1A3956D46DE8}") = "Exercise", "Exercise", "{B35D7DEB-5DE6-43AF-8104-A0A4A464EE8D}"
EndProject
Project("{FAE04EC0-301F-11D3-BF4B-00C04F79EFBC}") = "01. Furniture", "01. Furniture\01. Furniture.csproj", "{154ABF63-1722-46C4-888C-B66B592B7BAE}"
EndProject
Project("{FAE04EC0-301F-11D3-BF4B-00C04F79EFBC}") = "02. Race", "02. Race\02. Race.csproj", "{C68D9A38-F625-4AA4-B14C-DE5BD3455282}"
EndProject
Project("{FAE04EC0-301F-11D3-BF4B-00C04F79EFBC}") = "03. SoftUni bar income", "03. SoftUni bar income\03. SoftUni bar income.csproj", "{AA6A40AC-0EFC-4A24-862A-B37EC0081B5F}"
EndProject
Project("{FAE04EC0-301F-11D3-BF4B-00C04F79EFBC}") = "04. Star enigma (!)", "04. Star enigma (!)\04. Star enigma (!).csproj", "{4ACBAFAA-AAC9-4DA9-BFB9-965FA13441EF}"
EndProject
Project("{FAE04EC0-301F-11D3-BF4B-00C04F79EFBC}") = "05. Nether realms (!)", "05. Nether realms\05. Nether realms (!).csproj", "{1F36269B-EBEE-41FF-A9AE-7A0ACCD44D11}"
EndProject
Project("{FAE04EC0-301F-11D3-BF4B-00C04F79EFBC}") = "06. Extract emails (!)", "06. Extract emails (!)\06. Extract emails (!).csproj", "{C2271D7C-381D-4E5F-9C55-AC4443109722}"
EndProject
Project("{2150E333-8FDC-42A3-9474-1A3956D46DE8}") = "More exercise", "More exercise", "{B9837B58-ED18-433E-A2D2-1550FCDD41D5}"
EndProject
Project("{FAE04EC0-301F-11D3-BF4B-00C04F79EFBC}") = "01. Winning ticket", "01. Winning ticket\01. Winning ticket.csproj", "{3F19611A-BA5D-4527-853E-86D86D9A1CDB}"
EndProject
Project("{FAE04EC0-301F-11D3-BF4B-00C04F79EFBC}") = "02. Rage quit", "02. Rage quit\02. Rage quit.csproj", "{0C13E5EA-5AD6-4914-8DD1-674A8A0BA926}"
EndProject
Project("{FAE04EC0-301F-11D3-BF4B-00C04F79EFBC}") = "03. Post office", "03. Post office\03. Post office.csproj", "{A313FDC1-03B9-4AA2-9BA0-56C6D954B99D}"
EndProject
Project("{FAE04EC0-301F-11D3-BF4B-00C04F79EFBC}") = "04. Santa's secret helper", "04. Santa's secret helper\04. Santa's secret helper.csproj", "{37415E21-AEE0-4C7C-AF89-1C9E826210BE}"
EndProject
Global
	GlobalSection(SolutionConfigurationPlatforms) = preSolution
		Debug|Any CPU = Debug|Any CPU
		Release|Any CPU = Release|Any CPU
	EndGlobalSection
	GlobalSection(ProjectConfigurationPlatforms) = postSolution
		{07F51C27-1724-4184-946B-9F1409469C37}.Debug|Any CPU.ActiveCfg = Debug|Any CPU
		{07F51C27-1724-4184-946B-9F1409469C37}.Debug|Any CPU.Build.0 = Debug|Any CPU
		{07F51C27-1724-4184-946B-9F1409469C37}.Release|Any CPU.ActiveCfg = Release|Any CPU
		{07F51C27-1724-4184-946B-9F1409469C37}.Release|Any CPU.Build.0 = Release|Any CPU
		{04018540-AAFA-44AD-B0C7-835C927FE0D9}.Debug|Any CPU.ActiveCfg = Debug|Any CPU
		{04018540-AAFA-44AD-B0C7-835C927FE0D9}.Debug|Any CPU.Build.0 = Debug|Any CPU
		{04018540-AAFA-44AD-B0C7-835C927FE0D9}.Release|Any CPU.ActiveCfg = Release|Any CPU
		{04018540-AAFA-44AD-B0C7-835C927FE0D9}.Release|Any CPU.Build.0 = Release|Any CPU
		{09F4928A-0A6E-4689-BE90-5C2763787BCA}.Debug|Any CPU.ActiveCfg = Debug|Any CPU
		{09F4928A-0A6E-4689-BE90-5C2763787BCA}.Debug|Any CPU.Build.0 = Debug|Any CPU
		{09F4928A-0A6E-4689-BE90-5C2763787BCA}.Release|Any CPU.ActiveCfg = Release|Any CPU
		{09F4928A-0A6E-4689-BE90-5C2763787BCA}.Release|Any CPU.Build.0 = Release|Any CPU
		{154ABF63-1722-46C4-888C-B66B592B7BAE}.Debug|Any CPU.ActiveCfg = Debug|Any CPU
		{154ABF63-1722-46C4-888C-B66B592B7BAE}.Debug|Any CPU.Build.0 = Debug|Any CPU
		{154ABF63-1722-46C4-888C-B66B592B7BAE}.Release|Any CPU.ActiveCfg = Release|Any CPU
		{154ABF63-1722-46C4-888C-B66B592B7BAE}.Release|Any CPU.Build.0 = Release|Any CPU
		{C68D9A38-F625-4AA4-B14C-DE5BD3455282}.Debug|Any CPU.ActiveCfg = Debug|Any CPU
		{C68D9A38-F625-4AA4-B14C-DE5BD3455282}.Debug|Any CPU.Build.0 = Debug|Any CPU
		{C68D9A38-F625-4AA4-B14C-DE5BD3455282}.Release|Any CPU.ActiveCfg = Release|Any CPU
		{C68D9A38-F625-4AA4-B14C-DE5BD3455282}.Release|Any CPU.Build.0 = Release|Any CPU
		{AA6A40AC-0EFC-4A24-862A-B37EC0081B5F}.Debug|Any CPU.ActiveCfg = Debug|Any CPU
		{AA6A40AC-0EFC-4A24-862A-B37EC0081B5F}.Debug|Any CPU.Build.0 = Debug|Any CPU
		{AA6A40AC-0EFC-4A24-862A-B37EC0081B5F}.Release|Any CPU.ActiveCfg = Release|Any CPU
		{AA6A40AC-0EFC-4A24-862A-B37EC0081B5F}.Release|Any CPU.Build.0 = Release|Any CPU
		{4ACBAFAA-AAC9-4DA9-BFB9-965FA13441EF}.Debug|Any CPU.ActiveCfg = Debug|Any CPU
		{4ACBAFAA-AAC9-4DA9-BFB9-965FA13441EF}.Debug|Any CPU.Build.0 = Debug|Any CPU
		{4ACBAFAA-AAC9-4DA9-BFB9-965FA13441EF}.Release|Any CPU.ActiveCfg = Release|Any CPU
		{4ACBAFAA-AAC9-4DA9-BFB9-965FA13441EF}.Release|Any CPU.Build.0 = Release|Any CPU
		{1F36269B-EBEE-41FF-A9AE-7A0ACCD44D11}.Debug|Any CPU.ActiveCfg = Debug|Any CPU
		{1F36269B-EBEE-41FF-A9AE-7A0ACCD44D11}.Debug|Any CPU.Build.0 = Debug|Any CPU
		{1F36269B-EBEE-41FF-A9AE-7A0ACCD44D11}.Release|Any CPU.ActiveCfg = Release|Any CPU
		{1F36269B-EBEE-41FF-A9AE-7A0ACCD44D11}.Release|Any CPU.Build.0 = Release|Any CPU
		{C2271D7C-381D-4E5F-9C55-AC4443109722}.Debug|Any CPU.ActiveCfg = Debug|Any CPU
		{C2271D7C-381D-4E5F-9C55-AC4443109722}.Debug|Any CPU.Build.0 = Debug|Any CPU
		{C2271D7C-381D-4E5F-9C55-AC4443109722}.Release|Any CPU.ActiveCfg = Release|Any CPU
		{C2271D7C-381D-4E5F-9C55-AC4443109722}.Release|Any CPU.Build.0 = Release|Any CPU
		{3F19611A-BA5D-4527-853E-86D86D9A1CDB}.Debug|Any CPU.ActiveCfg = Debug|Any CPU
		{3F19611A-BA5D-4527-853E-86D86D9A1CDB}.Debug|Any CPU.Build.0 = Debug|Any CPU
		{3F19611A-BA5D-4527-853E-86D86D9A1CDB}.Release|Any CPU.ActiveCfg = Release|Any CPU
		{3F19611A-BA5D-4527-853E-86D86D9A1CDB}.Release|Any CPU.Build.0 = Release|Any CPU
		{0C13E5EA-5AD6-4914-8DD1-674A8A0BA926}.Debug|Any CPU.ActiveCfg = Debug|Any CPU
		{0C13E5EA-5AD6-4914-8DD1-674A8A0BA926}.Debug|Any CPU.Build.0 = Debug|Any CPU
		{0C13E5EA-5AD6-4914-8DD1-674A8A0BA926}.Release|Any CPU.ActiveCfg = Release|Any CPU
		{0C13E5EA-5AD6-4914-8DD1-674A8A0BA926}.Release|Any CPU.Build.0 = Release|Any CPU
		{A313FDC1-03B9-4AA2-9BA0-56C6D954B99D}.Debug|Any CPU.ActiveCfg = Debug|Any CPU
		{A313FDC1-03B9-4AA2-9BA0-56C6D954B99D}.Debug|Any CPU.Build.0 = Debug|Any CPU
		{A313FDC1-03B9-4AA2-9BA0-56C6D954B99D}.Release|Any CPU.ActiveCfg = Release|Any CPU
		{A313FDC1-03B9-4AA2-9BA0-56C6D954B99D}.Release|Any CPU.Build.0 = Release|Any CPU
		{37415E21-AEE0-4C7C-AF89-1C9E826210BE}.Debug|Any CPU.ActiveCfg = Debug|Any CPU
		{37415E21-AEE0-4C7C-AF89-1C9E826210BE}.Debug|Any CPU.Build.0 = Debug|Any CPU
		{37415E21-AEE0-4C7C-AF89-1C9E826210BE}.Release|Any CPU.ActiveCfg = Release|Any CPU
		{37415E21-AEE0-4C7C-AF89-1C9E826210BE}.Release|Any CPU.Build.0 = Release|Any CPU
	EndGlobalSection
	GlobalSection(SolutionProperties) = preSolution
		HideSolutionNode = FALSE
	EndGlobalSection
	GlobalSection(NestedProjects) = preSolution
		{07F51C27-1724-4184-946B-9F1409469C37} = {02EA681E-C7D8-13C7-8484-4AC65E1B71E8}
		{04018540-AAFA-44AD-B0C7-835C927FE0D9} = {02EA681E-C7D8-13C7-8484-4AC65E1B71E8}
		{09F4928A-0A6E-4689-BE90-5C2763787BCA} = {02EA681E-C7D8-13C7-8484-4AC65E1B71E8}
		{154ABF63-1722-46C4-888C-B66B592B7BAE} = {B35D7DEB-5DE6-43AF-8104-A0A4A464EE8D}
		{C68D9A38-F625-4AA4-B14C-DE5BD3455282} = {B35D7DEB-5DE6-43AF-8104-A0A4A464EE8D}
		{AA6A40AC-0EFC-4A24-862A-B37EC0081B5F} = {B35D7DEB-5DE6-43AF-8104-A0A4A464EE8D}
		{4ACBAFAA-AAC9-4DA9-BFB9-965FA13441EF} = {B35D7DEB-5DE6-43AF-8104-A0A4A464EE8D}
		{1F36269B-EBEE-41FF-A9AE-7A0ACCD44D11} = {B35D7DEB-5DE6-43AF-8104-A0A4A464EE8D}
		{C2271D7C-381D-4E5F-9C55-AC4443109722} = {B35D7DEB-5DE6-43AF-8104-A0A4A464EE8D}
		{3F19611A-BA5D-4527-853E-86D86D9A1CDB} = {B9837B58-ED18-433E-A2D2-1550FCDD41D5}
		{0C13E5EA-5AD6-4914-8DD1-674A8A0BA926} = {B9837B58-ED18-433E-A2D2-1550FCDD41D5}
		{A313FDC1-03B9-4AA2-9BA0-56C6D954B99D} = {B9837B58-ED18-433E-A2D2-1550FCDD41D5}
		{37415E21-AEE0-4C7C-AF89-1C9E826210BE} = {B9837B58-ED18-433E-A2D2-1550FCDD41D5}
	EndGlobalSection
	GlobalSection(ExtensibilityGlobals) = postSolution
		SolutionGuid = {1637AFB7-0C65-4BFC-8A51-2C6ED1444F69}
	EndGlobalSection
EndGlobal
