
Microsoft Visual Studio Solution File, Format Version 12.00
# Visual Studio Version 17
VisualStudioVersion = 17.14.36221.1 d17.14
MinimumVisualStudioVersion = 10.0.40219.1
Project("{2150E333-8FDC-42A3-9474-1A3956D46DE8}") = "Lab", "Lab", "{02EA681E-C7D8-13C7-8484-4AC65E1B71E8}" # Lab
EndProject
Project("{FAE04EC0-301F-11D3-BF4B-00C04F79EFBC}") = "01. Persons", "Persons\01. Persons.csproj", "{9A12AC8C-120B-429A-8B69-8D46779B9AD2}"
EndProject
Project("{FAE04EC0-301F-11D3-BF4B-00C04F79EFBC}") = "02. Salary", "Salary\02. Salary.csproj", "{8DE70AB8-F5AA-4C24-BC09-F4C7566DA3C6}"
EndProject
Project("{FAE04EC0-301F-11D3-BF4B-00C04F79EFBC}") = "03. Validation", "Validation\03. Validation.csproj", "{49CD7D4E-B61F-4F9A-985F-41CBA1A9E1CB}"
EndProject
Project("{FAE04EC0-301F-11D3-BF4B-00C04F79EFBC}") = "04. Team", "Team\04. Team.csproj", "{32A0D3CA-3393-4ECD-9DDF-F6163884C279}"
EndProject
Project("{2150E333-8FDC-42A3-9474-1A3956D46DE8}") = "Exercise", "Exercise", "{53C2AFE8-76D8-4F06-87DC-3D4278D847CD}" # Exercise
EndProject
Project("{FAE04EC0-301F-11D3-BF4B-00C04F79EFBC}") = "01. Class box data", "ClassBoxData\01. Class box data.csproj", "{3045AC26-4C0B-4D64-A372-CF2715E827C7}"
EndProject
Project("{FAE04EC0-301F-11D3-BF4B-00C04F79EFBC}") = "02. Animal farm", "02. Animal farm\02. Animal farm.csproj", "{08D55C1C-317F-46BB-8DED-007CA5170A85}"
EndProject
Project("{FAE04EC0-301F-11D3-BF4B-00C04F79EFBC}") = "03. Shopping spree", "ShoppingSpree\03. Shopping spree.csproj", "{C1A24517-DE80-42E1-B412-8D79F51424F8}"
EndProject
Project("{FAE04EC0-301F-11D3-BF4B-00C04F79EFBC}") = "04. Pizza calories", "PizzaCalories\04. Pizza calories.csproj", "{44A41244-30DF-4C98-98E6-BB84F88EDF07}"
EndProject
Project("{FAE04EC0-301F-11D3-BF4B-00C04F79EFBC}") = "05. Football team generator (!)", "FootballTeamGenerator\05. Football team generator (!).csproj", "{D81E599B-3AF2-4368-9749-1B5E47DCB61A}"
EndProject
Global
	GlobalSection(SolutionConfigurationPlatforms) = preSolution
		Debug|Any CPU = Debug|Any CPU
		Release|Any CPU = Release|Any CPU
	EndGlobalSection
	GlobalSection(ProjectConfigurationPlatforms) = postSolution
		{9A12AC8C-120B-429A-8B69-8D46779B9AD2}.Debug|Any CPU.ActiveCfg = Debug|Any CPU
		{9A12AC8C-120B-429A-8B69-8D46779B9AD2}.Debug|Any CPU.Build.0 = Debug|Any CPU
		{9A12AC8C-120B-429A-8B69-8D46779B9AD2}.Release|Any CPU.ActiveCfg = Release|Any CPU
		{9A12AC8C-120B-429A-8B69-8D46779B9AD2}.Release|Any CPU.Build.0 = Release|Any CPU
		{8DE70AB8-F5AA-4C24-BC09-F4C7566DA3C6}.Debug|Any CPU.ActiveCfg = Debug|Any CPU
		{8DE70AB8-F5AA-4C24-BC09-F4C7566DA3C6}.Debug|Any CPU.Build.0 = Debug|Any CPU
		{8DE70AB8-F5AA-4C24-BC09-F4C7566DA3C6}.Release|Any CPU.ActiveCfg = Release|Any CPU
		{8DE70AB8-F5AA-4C24-BC09-F4C7566DA3C6}.Release|Any CPU.Build.0 = Release|Any CPU
		{49CD7D4E-B61F-4F9A-985F-41CBA1A9E1CB}.Debug|Any CPU.ActiveCfg = Debug|Any CPU
		{49CD7D4E-B61F-4F9A-985F-41CBA1A9E1CB}.Debug|Any CPU.Build.0 = Debug|Any CPU
		{49CD7D4E-B61F-4F9A-985F-41CBA1A9E1CB}.Release|Any CPU.ActiveCfg = Release|Any CPU
		{49CD7D4E-B61F-4F9A-985F-41CBA1A9E1CB}.Release|Any CPU.Build.0 = Release|Any CPU
		{32A0D3CA-3393-4ECD-9DDF-F6163884C279}.Debug|Any CPU.ActiveCfg = Debug|Any CPU
		{32A0D3CA-3393-4ECD-9DDF-F6163884C279}.Debug|Any CPU.Build.0 = Debug|Any CPU
		{32A0D3CA-3393-4ECD-9DDF-F6163884C279}.Release|Any CPU.ActiveCfg = Release|Any CPU
		{32A0D3CA-3393-4ECD-9DDF-F6163884C279}.Release|Any CPU.Build.0 = Release|Any CPU
		{3045AC26-4C0B-4D64-A372-CF2715E827C7}.Debug|Any CPU.ActiveCfg = Debug|Any CPU
		{3045AC26-4C0B-4D64-A372-CF2715E827C7}.Debug|Any CPU.Build.0 = Debug|Any CPU
		{3045AC26-4C0B-4D64-A372-CF2715E827C7}.Release|Any CPU.ActiveCfg = Release|Any CPU
		{3045AC26-4C0B-4D64-A372-CF2715E827C7}.Release|Any CPU.Build.0 = Release|Any CPU
		{08D55C1C-317F-46BB-8DED-007CA5170A85}.Debug|Any CPU.ActiveCfg = Debug|Any CPU
		{08D55C1C-317F-46BB-8DED-007CA5170A85}.Debug|Any CPU.Build.0 = Debug|Any CPU
		{08D55C1C-317F-46BB-8DED-007CA5170A85}.Release|Any CPU.ActiveCfg = Release|Any CPU
		{08D55C1C-317F-46BB-8DED-007CA5170A85}.Release|Any CPU.Build.0 = Release|Any CPU
		{C1A24517-DE80-42E1-B412-8D79F51424F8}.Debug|Any CPU.ActiveCfg = Debug|Any CPU
		{C1A24517-DE80-42E1-B412-8D79F51424F8}.Debug|Any CPU.Build.0 = Debug|Any CPU
		{C1A24517-DE80-42E1-B412-8D79F51424F8}.Release|Any CPU.ActiveCfg = Release|Any CPU
		{C1A24517-DE80-42E1-B412-8D79F51424F8}.Release|Any CPU.Build.0 = Release|Any CPU
		{44A41244-30DF-4C98-98E6-BB84F88EDF07}.Debug|Any CPU.ActiveCfg = Debug|Any CPU
		{44A41244-30DF-4C98-98E6-BB84F88EDF07}.Debug|Any CPU.Build.0 = Debug|Any CPU
		{44A41244-30DF-4C98-98E6-BB84F88EDF07}.Release|Any CPU.ActiveCfg = Release|Any CPU
		{44A41244-30DF-4C98-98E6-BB84F88EDF07}.Release|Any CPU.Build.0 = Release|Any CPU
		{D81E599B-3AF2-4368-9749-1B5E47DCB61A}.Debug|Any CPU.ActiveCfg = Debug|Any CPU
		{D81E599B-3AF2-4368-9749-1B5E47DCB61A}.Debug|Any CPU.Build.0 = Debug|Any CPU
		{D81E599B-3AF2-4368-9749-1B5E47DCB61A}.Release|Any CPU.ActiveCfg = Release|Any CPU
		{D81E599B-3AF2-4368-9749-1B5E47DCB61A}.Release|Any CPU.Build.0 = Release|Any CPU
	EndGlobalSection
	GlobalSection(SolutionProperties) = preSolution
		HideSolutionNode = FALSE
	EndGlobalSection
	GlobalSection(NestedProjects) = preSolution
		{9A12AC8C-120B-429A-8B69-8D46779B9AD2} = {02EA681E-C7D8-13C7-8484-4AC65E1B71E8}
		{8DE70AB8-F5AA-4C24-BC09-F4C7566DA3C6} = {02EA681E-C7D8-13C7-8484-4AC65E1B71E8}
		{49CD7D4E-B61F-4F9A-985F-41CBA1A9E1CB} = {02EA681E-C7D8-13C7-8484-4AC65E1B71E8}
		{32A0D3CA-3393-4ECD-9DDF-F6163884C279} = {02EA681E-C7D8-13C7-8484-4AC65E1B71E8}
		{3045AC26-4C0B-4D64-A372-CF2715E827C7} = {53C2AFE8-76D8-4F06-87DC-3D4278D847CD}
		{08D55C1C-317F-46BB-8DED-007CA5170A85} = {53C2AFE8-76D8-4F06-87DC-3D4278D847CD}
		{C1A24517-DE80-42E1-B412-8D79F51424F8} = {53C2AFE8-76D8-4F06-87DC-3D4278D847CD}
		{44A41244-30DF-4C98-98E6-BB84F88EDF07} = {53C2AFE8-76D8-4F06-87DC-3D4278D847CD}
		{D81E599B-3AF2-4368-9749-1B5E47DCB61A} = {53C2AFE8-76D8-4F06-87DC-3D4278D847CD}
	EndGlobalSection
	GlobalSection(ExtensibilityGlobals) = postSolution
		SolutionGuid = {64A1209C-FA7C-4D21-8B0F-27CC14716443}
	EndGlobalSection
EndGlobal
