
Microsoft Visual Studio Solution File, Format Version 12.00
# Visual Studio Version 17
VisualStudioVersion = 17.12.35728.132 d17.12
MinimumVisualStudioVersion = 10.0.40219.1
Project("{2150E333-8FDC-42A3-9474-1A3956D46DE8}") = "Lab", "Lab", "{706CE94B-5A23-4640-A6FA-F1E0BA5882B2}" # Lab
EndProject
Project("{FAE04EC0-301F-11D3-BF4B-00C04F79EFBC}") = "01. Day of week", "01. Day of week\01. Day of week.csproj", "{9A2F973C-DF62-4D3F-A10E-07933FD69604}"
EndProject
Project("{FAE04EC0-301F-11D3-BF4B-00C04F79EFBC}") = "02. Weekend or working day", "02. Weekend or working day\02. Weekend or working day.csproj", "{943816A2-DABE-4F6D-A2E9-08AEBAA871AF}"
EndProject
Project("{FAE04EC0-301F-11D3-BF4B-00C04F79EFBC}") = "03. Animal type", "03. Animal type\03. Animal type.csproj", "{568C967A-665C-4DC9-85FD-FD5F9312D813}"
EndProject
Project("{FAE04EC0-301F-11D3-BF4B-00C04F79EFBC}") = "04. Personal titles", "04. Personal titles\04. Personal titles.csproj", "{9F1B0324-B6ED-4B8B-9AD9-DB3868455E4B}"
EndProject
Project("{FAE04EC0-301F-11D3-BF4B-00C04F79EFBC}") = "05. Small shop", "05. Small shop\05. Small shop.csproj", "{82372318-ECAF-4702-A15D-E67749CE4022}"
EndProject
Project("{FAE04EC0-301F-11D3-BF4B-00C04F79EFBC}") = "06. Number in range", "06. Number in range\06. Number in range.csproj", "{6B608522-7DF0-4085-80DD-5739CA12061A}"
EndProject
Project("{FAE04EC0-301F-11D3-BF4B-00C04F79EFBC}") = "07. Working hours", "07. Working hours\07. Working hours.csproj", "{51251657-8383-47EC-BF4D-973E16CFD0D8}"
EndProject
Project("{FAE04EC0-301F-11D3-BF4B-00C04F79EFBC}") = "08. Cinema ticket", "08. Cinema ticket\08. Cinema ticket.csproj", "{F845CE30-6977-44A0-94AB-BA0F74BE7396}"
EndProject
Project("{FAE04EC0-301F-11D3-BF4B-00C04F79EFBC}") = "09. Fruit or vegetable", "09. Fruit or vegetable\09. Fruit or vegetable.csproj", "{94EA4016-A809-4FDA-A170-CC6C7898A103}"
EndProject
Project("{FAE04EC0-301F-11D3-BF4B-00C04F79EFBC}") = "10. Invalid number", "10. Invalid number\10. Invalid number.csproj", "{3FFAC207-9834-4A67-9A82-77379FC5DEE2}"
EndProject
Project("{FAE04EC0-301F-11D3-BF4B-00C04F79EFBC}") = "11. Fruit shop", "11. Fruit shop\11. Fruit shop.csproj", "{4B82E5FF-BDB4-46E8-B943-C825FF076C7A}"
EndProject
Project("{FAE04EC0-301F-11D3-BF4B-00C04F79EFBC}") = "12. Trade comissions", "12. Trade comissions\12. Trade comissions.csproj", "{EC50C94C-937A-467B-B789-B233FB100550}"
EndProject
Project("{2150E333-8FDC-42A3-9474-1A3956D46DE8}") = "Exercise", "Exercise", "{555F75C4-FD9A-4307-90B0-77EF7D5D396E}" # Exercise
EndProject
Project("{FAE04EC0-301F-11D3-BF4B-00C04F79EFBC}") = "01. Cinema", "01. Cinema\01. Cinema.csproj", "{0DA0F948-1088-4574-BCA6-EFEC13B4E2CB}"
EndProject
Project("{FAE04EC0-301F-11D3-BF4B-00C04F79EFBC}") = "02. Summer outfit", "02. Summer outfit\02. Summer outfit.csproj", "{6EDAC138-CAFC-478C-A658-8912C48C45C6}"
EndProject
Project("{FAE04EC0-301F-11D3-BF4B-00C04F79EFBC}") = "03. New house", "03. New house\03. New house.csproj", "{29E3103B-42A6-4CF6-93D0-9E991EA536B9}"
EndProject
Project("{FAE04EC0-301F-11D3-BF4B-00C04F79EFBC}") = "04. Fishing boat", "04. Fishing boat\04. Fishing boat.csproj", "{466D8A06-0DE3-4F8D-B122-D95E951E780E}"
EndProject
Project("{FAE04EC0-301F-11D3-BF4B-00C04F79EFBC}") = "05. Journey", "05. Journey\05. Journey.csproj", "{4136D391-ECFD-4687-97DB-E3A1D0522EF5}"
EndProject
Project("{FAE04EC0-301F-11D3-BF4B-00C04F79EFBC}") = "06. Operations between numbers", "06. Operations between numbers\06. Operations between numbers.csproj", "{86058944-246C-4E79-B058-888EC33421C6}"
EndProject
Project("{FAE04EC0-301F-11D3-BF4B-00C04F79EFBC}") = "07. Hotel room", "07. Hotel room\07. Hotel room.csproj", "{77ABFCBE-AC34-492B-A489-29CE5EAB6EC3}"
EndProject
Project("{FAE04EC0-301F-11D3-BF4B-00C04F79EFBC}") = "08. On the time for the exam", "08. On the time for the exam\08. On the time for the exam.csproj", "{6DC143C4-A1CE-470D-8EE3-71F1C8934DF2}"
EndProject
Project("{FAE04EC0-301F-11D3-BF4B-00C04F79EFBC}") = "09. Ski trip", "09. Ski trip\09. Ski trip.csproj", "{8518A5E6-B235-4F5F-BA4E-ADD735772A6E}"
EndProject
Global
	GlobalSection(SolutionConfigurationPlatforms) = preSolution
		Debug|Any CPU = Debug|Any CPU
		Release|Any CPU = Release|Any CPU
	EndGlobalSection
	GlobalSection(ProjectConfigurationPlatforms) = postSolution
		{9A2F973C-DF62-4D3F-A10E-07933FD69604}.Debug|Any CPU.ActiveCfg = Debug|Any CPU
		{9A2F973C-DF62-4D3F-A10E-07933FD69604}.Debug|Any CPU.Build.0 = Debug|Any CPU
		{9A2F973C-DF62-4D3F-A10E-07933FD69604}.Release|Any CPU.ActiveCfg = Release|Any CPU
		{9A2F973C-DF62-4D3F-A10E-07933FD69604}.Release|Any CPU.Build.0 = Release|Any CPU
		{943816A2-DABE-4F6D-A2E9-08AEBAA871AF}.Debug|Any CPU.ActiveCfg = Debug|Any CPU
		{943816A2-DABE-4F6D-A2E9-08AEBAA871AF}.Debug|Any CPU.Build.0 = Debug|Any CPU
		{943816A2-DABE-4F6D-A2E9-08AEBAA871AF}.Release|Any CPU.ActiveCfg = Release|Any CPU
		{943816A2-DABE-4F6D-A2E9-08AEBAA871AF}.Release|Any CPU.Build.0 = Release|Any CPU
		{568C967A-665C-4DC9-85FD-FD5F9312D813}.Debug|Any CPU.ActiveCfg = Debug|Any CPU
		{568C967A-665C-4DC9-85FD-FD5F9312D813}.Debug|Any CPU.Build.0 = Debug|Any CPU
		{568C967A-665C-4DC9-85FD-FD5F9312D813}.Release|Any CPU.ActiveCfg = Release|Any CPU
		{568C967A-665C-4DC9-85FD-FD5F9312D813}.Release|Any CPU.Build.0 = Release|Any CPU
		{9F1B0324-B6ED-4B8B-9AD9-DB3868455E4B}.Debug|Any CPU.ActiveCfg = Debug|Any CPU
		{9F1B0324-B6ED-4B8B-9AD9-DB3868455E4B}.Debug|Any CPU.Build.0 = Debug|Any CPU
		{9F1B0324-B6ED-4B8B-9AD9-DB3868455E4B}.Release|Any CPU.ActiveCfg = Release|Any CPU
		{9F1B0324-B6ED-4B8B-9AD9-DB3868455E4B}.Release|Any CPU.Build.0 = Release|Any CPU
		{82372318-ECAF-4702-A15D-E67749CE4022}.Debug|Any CPU.ActiveCfg = Debug|Any CPU
		{82372318-ECAF-4702-A15D-E67749CE4022}.Debug|Any CPU.Build.0 = Debug|Any CPU
		{82372318-ECAF-4702-A15D-E67749CE4022}.Release|Any CPU.ActiveCfg = Release|Any CPU
		{82372318-ECAF-4702-A15D-E67749CE4022}.Release|Any CPU.Build.0 = Release|Any CPU
		{6B608522-7DF0-4085-80DD-5739CA12061A}.Debug|Any CPU.ActiveCfg = Debug|Any CPU
		{6B608522-7DF0-4085-80DD-5739CA12061A}.Debug|Any CPU.Build.0 = Debug|Any CPU
		{6B608522-7DF0-4085-80DD-5739CA12061A}.Release|Any CPU.ActiveCfg = Release|Any CPU
		{6B608522-7DF0-4085-80DD-5739CA12061A}.Release|Any CPU.Build.0 = Release|Any CPU
		{51251657-8383-47EC-BF4D-973E16CFD0D8}.Debug|Any CPU.ActiveCfg = Debug|Any CPU
		{51251657-8383-47EC-BF4D-973E16CFD0D8}.Debug|Any CPU.Build.0 = Debug|Any CPU
		{51251657-8383-47EC-BF4D-973E16CFD0D8}.Release|Any CPU.ActiveCfg = Release|Any CPU
		{51251657-8383-47EC-BF4D-973E16CFD0D8}.Release|Any CPU.Build.0 = Release|Any CPU
		{F845CE30-6977-44A0-94AB-BA0F74BE7396}.Debug|Any CPU.ActiveCfg = Debug|Any CPU
		{F845CE30-6977-44A0-94AB-BA0F74BE7396}.Debug|Any CPU.Build.0 = Debug|Any CPU
		{F845CE30-6977-44A0-94AB-BA0F74BE7396}.Release|Any CPU.ActiveCfg = Release|Any CPU
		{F845CE30-6977-44A0-94AB-BA0F74BE7396}.Release|Any CPU.Build.0 = Release|Any CPU
		{94EA4016-A809-4FDA-A170-CC6C7898A103}.Debug|Any CPU.ActiveCfg = Debug|Any CPU
		{94EA4016-A809-4FDA-A170-CC6C7898A103}.Debug|Any CPU.Build.0 = Debug|Any CPU
		{94EA4016-A809-4FDA-A170-CC6C7898A103}.Release|Any CPU.ActiveCfg = Release|Any CPU
		{94EA4016-A809-4FDA-A170-CC6C7898A103}.Release|Any CPU.Build.0 = Release|Any CPU
		{3FFAC207-9834-4A67-9A82-77379FC5DEE2}.Debug|Any CPU.ActiveCfg = Debug|Any CPU
		{3FFAC207-9834-4A67-9A82-77379FC5DEE2}.Debug|Any CPU.Build.0 = Debug|Any CPU
		{3FFAC207-9834-4A67-9A82-77379FC5DEE2}.Release|Any CPU.ActiveCfg = Release|Any CPU
		{3FFAC207-9834-4A67-9A82-77379FC5DEE2}.Release|Any CPU.Build.0 = Release|Any CPU
		{4B82E5FF-BDB4-46E8-B943-C825FF076C7A}.Debug|Any CPU.ActiveCfg = Debug|Any CPU
		{4B82E5FF-BDB4-46E8-B943-C825FF076C7A}.Debug|Any CPU.Build.0 = Debug|Any CPU
		{4B82E5FF-BDB4-46E8-B943-C825FF076C7A}.Release|Any CPU.ActiveCfg = Release|Any CPU
		{4B82E5FF-BDB4-46E8-B943-C825FF076C7A}.Release|Any CPU.Build.0 = Release|Any CPU
		{EC50C94C-937A-467B-B789-B233FB100550}.Debug|Any CPU.ActiveCfg = Debug|Any CPU
		{EC50C94C-937A-467B-B789-B233FB100550}.Debug|Any CPU.Build.0 = Debug|Any CPU
		{EC50C94C-937A-467B-B789-B233FB100550}.Release|Any CPU.ActiveCfg = Release|Any CPU
		{EC50C94C-937A-467B-B789-B233FB100550}.Release|Any CPU.Build.0 = Release|Any CPU
		{0DA0F948-1088-4574-BCA6-EFEC13B4E2CB}.Debug|Any CPU.ActiveCfg = Debug|Any CPU
		{0DA0F948-1088-4574-BCA6-EFEC13B4E2CB}.Debug|Any CPU.Build.0 = Debug|Any CPU
		{0DA0F948-1088-4574-BCA6-EFEC13B4E2CB}.Release|Any CPU.ActiveCfg = Release|Any CPU
		{0DA0F948-1088-4574-BCA6-EFEC13B4E2CB}.Release|Any CPU.Build.0 = Release|Any CPU
		{6EDAC138-CAFC-478C-A658-8912C48C45C6}.Debug|Any CPU.ActiveCfg = Debug|Any CPU
		{6EDAC138-CAFC-478C-A658-8912C48C45C6}.Debug|Any CPU.Build.0 = Debug|Any CPU
		{6EDAC138-CAFC-478C-A658-8912C48C45C6}.Release|Any CPU.ActiveCfg = Release|Any CPU
		{6EDAC138-CAFC-478C-A658-8912C48C45C6}.Release|Any CPU.Build.0 = Release|Any CPU
		{29E3103B-42A6-4CF6-93D0-9E991EA536B9}.Debug|Any CPU.ActiveCfg = Debug|Any CPU
		{29E3103B-42A6-4CF6-93D0-9E991EA536B9}.Debug|Any CPU.Build.0 = Debug|Any CPU
		{29E3103B-42A6-4CF6-93D0-9E991EA536B9}.Release|Any CPU.ActiveCfg = Release|Any CPU
		{29E3103B-42A6-4CF6-93D0-9E991EA536B9}.Release|Any CPU.Build.0 = Release|Any CPU
		{466D8A06-0DE3-4F8D-B122-D95E951E780E}.Debug|Any CPU.ActiveCfg = Debug|Any CPU
		{466D8A06-0DE3-4F8D-B122-D95E951E780E}.Debug|Any CPU.Build.0 = Debug|Any CPU
		{466D8A06-0DE3-4F8D-B122-D95E951E780E}.Release|Any CPU.ActiveCfg = Release|Any CPU
		{466D8A06-0DE3-4F8D-B122-D95E951E780E}.Release|Any CPU.Build.0 = Release|Any CPU
		{4136D391-ECFD-4687-97DB-E3A1D0522EF5}.Debug|Any CPU.ActiveCfg = Debug|Any CPU
		{4136D391-ECFD-4687-97DB-E3A1D0522EF5}.Debug|Any CPU.Build.0 = Debug|Any CPU
		{4136D391-ECFD-4687-97DB-E3A1D0522EF5}.Release|Any CPU.ActiveCfg = Release|Any CPU
		{4136D391-ECFD-4687-97DB-E3A1D0522EF5}.Release|Any CPU.Build.0 = Release|Any CPU
		{86058944-246C-4E79-B058-888EC33421C6}.Debug|Any CPU.ActiveCfg = Debug|Any CPU
		{86058944-246C-4E79-B058-888EC33421C6}.Debug|Any CPU.Build.0 = Debug|Any CPU
		{86058944-246C-4E79-B058-888EC33421C6}.Release|Any CPU.ActiveCfg = Release|Any CPU
		{86058944-246C-4E79-B058-888EC33421C6}.Release|Any CPU.Build.0 = Release|Any CPU
		{77ABFCBE-AC34-492B-A489-29CE5EAB6EC3}.Debug|Any CPU.ActiveCfg = Debug|Any CPU
		{77ABFCBE-AC34-492B-A489-29CE5EAB6EC3}.Debug|Any CPU.Build.0 = Debug|Any CPU
		{77ABFCBE-AC34-492B-A489-29CE5EAB6EC3}.Release|Any CPU.ActiveCfg = Release|Any CPU
		{77ABFCBE-AC34-492B-A489-29CE5EAB6EC3}.Release|Any CPU.Build.0 = Release|Any CPU
		{6DC143C4-A1CE-470D-8EE3-71F1C8934DF2}.Debug|Any CPU.ActiveCfg = Debug|Any CPU
		{6DC143C4-A1CE-470D-8EE3-71F1C8934DF2}.Debug|Any CPU.Build.0 = Debug|Any CPU
		{6DC143C4-A1CE-470D-8EE3-71F1C8934DF2}.Release|Any CPU.ActiveCfg = Release|Any CPU
		{6DC143C4-A1CE-470D-8EE3-71F1C8934DF2}.Release|Any CPU.Build.0 = Release|Any CPU
		{8518A5E6-B235-4F5F-BA4E-ADD735772A6E}.Debug|Any CPU.ActiveCfg = Debug|Any CPU
		{8518A5E6-B235-4F5F-BA4E-ADD735772A6E}.Debug|Any CPU.Build.0 = Debug|Any CPU
		{8518A5E6-B235-4F5F-BA4E-ADD735772A6E}.Release|Any CPU.ActiveCfg = Release|Any CPU
		{8518A5E6-B235-4F5F-BA4E-ADD735772A6E}.Release|Any CPU.Build.0 = Release|Any CPU
	EndGlobalSection
	GlobalSection(SolutionProperties) = preSolution
		HideSolutionNode = FALSE
	EndGlobalSection
	GlobalSection(NestedProjects) = preSolution
		{9A2F973C-DF62-4D3F-A10E-07933FD69604} = {706CE94B-5A23-4640-A6FA-F1E0BA5882B2}
		{943816A2-DABE-4F6D-A2E9-08AEBAA871AF} = {706CE94B-5A23-4640-A6FA-F1E0BA5882B2}
		{568C967A-665C-4DC9-85FD-FD5F9312D813} = {706CE94B-5A23-4640-A6FA-F1E0BA5882B2}
		{9F1B0324-B6ED-4B8B-9AD9-DB3868455E4B} = {706CE94B-5A23-4640-A6FA-F1E0BA5882B2}
		{82372318-ECAF-4702-A15D-E67749CE4022} = {706CE94B-5A23-4640-A6FA-F1E0BA5882B2}
		{6B608522-7DF0-4085-80DD-5739CA12061A} = {706CE94B-5A23-4640-A6FA-F1E0BA5882B2}
		{51251657-8383-47EC-BF4D-973E16CFD0D8} = {706CE94B-5A23-4640-A6FA-F1E0BA5882B2}
		{F845CE30-6977-44A0-94AB-BA0F74BE7396} = {706CE94B-5A23-4640-A6FA-F1E0BA5882B2}
		{94EA4016-A809-4FDA-A170-CC6C7898A103} = {706CE94B-5A23-4640-A6FA-F1E0BA5882B2}
		{3FFAC207-9834-4A67-9A82-77379FC5DEE2} = {706CE94B-5A23-4640-A6FA-F1E0BA5882B2}
		{4B82E5FF-BDB4-46E8-B943-C825FF076C7A} = {706CE94B-5A23-4640-A6FA-F1E0BA5882B2}
		{EC50C94C-937A-467B-B789-B233FB100550} = {706CE94B-5A23-4640-A6FA-F1E0BA5882B2}
		{0DA0F948-1088-4574-BCA6-EFEC13B4E2CB} = {555F75C4-FD9A-4307-90B0-77EF7D5D396E}
		{6EDAC138-CAFC-478C-A658-8912C48C45C6} = {555F75C4-FD9A-4307-90B0-77EF7D5D396E}
		{29E3103B-42A6-4CF6-93D0-9E991EA536B9} = {555F75C4-FD9A-4307-90B0-77EF7D5D396E}
		{466D8A06-0DE3-4F8D-B122-D95E951E780E} = {555F75C4-FD9A-4307-90B0-77EF7D5D396E}
		{4136D391-ECFD-4687-97DB-E3A1D0522EF5} = {555F75C4-FD9A-4307-90B0-77EF7D5D396E}
		{86058944-246C-4E79-B058-888EC33421C6} = {555F75C4-FD9A-4307-90B0-77EF7D5D396E}
		{77ABFCBE-AC34-492B-A489-29CE5EAB6EC3} = {555F75C4-FD9A-4307-90B0-77EF7D5D396E}
		{6DC143C4-A1CE-470D-8EE3-71F1C8934DF2} = {555F75C4-FD9A-4307-90B0-77EF7D5D396E}
		{8518A5E6-B235-4F5F-BA4E-ADD735772A6E} = {555F75C4-FD9A-4307-90B0-77EF7D5D396E}
	EndGlobalSection
EndGlobal
