
Microsoft Visual Studio Solution File, Format Version 12.00
# Visual Studio Version 17
VisualStudioVersion = 17.12.35728.132 d17.12
MinimumVisualStudioVersion = 10.0.40219.1
Project("{2150E333-8FDC-42A3-9474-1A3956D46DE8}") = "Lab", "Lab", "{011BB474-0899-4D6F-87CE-B93FE5C97370}"
EndProject
Project("{FAE04EC0-301F-11D3-BF4B-00C04F79EFBC}") = "01. Excellent result", "01. Excellent result\01. Excellent result.csproj", "{C359532C-5EFF-4FE6-8A6C-4AA659145FA6}"
EndProject
Project("{FAE04EC0-301F-11D3-BF4B-00C04F79EFBC}") = "02. Greater number", "02. Greater number\02. Greater number.csproj", "{96BF7D34-8A6C-4A90-8434-4C28A984E9FD}"
EndProject
Project("{FAE04EC0-301F-11D3-BF4B-00C04F79EFBC}") = "03. Even or odd", "03. Even or odd\03. Even or odd.csproj", "{F2630405-3837-4E14-865B-B9C4010C6F49}"
EndProject
Project("{FAE04EC0-301F-11D3-BF4B-00C04F79EFBC}") = "04. Password guess", "04. Password guess\04. Password guess.csproj", "{DCE696CE-A766-4B68-A0EF-6C8E8A0FA7FF}"
EndProject
Project("{FAE04EC0-301F-11D3-BF4B-00C04F79EFBC}") = "05. Number 100-200", "05. Number 100-200\05. Number 100-200.csproj", "{1291245D-3BD5-4EFE-97EE-948973270575}"
EndProject
Project("{FAE04EC0-301F-11D3-BF4B-00C04F79EFBC}") = "06. Speed info", "06. Speed info\06. Speed info.csproj", "{DC6DCD3C-363D-4E86-B682-AEF279D42CA0}"
EndProject
Project("{FAE04EC0-301F-11D3-BF4B-00C04F79EFBC}") = "07. Area of figures", "07. Area of figures\07. Area of figures.csproj", "{490E1EFC-8B27-410F-82A0-59B300644066}"
EndProject
Project("{2150E333-8FDC-42A3-9474-1A3956D46DE8}") = "Exercise", "Exercise", "{29B75397-F847-418E-A988-7CC9DFF0511E}"
EndProject
Project("{FAE04EC0-301F-11D3-BF4B-00C04F79EFBC}") = "01. Sum seconds", "01. Sum seconds\01. Sum seconds.csproj", "{D3CEA5D7-7ED2-4B25-A32A-208F74A2A4B0}"
EndProject
Project("{FAE04EC0-301F-11D3-BF4B-00C04F79EFBC}") = "02. Bonus score", "02. Bonus score\02. Bonus score.csproj", "{7BECC5BC-82BC-43AC-9190-62CB38B1991B}"
EndProject
Project("{FAE04EC0-301F-11D3-BF4B-00C04F79EFBC}") = "03. Time +15 minutes", "03. Time +15 minutes\03. Time +15 minutes.csproj", "{7D43B167-07ED-4233-A151-717AB9A81B0C}"
EndProject
Project("{FAE04EC0-301F-11D3-BF4B-00C04F79EFBC}") = "04. Toy shop", "04. Toy shop\04. Toy shop.csproj", "{68B7C9FF-B270-4BDA-8E11-230154CA27A5}"
EndProject
Project("{FAE04EC0-301F-11D3-BF4B-00C04F79EFBC}") = "05. Godzilla vs. Kong", "05. Godzilla vs. Kong\05. Godzilla vs. Kong.csproj", "{AB4E9EB7-B0C1-488D-8C21-23CAE35C325B}"
EndProject
Project("{FAE04EC0-301F-11D3-BF4B-00C04F79EFBC}") = "06. World swimming record", "06. World swimming record\06. World swimming record.csproj", "{D444905E-43D3-471A-B37F-2D1811A4E79A}"
EndProject
Project("{FAE04EC0-301F-11D3-BF4B-00C04F79EFBC}") = "07. Shopping", "07. Shopping\07. Shopping.csproj", "{7C61F582-C39B-481F-AD04-1D86037B4C9D}"
EndProject
Project("{FAE04EC0-301F-11D3-BF4B-00C04F79EFBC}") = "08. Lunch break", "08. Lunch break\08. Lunch break.csproj", "{5625981A-FEB9-44F5-AAFA-9E94538F9897}"
EndProject
Global
	GlobalSection(SolutionConfigurationPlatforms) = preSolution
		Debug|Any CPU = Debug|Any CPU
		Release|Any CPU = Release|Any CPU
	EndGlobalSection
	GlobalSection(ProjectConfigurationPlatforms) = postSolution
		{C359532C-5EFF-4FE6-8A6C-4AA659145FA6}.Debug|Any CPU.ActiveCfg = Debug|Any CPU
		{C359532C-5EFF-4FE6-8A6C-4AA659145FA6}.Debug|Any CPU.Build.0 = Debug|Any CPU
		{C359532C-5EFF-4FE6-8A6C-4AA659145FA6}.Release|Any CPU.ActiveCfg = Release|Any CPU
		{C359532C-5EFF-4FE6-8A6C-4AA659145FA6}.Release|Any CPU.Build.0 = Release|Any CPU
		{96BF7D34-8A6C-4A90-8434-4C28A984E9FD}.Debug|Any CPU.ActiveCfg = Debug|Any CPU
		{96BF7D34-8A6C-4A90-8434-4C28A984E9FD}.Debug|Any CPU.Build.0 = Debug|Any CPU
		{96BF7D34-8A6C-4A90-8434-4C28A984E9FD}.Release|Any CPU.ActiveCfg = Release|Any CPU
		{96BF7D34-8A6C-4A90-8434-4C28A984E9FD}.Release|Any CPU.Build.0 = Release|Any CPU
		{F2630405-3837-4E14-865B-B9C4010C6F49}.Debug|Any CPU.ActiveCfg = Debug|Any CPU
		{F2630405-3837-4E14-865B-B9C4010C6F49}.Debug|Any CPU.Build.0 = Debug|Any CPU
		{F2630405-3837-4E14-865B-B9C4010C6F49}.Release|Any CPU.ActiveCfg = Release|Any CPU
		{F2630405-3837-4E14-865B-B9C4010C6F49}.Release|Any CPU.Build.0 = Release|Any CPU
		{DCE696CE-A766-4B68-A0EF-6C8E8A0FA7FF}.Debug|Any CPU.ActiveCfg = Debug|Any CPU
		{DCE696CE-A766-4B68-A0EF-6C8E8A0FA7FF}.Debug|Any CPU.Build.0 = Debug|Any CPU
		{DCE696CE-A766-4B68-A0EF-6C8E8A0FA7FF}.Release|Any CPU.ActiveCfg = Release|Any CPU
		{DCE696CE-A766-4B68-A0EF-6C8E8A0FA7FF}.Release|Any CPU.Build.0 = Release|Any CPU
		{1291245D-3BD5-4EFE-97EE-948973270575}.Debug|Any CPU.ActiveCfg = Debug|Any CPU
		{1291245D-3BD5-4EFE-97EE-948973270575}.Debug|Any CPU.Build.0 = Debug|Any CPU
		{1291245D-3BD5-4EFE-97EE-948973270575}.Release|Any CPU.ActiveCfg = Release|Any CPU
		{1291245D-3BD5-4EFE-97EE-948973270575}.Release|Any CPU.Build.0 = Release|Any CPU
		{DC6DCD3C-363D-4E86-B682-AEF279D42CA0}.Debug|Any CPU.ActiveCfg = Debug|Any CPU
		{DC6DCD3C-363D-4E86-B682-AEF279D42CA0}.Debug|Any CPU.Build.0 = Debug|Any CPU
		{DC6DCD3C-363D-4E86-B682-AEF279D42CA0}.Release|Any CPU.ActiveCfg = Release|Any CPU
		{DC6DCD3C-363D-4E86-B682-AEF279D42CA0}.Release|Any CPU.Build.0 = Release|Any CPU
		{490E1EFC-8B27-410F-82A0-59B300644066}.Debug|Any CPU.ActiveCfg = Debug|Any CPU
		{490E1EFC-8B27-410F-82A0-59B300644066}.Debug|Any CPU.Build.0 = Debug|Any CPU
		{490E1EFC-8B27-410F-82A0-59B300644066}.Release|Any CPU.ActiveCfg = Release|Any CPU
		{490E1EFC-8B27-410F-82A0-59B300644066}.Release|Any CPU.Build.0 = Release|Any CPU
		{D3CEA5D7-7ED2-4B25-A32A-208F74A2A4B0}.Debug|Any CPU.ActiveCfg = Debug|Any CPU
		{D3CEA5D7-7ED2-4B25-A32A-208F74A2A4B0}.Debug|Any CPU.Build.0 = Debug|Any CPU
		{D3CEA5D7-7ED2-4B25-A32A-208F74A2A4B0}.Release|Any CPU.ActiveCfg = Release|Any CPU
		{D3CEA5D7-7ED2-4B25-A32A-208F74A2A4B0}.Release|Any CPU.Build.0 = Release|Any CPU
		{7BECC5BC-82BC-43AC-9190-62CB38B1991B}.Debug|Any CPU.ActiveCfg = Debug|Any CPU
		{7BECC5BC-82BC-43AC-9190-62CB38B1991B}.Debug|Any CPU.Build.0 = Debug|Any CPU
		{7BECC5BC-82BC-43AC-9190-62CB38B1991B}.Release|Any CPU.ActiveCfg = Release|Any CPU
		{7BECC5BC-82BC-43AC-9190-62CB38B1991B}.Release|Any CPU.Build.0 = Release|Any CPU
		{7D43B167-07ED-4233-A151-717AB9A81B0C}.Debug|Any CPU.ActiveCfg = Debug|Any CPU
		{7D43B167-07ED-4233-A151-717AB9A81B0C}.Debug|Any CPU.Build.0 = Debug|Any CPU
		{7D43B167-07ED-4233-A151-717AB9A81B0C}.Release|Any CPU.ActiveCfg = Release|Any CPU
		{7D43B167-07ED-4233-A151-717AB9A81B0C}.Release|Any CPU.Build.0 = Release|Any CPU
		{68B7C9FF-B270-4BDA-8E11-230154CA27A5}.Debug|Any CPU.ActiveCfg = Debug|Any CPU
		{68B7C9FF-B270-4BDA-8E11-230154CA27A5}.Debug|Any CPU.Build.0 = Debug|Any CPU
		{68B7C9FF-B270-4BDA-8E11-230154CA27A5}.Release|Any CPU.ActiveCfg = Release|Any CPU
		{68B7C9FF-B270-4BDA-8E11-230154CA27A5}.Release|Any CPU.Build.0 = Release|Any CPU
		{AB4E9EB7-B0C1-488D-8C21-23CAE35C325B}.Debug|Any CPU.ActiveCfg = Debug|Any CPU
		{AB4E9EB7-B0C1-488D-8C21-23CAE35C325B}.Debug|Any CPU.Build.0 = Debug|Any CPU
		{AB4E9EB7-B0C1-488D-8C21-23CAE35C325B}.Release|Any CPU.ActiveCfg = Release|Any CPU
		{AB4E9EB7-B0C1-488D-8C21-23CAE35C325B}.Release|Any CPU.Build.0 = Release|Any CPU
		{D444905E-43D3-471A-B37F-2D1811A4E79A}.Debug|Any CPU.ActiveCfg = Debug|Any CPU
		{D444905E-43D3-471A-B37F-2D1811A4E79A}.Debug|Any CPU.Build.0 = Debug|Any CPU
		{D444905E-43D3-471A-B37F-2D1811A4E79A}.Release|Any CPU.ActiveCfg = Release|Any CPU
		{D444905E-43D3-471A-B37F-2D1811A4E79A}.Release|Any CPU.Build.0 = Release|Any CPU
		{7C61F582-C39B-481F-AD04-1D86037B4C9D}.Debug|Any CPU.ActiveCfg = Debug|Any CPU
		{7C61F582-C39B-481F-AD04-1D86037B4C9D}.Debug|Any CPU.Build.0 = Debug|Any CPU
		{7C61F582-C39B-481F-AD04-1D86037B4C9D}.Release|Any CPU.ActiveCfg = Release|Any CPU
		{7C61F582-C39B-481F-AD04-1D86037B4C9D}.Release|Any CPU.Build.0 = Release|Any CPU
		{5625981A-FEB9-44F5-AAFA-9E94538F9897}.Debug|Any CPU.ActiveCfg = Debug|Any CPU
		{5625981A-FEB9-44F5-AAFA-9E94538F9897}.Debug|Any CPU.Build.0 = Debug|Any CPU
		{5625981A-FEB9-44F5-AAFA-9E94538F9897}.Release|Any CPU.ActiveCfg = Release|Any CPU
		{5625981A-FEB9-44F5-AAFA-9E94538F9897}.Release|Any CPU.Build.0 = Release|Any CPU
	EndGlobalSection
	GlobalSection(SolutionProperties) = preSolution
		HideSolutionNode = FALSE
	EndGlobalSection
	GlobalSection(NestedProjects) = preSolution
		{C359532C-5EFF-4FE6-8A6C-4AA659145FA6} = {011BB474-0899-4D6F-87CE-B93FE5C97370}
		{96BF7D34-8A6C-4A90-8434-4C28A984E9FD} = {011BB474-0899-4D6F-87CE-B93FE5C97370}
		{F2630405-3837-4E14-865B-B9C4010C6F49} = {011BB474-0899-4D6F-87CE-B93FE5C97370}
		{DCE696CE-A766-4B68-A0EF-6C8E8A0FA7FF} = {011BB474-0899-4D6F-87CE-B93FE5C97370}
		{1291245D-3BD5-4EFE-97EE-948973270575} = {011BB474-0899-4D6F-87CE-B93FE5C97370}
		{DC6DCD3C-363D-4E86-B682-AEF279D42CA0} = {011BB474-0899-4D6F-87CE-B93FE5C97370}
		{490E1EFC-8B27-410F-82A0-59B300644066} = {011BB474-0899-4D6F-87CE-B93FE5C97370}
		{D3CEA5D7-7ED2-4B25-A32A-208F74A2A4B0} = {29B75397-F847-418E-A988-7CC9DFF0511E}
		{7BECC5BC-82BC-43AC-9190-62CB38B1991B} = {29B75397-F847-418E-A988-7CC9DFF0511E}
		{7D43B167-07ED-4233-A151-717AB9A81B0C} = {29B75397-F847-418E-A988-7CC9DFF0511E}
		{68B7C9FF-B270-4BDA-8E11-230154CA27A5} = {29B75397-F847-418E-A988-7CC9DFF0511E}
		{AB4E9EB7-B0C1-488D-8C21-23CAE35C325B} = {29B75397-F847-418E-A988-7CC9DFF0511E}
		{D444905E-43D3-471A-B37F-2D1811A4E79A} = {29B75397-F847-418E-A988-7CC9DFF0511E}
		{7C61F582-C39B-481F-AD04-1D86037B4C9D} = {29B75397-F847-418E-A988-7CC9DFF0511E}
		{5625981A-FEB9-44F5-AAFA-9E94538F9897} = {29B75397-F847-418E-A988-7CC9DFF0511E}
	EndGlobalSection
EndGlobal
