Microsoft Visual Studio Solution File, Format Version 12.00
# Visual Studio Version 17
VisualStudioVersion = 17.13.36105.23
MinimumVisualStudioVersion = 10.0.40219.1
Project("{2150E333-8FDC-42A3-9474-1A3956D46DE8}") = "Lab", "Lab", "{02EA681E-C7D8-13C7-8484-4AC65E1B71E8}"
EndProject
Project("{FAE04EC0-301F-11D3-BF4B-00C04F79EFBC}") = "01. Sum matrix elements", "01. Sum matrix elements\01. Sum matrix elements.csproj", "{C4CBF5D2-56DE-42CE-8A85-E160679D1284}"
EndProject
Project("{FAE04EC0-301F-11D3-BF4B-00C04F79EFBC}") = "02. Sum matrix columns", "02. Sum matrix columns\02. Sum matrix columns.csproj", "{F169D04D-5299-4AD9-89BC-AA38E2CB6EAD}"
EndProject
Project("{FAE04EC0-301F-11D3-BF4B-00C04F79EFBC}") = "03. Primary diagonal", "03. Primary diagonal\03. Primary diagonal.csproj", "{DE21D3E0-B7A4-4AD9-B145-293CAC6A3FAE}"
EndProject
Project("{FAE04EC0-301F-11D3-BF4B-00C04F79EFBC}") = "04. Symbol in matrix", "04. Symbol in matrix\04. Symbol in matrix.csproj", "{7ABAD895-5C70-46D6-92E8-E5F96C380BE1}"
EndProject
Project("{FAE04EC0-301F-11D3-BF4B-00C04F79EFBC}") = "05. Square with maximum sum", "05. Square with maximum sum\05. Square with maximum sum.csproj", "{0A96E290-5452-46EE-AA8D-A5C0449F58EC}"
EndProject
Project("{2150E333-8FDC-42A3-9474-1A3956D46DE8}") = "Exercise", "Exercise", "{4985059B-EB8A-4B6F-89DD-60C090BE7527}"
EndProject
Project("{FAE04EC0-301F-11D3-BF4B-00C04F79EFBC}") = "01. Diagonal difference", "01. Diagonal difference\01. Diagonal difference.csproj", "{50E9DD6B-63AF-4325-83F4-E389CE87CF9F}"
EndProject
Project("{FAE04EC0-301F-11D3-BF4B-00C04F79EFBC}") = "02. Squares in matrix", "02. Squares in matrix\02. Squares in matrix.csproj", "{4416F4B4-A603-48D9-BFF5-BD0A708538FE}"
EndProject
Project("{FAE04EC0-301F-11D3-BF4B-00C04F79EFBC}") = "03. Maximal sum", "03. Maximal sum\03. Maximal sum.csproj", "{AEDDECF1-A785-413B-B9FA-52970B05D231}"
EndProject
Project("{FAE04EC0-301F-11D3-BF4B-00C04F79EFBC}") = "04. Matrix shuffling", "04. Matrix shuffling\04. Matrix shuffling.csproj", "{05AD6E0B-B41B-4D43-8479-F8C39B8AADD4}"
EndProject
Project("{FAE04EC0-301F-11D3-BF4B-00C04F79EFBC}") = "05. Snake moves", "05. Snake moves\05. Snake moves.csproj", "{A5D1A78D-7C4C-4C0C-A551-95227A534359}"
EndProject
Project("{FAE04EC0-301F-11D3-BF4B-00C04F79EFBC}") = "06. Jagged-array modification", "06. Jagged-array modification\06. Jagged-array modification.csproj", "{4911BF0F-2B1B-436F-9CB1-F9EC19BCE91B}"
EndProject
Project("{FAE04EC0-301F-11D3-BF4B-00C04F79EFBC}") = "07. Pascal triangle", "07. Pascal triangle\07. Pascal triangle.csproj", "{A619C3C7-4CAC-43B6-A656-D5EAFA046E05}"
EndProject
Project("{FAE04EC0-301F-11D3-BF4B-00C04F79EFBC}") = "06. Jagged array manipulator", "06. Jagged array manipulator\06. Jagged array manipulator.csproj", "{1EC06D76-E1D8-4994-ADE2-5C1D9B5CFDCE}"
EndProject
Project("{FAE04EC0-301F-11D3-BF4B-00C04F79EFBC}") = "07. Knight game", "07. Knight game\07. Knight game.csproj", "{3E14A4F8-6F0E-4623-B181-8F437755B4DF}"
EndProject
Project("{FAE04EC0-301F-11D3-BF4B-00C04F79EFBC}") = "08. Bombs (!)", "08. Bombs (!)\08. Bombs (!).csproj", "{BB91181D-BB13-4E39-8968-7B6D58BE65FF}"
EndProject
Project("{FAE04EC0-301F-11D3-BF4B-00C04F79EFBC}") = "09. Miner (!)", "09. Miner (!)\09. Miner (!).csproj", "{601428EC-7509-4D60-A85D-BEF39888D990}"
EndProject
Project("{FAE04EC0-301F-11D3-BF4B-00C04F79EFBC}") = "10. Radioactive mutant vampire bunnies (!)", "10. Radioactive mutant vampire bunnies (!)\10. Radioactive mutant vampire bunnies (!).csproj", "{66722C84-118E-41D9-974D-C1DC85BBB82E}"
EndProject
Global
	GlobalSection(SolutionConfigurationPlatforms) = preSolution
		Debug|Any CPU = Debug|Any CPU
		Release|Any CPU = Release|Any CPU
	EndGlobalSection
	GlobalSection(ProjectConfigurationPlatforms) = postSolution
		{C4CBF5D2-56DE-42CE-8A85-E160679D1284}.Debug|Any CPU.ActiveCfg = Debug|Any CPU
		{C4CBF5D2-56DE-42CE-8A85-E160679D1284}.Debug|Any CPU.Build.0 = Debug|Any CPU
		{C4CBF5D2-56DE-42CE-8A85-E160679D1284}.Release|Any CPU.ActiveCfg = Release|Any CPU
		{C4CBF5D2-56DE-42CE-8A85-E160679D1284}.Release|Any CPU.Build.0 = Release|Any CPU
		{F169D04D-5299-4AD9-89BC-AA38E2CB6EAD}.Debug|Any CPU.ActiveCfg = Debug|Any CPU
		{F169D04D-5299-4AD9-89BC-AA38E2CB6EAD}.Debug|Any CPU.Build.0 = Debug|Any CPU
		{F169D04D-5299-4AD9-89BC-AA38E2CB6EAD}.Release|Any CPU.ActiveCfg = Release|Any CPU
		{F169D04D-5299-4AD9-89BC-AA38E2CB6EAD}.Release|Any CPU.Build.0 = Release|Any CPU
		{DE21D3E0-B7A4-4AD9-B145-293CAC6A3FAE}.Debug|Any CPU.ActiveCfg = Debug|Any CPU
		{DE21D3E0-B7A4-4AD9-B145-293CAC6A3FAE}.Debug|Any CPU.Build.0 = Debug|Any CPU
		{DE21D3E0-B7A4-4AD9-B145-293CAC6A3FAE}.Release|Any CPU.ActiveCfg = Release|Any CPU
		{DE21D3E0-B7A4-4AD9-B145-293CAC6A3FAE}.Release|Any CPU.Build.0 = Release|Any CPU
		{7ABAD895-5C70-46D6-92E8-E5F96C380BE1}.Debug|Any CPU.ActiveCfg = Debug|Any CPU
		{7ABAD895-5C70-46D6-92E8-E5F96C380BE1}.Debug|Any CPU.Build.0 = Debug|Any CPU
		{7ABAD895-5C70-46D6-92E8-E5F96C380BE1}.Release|Any CPU.ActiveCfg = Release|Any CPU
		{7ABAD895-5C70-46D6-92E8-E5F96C380BE1}.Release|Any CPU.Build.0 = Release|Any CPU
		{0A96E290-5452-46EE-AA8D-A5C0449F58EC}.Debug|Any CPU.ActiveCfg = Debug|Any CPU
		{0A96E290-5452-46EE-AA8D-A5C0449F58EC}.Debug|Any CPU.Build.0 = Debug|Any CPU
		{0A96E290-5452-46EE-AA8D-A5C0449F58EC}.Release|Any CPU.ActiveCfg = Release|Any CPU
		{0A96E290-5452-46EE-AA8D-A5C0449F58EC}.Release|Any CPU.Build.0 = Release|Any CPU
		{50E9DD6B-63AF-4325-83F4-E389CE87CF9F}.Debug|Any CPU.ActiveCfg = Debug|Any CPU
		{50E9DD6B-63AF-4325-83F4-E389CE87CF9F}.Debug|Any CPU.Build.0 = Debug|Any CPU
		{50E9DD6B-63AF-4325-83F4-E389CE87CF9F}.Release|Any CPU.ActiveCfg = Release|Any CPU
		{50E9DD6B-63AF-4325-83F4-E389CE87CF9F}.Release|Any CPU.Build.0 = Release|Any CPU
		{4416F4B4-A603-48D9-BFF5-BD0A708538FE}.Debug|Any CPU.ActiveCfg = Debug|Any CPU
		{4416F4B4-A603-48D9-BFF5-BD0A708538FE}.Debug|Any CPU.Build.0 = Debug|Any CPU
		{4416F4B4-A603-48D9-BFF5-BD0A708538FE}.Release|Any CPU.ActiveCfg = Release|Any CPU
		{4416F4B4-A603-48D9-BFF5-BD0A708538FE}.Release|Any CPU.Build.0 = Release|Any CPU
		{AEDDECF1-A785-413B-B9FA-52970B05D231}.Debug|Any CPU.ActiveCfg = Debug|Any CPU
		{AEDDECF1-A785-413B-B9FA-52970B05D231}.Debug|Any CPU.Build.0 = Debug|Any CPU
		{AEDDECF1-A785-413B-B9FA-52970B05D231}.Release|Any CPU.ActiveCfg = Release|Any CPU
		{AEDDECF1-A785-413B-B9FA-52970B05D231}.Release|Any CPU.Build.0 = Release|Any CPU
		{05AD6E0B-B41B-4D43-8479-F8C39B8AADD4}.Debug|Any CPU.ActiveCfg = Debug|Any CPU
		{05AD6E0B-B41B-4D43-8479-F8C39B8AADD4}.Debug|Any CPU.Build.0 = Debug|Any CPU
		{05AD6E0B-B41B-4D43-8479-F8C39B8AADD4}.Release|Any CPU.ActiveCfg = Release|Any CPU
		{05AD6E0B-B41B-4D43-8479-F8C39B8AADD4}.Release|Any CPU.Build.0 = Release|Any CPU
		{A5D1A78D-7C4C-4C0C-A551-95227A534359}.Debug|Any CPU.ActiveCfg = Debug|Any CPU
		{A5D1A78D-7C4C-4C0C-A551-95227A534359}.Debug|Any CPU.Build.0 = Debug|Any CPU
		{A5D1A78D-7C4C-4C0C-A551-95227A534359}.Release|Any CPU.ActiveCfg = Release|Any CPU
		{A5D1A78D-7C4C-4C0C-A551-95227A534359}.Release|Any CPU.Build.0 = Release|Any CPU
		{4911BF0F-2B1B-436F-9CB1-F9EC19BCE91B}.Debug|Any CPU.ActiveCfg = Debug|Any CPU
		{4911BF0F-2B1B-436F-9CB1-F9EC19BCE91B}.Debug|Any CPU.Build.0 = Debug|Any CPU
		{4911BF0F-2B1B-436F-9CB1-F9EC19BCE91B}.Release|Any CPU.ActiveCfg = Release|Any CPU
		{4911BF0F-2B1B-436F-9CB1-F9EC19BCE91B}.Release|Any CPU.Build.0 = Release|Any CPU
		{A619C3C7-4CAC-43B6-A656-D5EAFA046E05}.Debug|Any CPU.ActiveCfg = Debug|Any CPU
		{A619C3C7-4CAC-43B6-A656-D5EAFA046E05}.Debug|Any CPU.Build.0 = Debug|Any CPU
		{A619C3C7-4CAC-43B6-A656-D5EAFA046E05}.Release|Any CPU.ActiveCfg = Release|Any CPU
		{A619C3C7-4CAC-43B6-A656-D5EAFA046E05}.Release|Any CPU.Build.0 = Release|Any CPU
		{1EC06D76-E1D8-4994-ADE2-5C1D9B5CFDCE}.Debug|Any CPU.ActiveCfg = Debug|Any CPU
		{1EC06D76-E1D8-4994-ADE2-5C1D9B5CFDCE}.Debug|Any CPU.Build.0 = Debug|Any CPU
		{1EC06D76-E1D8-4994-ADE2-5C1D9B5CFDCE}.Release|Any CPU.ActiveCfg = Release|Any CPU
		{1EC06D76-E1D8-4994-ADE2-5C1D9B5CFDCE}.Release|Any CPU.Build.0 = Release|Any CPU
		{3E14A4F8-6F0E-4623-B181-8F437755B4DF}.Debug|Any CPU.ActiveCfg = Debug|Any CPU
		{3E14A4F8-6F0E-4623-B181-8F437755B4DF}.Debug|Any CPU.Build.0 = Debug|Any CPU
		{3E14A4F8-6F0E-4623-B181-8F437755B4DF}.Release|Any CPU.ActiveCfg = Release|Any CPU
		{3E14A4F8-6F0E-4623-B181-8F437755B4DF}.Release|Any CPU.Build.0 = Release|Any CPU
		{BB91181D-BB13-4E39-8968-7B6D58BE65FF}.Debug|Any CPU.ActiveCfg = Debug|Any CPU
		{BB91181D-BB13-4E39-8968-7B6D58BE65FF}.Debug|Any CPU.Build.0 = Debug|Any CPU
		{BB91181D-BB13-4E39-8968-7B6D58BE65FF}.Release|Any CPU.ActiveCfg = Release|Any CPU
		{BB91181D-BB13-4E39-8968-7B6D58BE65FF}.Release|Any CPU.Build.0 = Release|Any CPU
		{601428EC-7509-4D60-A85D-BEF39888D990}.Debug|Any CPU.ActiveCfg = Debug|Any CPU
		{601428EC-7509-4D60-A85D-BEF39888D990}.Debug|Any CPU.Build.0 = Debug|Any CPU
		{601428EC-7509-4D60-A85D-BEF39888D990}.Release|Any CPU.ActiveCfg = Release|Any CPU
		{601428EC-7509-4D60-A85D-BEF39888D990}.Release|Any CPU.Build.0 = Release|Any CPU
		{66722C84-118E-41D9-974D-C1DC85BBB82E}.Debug|Any CPU.ActiveCfg = Debug|Any CPU
		{66722C84-118E-41D9-974D-C1DC85BBB82E}.Debug|Any CPU.Build.0 = Debug|Any CPU
		{66722C84-118E-41D9-974D-C1DC85BBB82E}.Release|Any CPU.ActiveCfg = Release|Any CPU
		{66722C84-118E-41D9-974D-C1DC85BBB82E}.Release|Any CPU.Build.0 = Release|Any CPU
	EndGlobalSection
	GlobalSection(SolutionProperties) = preSolution
		HideSolutionNode = FALSE
	EndGlobalSection
	GlobalSection(NestedProjects) = preSolution
		{C4CBF5D2-56DE-42CE-8A85-E160679D1284} = {02EA681E-C7D8-13C7-8484-4AC65E1B71E8}
		{F169D04D-5299-4AD9-89BC-AA38E2CB6EAD} = {02EA681E-C7D8-13C7-8484-4AC65E1B71E8}
		{DE21D3E0-B7A4-4AD9-B145-293CAC6A3FAE} = {02EA681E-C7D8-13C7-8484-4AC65E1B71E8}
		{7ABAD895-5C70-46D6-92E8-E5F96C380BE1} = {02EA681E-C7D8-13C7-8484-4AC65E1B71E8}
		{0A96E290-5452-46EE-AA8D-A5C0449F58EC} = {02EA681E-C7D8-13C7-8484-4AC65E1B71E8}
		{50E9DD6B-63AF-4325-83F4-E389CE87CF9F} = {4985059B-EB8A-4B6F-89DD-60C090BE7527}
		{4416F4B4-A603-48D9-BFF5-BD0A708538FE} = {4985059B-EB8A-4B6F-89DD-60C090BE7527}
		{AEDDECF1-A785-413B-B9FA-52970B05D231} = {4985059B-EB8A-4B6F-89DD-60C090BE7527}
		{05AD6E0B-B41B-4D43-8479-F8C39B8AADD4} = {4985059B-EB8A-4B6F-89DD-60C090BE7527}
		{A5D1A78D-7C4C-4C0C-A551-95227A534359} = {4985059B-EB8A-4B6F-89DD-60C090BE7527}
		{4911BF0F-2B1B-436F-9CB1-F9EC19BCE91B} = {02EA681E-C7D8-13C7-8484-4AC65E1B71E8}
		{A619C3C7-4CAC-43B6-A656-D5EAFA046E05} = {02EA681E-C7D8-13C7-8484-4AC65E1B71E8}
		{1EC06D76-E1D8-4994-ADE2-5C1D9B5CFDCE} = {4985059B-EB8A-4B6F-89DD-60C090BE7527}
		{3E14A4F8-6F0E-4623-B181-8F437755B4DF} = {4985059B-EB8A-4B6F-89DD-60C090BE7527}
		{BB91181D-BB13-4E39-8968-7B6D58BE65FF} = {4985059B-EB8A-4B6F-89DD-60C090BE7527}
		{601428EC-7509-4D60-A85D-BEF39888D990} = {4985059B-EB8A-4B6F-89DD-60C090BE7527}
		{66722C84-118E-41D9-974D-C1DC85BBB82E} = {4985059B-EB8A-4B6F-89DD-60C090BE7527}
	EndGlobalSection
	GlobalSection(ExtensibilityGlobals) = postSolution
		SolutionGuid = {644DF0DC-EE32-41FC-A5A7-AF60DCCCFB5F}
	EndGlobalSection
EndGlobal
