Microsoft Visual Studio Solution File, Format Version 12.00
# Visual Studio Version 17
VisualStudioVersion = 17.13.35931.197
MinimumVisualStudioVersion = 10.0.40219.1
Project("{2150E333-8FDC-42A3-9474-1A3956D46DE8}") = "Lab", "Lab", "{02EA681E-C7D8-13C7-8484-4AC65E1B71E8}" # Lab
EndProject
Project("{FAE04EC0-301F-11D3-BF4B-00C04F79EFBC}") = "01. Count real numbers", "01. Count real numbers\01. Count real numbers.csproj", "{FED06216-DBFF-4B99-861A-15F0DABD2535}"
EndProject
Project("{FAE04EC0-301F-11D3-BF4B-00C04F79EFBC}") = "02. Odd occurrences", "02. Odd occurrences\02. Odd occurrences.csproj", "{A80C8F8E-8FC9-4BF6-BD45-1ED47B97E965}"
EndProject
Project("{FAE04EC0-301F-11D3-BF4B-00C04F79EFBC}") = "03. Word synonyms", "03. Word synonyms\03. Word synonyms.csproj", "{9C7BC2B1-EE10-454D-9F12-98FF436F8D69}"
EndProject
Project("{FAE04EC0-301F-11D3-BF4B-00C04F79EFBC}") = "04. Word filter", "04. Word filter\04. Word filter.csproj", "{3231CF5C-6345-41A5-94E0-49D08697CE0D}"
EndProject
Project("{2150E333-8FDC-42A3-9474-1A3956D46DE8}") = "Exercise", "Exercise", "{0DA273E9-09E1-4183-9F91-125BC3F1FC63}" # Exercise
EndProject
Project("{FAE04EC0-301F-11D3-BF4B-00C04F79EFBC}") = "01. Count chars in a string", "01. Count chars in a string\01. Count chars in a string.csproj", "{9D9FA134-0E4D-4AED-8D1B-D05EA8F53893}"
EndProject
Project("{FAE04EC0-301F-11D3-BF4B-00C04F79EFBC}") = "02. A miner task", "02. A miner task\02. A miner task.csproj", "{FBF96165-5EF3-40CB-A068-B9AD24B323F3}"
EndProject
Project("{FAE04EC0-301F-11D3-BF4B-00C04F79EFBC}") = "03. Orders", "03. Orders\03. Orders.csproj", "{4E6B8335-BDCB-4D5C-8B90-DBA4EE1F10D2}"
EndProject
Project("{FAE04EC0-301F-11D3-BF4B-00C04F79EFBC}") = "04. SoftUni parking", "04. SoftUni parking\04. SoftUni parking.csproj", "{A305A87B-F0D0-43A3-86B7-F3AA4647EEB0}"
EndProject
Project("{FAE04EC0-301F-11D3-BF4B-00C04F79EFBC}") = "05. Courses", "05. Courses\05. Courses.csproj", "{4FF3D03B-C96E-440D-8F5D-48235E17824F}"
EndProject
Project("{FAE04EC0-301F-11D3-BF4B-00C04F79EFBC}") = "06. Student academy", "06. Student academy\06. Student academy.csproj", "{3FD6F479-4940-4BDE-A71F-8862B8F82D6E}"
EndProject
Project("{FAE04EC0-301F-11D3-BF4B-00C04F79EFBC}") = "07. Company users", "07. Company users\07. Company users.csproj", "{F5FABA32-0842-45EA-A88A-D660AC138678}"
EndProject
Project("{2150E333-8FDC-42A3-9474-1A3956D46DE8}") = "More exercise", "More exercise", "{D61A9837-49C9-4E5B-8754-2D9B99B78A91}" # More Exercise
EndProject
Project("{FAE04EC0-301F-11D3-BF4B-00C04F79EFBC}") = "01. Ranking", "01. Ranking\01. Ranking.csproj", "{11C917F1-C49A-4C40-BB1A-188C4D68104C}"
EndProject
Project("{FAE04EC0-301F-11D3-BF4B-00C04F79EFBC}") = "02. Judge", "02. Judge\02. Judge.csproj", "{2F8F007C-622D-494C-96E4-667C9AF834E3}"
EndProject
Project("{FAE04EC0-301F-11D3-BF4B-00C04F79EFBC}") = "03. MOBA challenger", "03. MOBA challenger\03. MOBA challenger.csproj", "{EBB52A09-CF98-4772-A058-B9F4FA7BDF68}"
EndProject
Project("{FAE04EC0-301F-11D3-BF4B-00C04F79EFBC}") = "04. Snowwhite", "04. Snowwhite\04. Snowwhite.csproj", "{CFED856D-8206-4EAD-9582-ABD2F04287F2}"
EndProject
Project("{FAE04EC0-301F-11D3-BF4B-00C04F79EFBC}") = "05. Dragon army", "05. Dragon army\05. Dragon army.csproj", "{0C0084E6-0610-41CA-AB4C-0867780315CD}"
EndProject
Global
	GlobalSection(SolutionConfigurationPlatforms) = preSolution
		Debug|Any CPU = Debug|Any CPU
		Release|Any CPU = Release|Any CPU
	EndGlobalSection
	GlobalSection(ProjectConfigurationPlatforms) = postSolution
		{FED06216-DBFF-4B99-861A-15F0DABD2535}.Debug|Any CPU.ActiveCfg = Debug|Any CPU
		{FED06216-DBFF-4B99-861A-15F0DABD2535}.Debug|Any CPU.Build.0 = Debug|Any CPU
		{FED06216-DBFF-4B99-861A-15F0DABD2535}.Release|Any CPU.ActiveCfg = Release|Any CPU
		{FED06216-DBFF-4B99-861A-15F0DABD2535}.Release|Any CPU.Build.0 = Release|Any CPU
		{A80C8F8E-8FC9-4BF6-BD45-1ED47B97E965}.Debug|Any CPU.ActiveCfg = Debug|Any CPU
		{A80C8F8E-8FC9-4BF6-BD45-1ED47B97E965}.Debug|Any CPU.Build.0 = Debug|Any CPU
		{A80C8F8E-8FC9-4BF6-BD45-1ED47B97E965}.Release|Any CPU.ActiveCfg = Release|Any CPU
		{A80C8F8E-8FC9-4BF6-BD45-1ED47B97E965}.Release|Any CPU.Build.0 = Release|Any CPU
		{9C7BC2B1-EE10-454D-9F12-98FF436F8D69}.Debug|Any CPU.ActiveCfg = Debug|Any CPU
		{9C7BC2B1-EE10-454D-9F12-98FF436F8D69}.Debug|Any CPU.Build.0 = Debug|Any CPU
		{9C7BC2B1-EE10-454D-9F12-98FF436F8D69}.Release|Any CPU.ActiveCfg = Release|Any CPU
		{9C7BC2B1-EE10-454D-9F12-98FF436F8D69}.Release|Any CPU.Build.0 = Release|Any CPU
		{3231CF5C-6345-41A5-94E0-49D08697CE0D}.Debug|Any CPU.ActiveCfg = Debug|Any CPU
		{3231CF5C-6345-41A5-94E0-49D08697CE0D}.Debug|Any CPU.Build.0 = Debug|Any CPU
		{3231CF5C-6345-41A5-94E0-49D08697CE0D}.Release|Any CPU.ActiveCfg = Release|Any CPU
		{3231CF5C-6345-41A5-94E0-49D08697CE0D}.Release|Any CPU.Build.0 = Release|Any CPU
		{9D9FA134-0E4D-4AED-8D1B-D05EA8F53893}.Debug|Any CPU.ActiveCfg = Debug|Any CPU
		{9D9FA134-0E4D-4AED-8D1B-D05EA8F53893}.Debug|Any CPU.Build.0 = Debug|Any CPU
		{9D9FA134-0E4D-4AED-8D1B-D05EA8F53893}.Release|Any CPU.ActiveCfg = Release|Any CPU
		{9D9FA134-0E4D-4AED-8D1B-D05EA8F53893}.Release|Any CPU.Build.0 = Release|Any CPU
		{FBF96165-5EF3-40CB-A068-B9AD24B323F3}.Debug|Any CPU.ActiveCfg = Debug|Any CPU
		{FBF96165-5EF3-40CB-A068-B9AD24B323F3}.Debug|Any CPU.Build.0 = Debug|Any CPU
		{FBF96165-5EF3-40CB-A068-B9AD24B323F3}.Release|Any CPU.ActiveCfg = Release|Any CPU
		{FBF96165-5EF3-40CB-A068-B9AD24B323F3}.Release|Any CPU.Build.0 = Release|Any CPU
		{4E6B8335-BDCB-4D5C-8B90-DBA4EE1F10D2}.Debug|Any CPU.ActiveCfg = Debug|Any CPU
		{4E6B8335-BDCB-4D5C-8B90-DBA4EE1F10D2}.Debug|Any CPU.Build.0 = Debug|Any CPU
		{4E6B8335-BDCB-4D5C-8B90-DBA4EE1F10D2}.Release|Any CPU.ActiveCfg = Release|Any CPU
		{4E6B8335-BDCB-4D5C-8B90-DBA4EE1F10D2}.Release|Any CPU.Build.0 = Release|Any CPU
		{A305A87B-F0D0-43A3-86B7-F3AA4647EEB0}.Debug|Any CPU.ActiveCfg = Debug|Any CPU
		{A305A87B-F0D0-43A3-86B7-F3AA4647EEB0}.Debug|Any CPU.Build.0 = Debug|Any CPU
		{A305A87B-F0D0-43A3-86B7-F3AA4647EEB0}.Release|Any CPU.ActiveCfg = Release|Any CPU
		{A305A87B-F0D0-43A3-86B7-F3AA4647EEB0}.Release|Any CPU.Build.0 = Release|Any CPU
		{4FF3D03B-C96E-440D-8F5D-48235E17824F}.Debug|Any CPU.ActiveCfg = Debug|Any CPU
		{4FF3D03B-C96E-440D-8F5D-48235E17824F}.Debug|Any CPU.Build.0 = Debug|Any CPU
		{4FF3D03B-C96E-440D-8F5D-48235E17824F}.Release|Any CPU.ActiveCfg = Release|Any CPU
		{4FF3D03B-C96E-440D-8F5D-48235E17824F}.Release|Any CPU.Build.0 = Release|Any CPU
		{3FD6F479-4940-4BDE-A71F-8862B8F82D6E}.Debug|Any CPU.ActiveCfg = Debug|Any CPU
		{3FD6F479-4940-4BDE-A71F-8862B8F82D6E}.Debug|Any CPU.Build.0 = Debug|Any CPU
		{3FD6F479-4940-4BDE-A71F-8862B8F82D6E}.Release|Any CPU.ActiveCfg = Release|Any CPU
		{3FD6F479-4940-4BDE-A71F-8862B8F82D6E}.Release|Any CPU.Build.0 = Release|Any CPU
		{F5FABA32-0842-45EA-A88A-D660AC138678}.Debug|Any CPU.ActiveCfg = Debug|Any CPU
		{F5FABA32-0842-45EA-A88A-D660AC138678}.Debug|Any CPU.Build.0 = Debug|Any CPU
		{F5FABA32-0842-45EA-A88A-D660AC138678}.Release|Any CPU.ActiveCfg = Release|Any CPU
		{F5FABA32-0842-45EA-A88A-D660AC138678}.Release|Any CPU.Build.0 = Release|Any CPU
		{11C917F1-C49A-4C40-BB1A-188C4D68104C}.Debug|Any CPU.ActiveCfg = Debug|Any CPU
		{11C917F1-C49A-4C40-BB1A-188C4D68104C}.Debug|Any CPU.Build.0 = Debug|Any CPU
		{11C917F1-C49A-4C40-BB1A-188C4D68104C}.Release|Any CPU.ActiveCfg = Release|Any CPU
		{11C917F1-C49A-4C40-BB1A-188C4D68104C}.Release|Any CPU.Build.0 = Release|Any CPU
		{2F8F007C-622D-494C-96E4-667C9AF834E3}.Debug|Any CPU.ActiveCfg = Debug|Any CPU
		{2F8F007C-622D-494C-96E4-667C9AF834E3}.Debug|Any CPU.Build.0 = Debug|Any CPU
		{2F8F007C-622D-494C-96E4-667C9AF834E3}.Release|Any CPU.ActiveCfg = Release|Any CPU
		{2F8F007C-622D-494C-96E4-667C9AF834E3}.Release|Any CPU.Build.0 = Release|Any CPU
		{EBB52A09-CF98-4772-A058-B9F4FA7BDF68}.Debug|Any CPU.ActiveCfg = Debug|Any CPU
		{EBB52A09-CF98-4772-A058-B9F4FA7BDF68}.Debug|Any CPU.Build.0 = Debug|Any CPU
		{EBB52A09-CF98-4772-A058-B9F4FA7BDF68}.Release|Any CPU.ActiveCfg = Release|Any CPU
		{EBB52A09-CF98-4772-A058-B9F4FA7BDF68}.Release|Any CPU.Build.0 = Release|Any CPU
		{CFED856D-8206-4EAD-9582-ABD2F04287F2}.Debug|Any CPU.ActiveCfg = Debug|Any CPU
		{CFED856D-8206-4EAD-9582-ABD2F04287F2}.Debug|Any CPU.Build.0 = Debug|Any CPU
		{CFED856D-8206-4EAD-9582-ABD2F04287F2}.Release|Any CPU.ActiveCfg = Release|Any CPU
		{CFED856D-8206-4EAD-9582-ABD2F04287F2}.Release|Any CPU.Build.0 = Release|Any CPU
		{0C0084E6-0610-41CA-AB4C-0867780315CD}.Debug|Any CPU.ActiveCfg = Debug|Any CPU
		{0C0084E6-0610-41CA-AB4C-0867780315CD}.Debug|Any CPU.Build.0 = Debug|Any CPU
		{0C0084E6-0610-41CA-AB4C-0867780315CD}.Release|Any CPU.ActiveCfg = Release|Any CPU
		{0C0084E6-0610-41CA-AB4C-0867780315CD}.Release|Any CPU.Build.0 = Release|Any CPU
	EndGlobalSection
	GlobalSection(SolutionProperties) = preSolution
		HideSolutionNode = FALSE
	EndGlobalSection
	GlobalSection(NestedProjects) = preSolution
		{FED06216-DBFF-4B99-861A-15F0DABD2535} = {02EA681E-C7D8-13C7-8484-4AC65E1B71E8}
		{A80C8F8E-8FC9-4BF6-BD45-1ED47B97E965} = {02EA681E-C7D8-13C7-8484-4AC65E1B71E8}
		{9C7BC2B1-EE10-454D-9F12-98FF436F8D69} = {02EA681E-C7D8-13C7-8484-4AC65E1B71E8}
		{3231CF5C-6345-41A5-94E0-49D08697CE0D} = {02EA681E-C7D8-13C7-8484-4AC65E1B71E8}
		{9D9FA134-0E4D-4AED-8D1B-D05EA8F53893} = {0DA273E9-09E1-4183-9F91-125BC3F1FC63}
		{FBF96165-5EF3-40CB-A068-B9AD24B323F3} = {0DA273E9-09E1-4183-9F91-125BC3F1FC63}
		{4E6B8335-BDCB-4D5C-8B90-DBA4EE1F10D2} = {0DA273E9-09E1-4183-9F91-125BC3F1FC63}
		{A305A87B-F0D0-43A3-86B7-F3AA4647EEB0} = {0DA273E9-09E1-4183-9F91-125BC3F1FC63}
		{4FF3D03B-C96E-440D-8F5D-48235E17824F} = {0DA273E9-09E1-4183-9F91-125BC3F1FC63}
		{3FD6F479-4940-4BDE-A71F-8862B8F82D6E} = {0DA273E9-09E1-4183-9F91-125BC3F1FC63}
		{F5FABA32-0842-45EA-A88A-D660AC138678} = {0DA273E9-09E1-4183-9F91-125BC3F1FC63}
		{11C917F1-C49A-4C40-BB1A-188C4D68104C} = {D61A9837-49C9-4E5B-8754-2D9B99B78A91}
		{2F8F007C-622D-494C-96E4-667C9AF834E3} = {D61A9837-49C9-4E5B-8754-2D9B99B78A91}
		{EBB52A09-CF98-4772-A058-B9F4FA7BDF68} = {D61A9837-49C9-4E5B-8754-2D9B99B78A91}
		{CFED856D-8206-4EAD-9582-ABD2F04287F2} = {D61A9837-49C9-4E5B-8754-2D9B99B78A91}
		{0C0084E6-0610-41CA-AB4C-0867780315CD} = {D61A9837-49C9-4E5B-8754-2D9B99B78A91}
	EndGlobalSection
	GlobalSection(ExtensibilityGlobals) = postSolution
		SolutionGuid = {7B68B2D1-6D77-40AD-8D94-488789E500F3}
	EndGlobalSection
EndGlobal
