Microsoft Visual Studio Solution File, Format Version 12.00
# Visual Studio Version 17
VisualStudioVersion = 17.13.35913.81
MinimumVisualStudioVersion = 10.0.40219.1
Project("{2150E333-8FDC-42A3-9474-1A3956D46DE8}") = "Lab", "Lab", "{02EA681E-C7D8-13C7-8484-4AC65E1B71E8}"
EndProject
Project("{FAE04EC0-301F-11D3-BF4B-00C04F79EFBC}") = "01. Clock", "01. Clock\01. Clock.csproj", "{00BE3EF6-73BA-4C75-9C7F-572862DEF8BF}"
EndProject
Project("{FAE04EC0-301F-11D3-BF4B-00C04F79EFBC}") = "02. Multiplication table", "02. Multiplication table\02. Multiplication table.csproj", "{840A51C2-D493-43A8-8FBD-0EA1DF9B1899}"
EndProject
Project("{FAE04EC0-301F-11D3-BF4B-00C04F79EFBC}") = "03. Combinations", "03. Combinations\03. Combinations.csproj", "{D112BF16-476F-49A5-BCC5-048C4F2F2426}"
EndProject
Project("{FAE04EC0-301F-11D3-BF4B-00C04F79EFBC}") = "04. Sum of two numbers", "04. Sum of two numbers\04. Sum of two numbers.csproj", "{1C2E3725-FA88-4431-AAB9-8F3D02BDBB66}"
EndProject
Project("{FAE04EC0-301F-11D3-BF4B-00C04F79EFBC}") = "05. Travelling", "05. Travelling\05. Travelling.csproj", "{7DB843B8-6265-4561-9D5E-6A9B76AAB859}"
EndProject
Project("{FAE04EC0-301F-11D3-BF4B-00C04F79EFBC}") = "06. Building", "06. Building\06. Building.csproj", "{359FD505-871F-42C4-BFD4-05E636ECCA64}"
EndProject
Project("{2150E333-8FDC-42A3-9474-1A3956D46DE8}") = "Exercise", "Exercise", "{F5F73450-844D-4A87-9D2D-98AE543B27F1}"
EndProject
Project("{FAE04EC0-301F-11D3-BF4B-00C04F79EFBC}") = "01. Number pyramid", "01. Number pyramid\01. Number pyramid.csproj", "{1A03FC18-3A81-49CC-BF1E-5C823E3F6A3E}"
EndProject
Project("{FAE04EC0-301F-11D3-BF4B-00C04F79EFBC}") = "02. Equal sums even odd position", "02. Equal sums even odd position\02. Equal sums even odd position.csproj", "{73DEAC4D-6FAA-4036-9E06-148E86547D3F}"
EndProject
Project("{FAE04EC0-301F-11D3-BF4B-00C04F79EFBC}") = "03. Sum prime non prime", "03. Sum prime non prime\03. Sum prime non prime.csproj", "{41EA8A79-28BB-4E13-ADC7-BBC2AD1F417A}"
EndProject
Project("{FAE04EC0-301F-11D3-BF4B-00C04F79EFBC}") = "04. Train the trainers", "04. Train the trainers\04. Train the trainers.csproj", "{7FCA0160-334D-4937-B644-54B0B1DD831C}"
EndProject
Project("{FAE04EC0-301F-11D3-BF4B-00C04F79EFBC}") = "05. Special numbers", "05. Special numbers\05. Special numbers.csproj", "{CCB06976-EED7-41CF-BCF0-540F1C86769C}"
EndProject
Project("{FAE04EC0-301F-11D3-BF4B-00C04F79EFBC}") = "06. Cinema tickets", "06. Cinema tickets\06. Cinema tickets.csproj", "{3A08B157-E029-43B6-B418-7F31B8C06B6D}"
EndProject
Global
	GlobalSection(SolutionConfigurationPlatforms) = preSolution
		Debug|Any CPU = Debug|Any CPU
		Release|Any CPU = Release|Any CPU
	EndGlobalSection
	GlobalSection(ProjectConfigurationPlatforms) = postSolution
		{00BE3EF6-73BA-4C75-9C7F-572862DEF8BF}.Debug|Any CPU.ActiveCfg = Debug|Any CPU
		{00BE3EF6-73BA-4C75-9C7F-572862DEF8BF}.Debug|Any CPU.Build.0 = Debug|Any CPU
		{00BE3EF6-73BA-4C75-9C7F-572862DEF8BF}.Release|Any CPU.ActiveCfg = Release|Any CPU
		{00BE3EF6-73BA-4C75-9C7F-572862DEF8BF}.Release|Any CPU.Build.0 = Release|Any CPU
		{840A51C2-D493-43A8-8FBD-0EA1DF9B1899}.Debug|Any CPU.ActiveCfg = Debug|Any CPU
		{840A51C2-D493-43A8-8FBD-0EA1DF9B1899}.Debug|Any CPU.Build.0 = Debug|Any CPU
		{840A51C2-D493-43A8-8FBD-0EA1DF9B1899}.Release|Any CPU.ActiveCfg = Release|Any CPU
		{840A51C2-D493-43A8-8FBD-0EA1DF9B1899}.Release|Any CPU.Build.0 = Release|Any CPU
		{D112BF16-476F-49A5-BCC5-048C4F2F2426}.Debug|Any CPU.ActiveCfg = Debug|Any CPU
		{D112BF16-476F-49A5-BCC5-048C4F2F2426}.Debug|Any CPU.Build.0 = Debug|Any CPU
		{D112BF16-476F-49A5-BCC5-048C4F2F2426}.Release|Any CPU.ActiveCfg = Release|Any CPU
		{D112BF16-476F-49A5-BCC5-048C4F2F2426}.Release|Any CPU.Build.0 = Release|Any CPU
		{1C2E3725-FA88-4431-AAB9-8F3D02BDBB66}.Debug|Any CPU.ActiveCfg = Debug|Any CPU
		{1C2E3725-FA88-4431-AAB9-8F3D02BDBB66}.Debug|Any CPU.Build.0 = Debug|Any CPU
		{1C2E3725-FA88-4431-AAB9-8F3D02BDBB66}.Release|Any CPU.ActiveCfg = Release|Any CPU
		{1C2E3725-FA88-4431-AAB9-8F3D02BDBB66}.Release|Any CPU.Build.0 = Release|Any CPU
		{7DB843B8-6265-4561-9D5E-6A9B76AAB859}.Debug|Any CPU.ActiveCfg = Debug|Any CPU
		{7DB843B8-6265-4561-9D5E-6A9B76AAB859}.Debug|Any CPU.Build.0 = Debug|Any CPU
		{7DB843B8-6265-4561-9D5E-6A9B76AAB859}.Release|Any CPU.ActiveCfg = Release|Any CPU
		{7DB843B8-6265-4561-9D5E-6A9B76AAB859}.Release|Any CPU.Build.0 = Release|Any CPU
		{359FD505-871F-42C4-BFD4-05E636ECCA64}.Debug|Any CPU.ActiveCfg = Debug|Any CPU
		{359FD505-871F-42C4-BFD4-05E636ECCA64}.Debug|Any CPU.Build.0 = Debug|Any CPU
		{359FD505-871F-42C4-BFD4-05E636ECCA64}.Release|Any CPU.ActiveCfg = Release|Any CPU
		{359FD505-871F-42C4-BFD4-05E636ECCA64}.Release|Any CPU.Build.0 = Release|Any CPU
		{1A03FC18-3A81-49CC-BF1E-5C823E3F6A3E}.Debug|Any CPU.ActiveCfg = Debug|Any CPU
		{1A03FC18-3A81-49CC-BF1E-5C823E3F6A3E}.Debug|Any CPU.Build.0 = Debug|Any CPU
		{1A03FC18-3A81-49CC-BF1E-5C823E3F6A3E}.Release|Any CPU.ActiveCfg = Release|Any CPU
		{1A03FC18-3A81-49CC-BF1E-5C823E3F6A3E}.Release|Any CPU.Build.0 = Release|Any CPU
		{73DEAC4D-6FAA-4036-9E06-148E86547D3F}.Debug|Any CPU.ActiveCfg = Debug|Any CPU
		{73DEAC4D-6FAA-4036-9E06-148E86547D3F}.Debug|Any CPU.Build.0 = Debug|Any CPU
		{73DEAC4D-6FAA-4036-9E06-148E86547D3F}.Release|Any CPU.ActiveCfg = Release|Any CPU
		{73DEAC4D-6FAA-4036-9E06-148E86547D3F}.Release|Any CPU.Build.0 = Release|Any CPU
		{41EA8A79-28BB-4E13-ADC7-BBC2AD1F417A}.Debug|Any CPU.ActiveCfg = Debug|Any CPU
		{41EA8A79-28BB-4E13-ADC7-BBC2AD1F417A}.Debug|Any CPU.Build.0 = Debug|Any CPU
		{41EA8A79-28BB-4E13-ADC7-BBC2AD1F417A}.Release|Any CPU.ActiveCfg = Release|Any CPU
		{41EA8A79-28BB-4E13-ADC7-BBC2AD1F417A}.Release|Any CPU.Build.0 = Release|Any CPU
		{7FCA0160-334D-4937-B644-54B0B1DD831C}.Debug|Any CPU.ActiveCfg = Debug|Any CPU
		{7FCA0160-334D-4937-B644-54B0B1DD831C}.Debug|Any CPU.Build.0 = Debug|Any CPU
		{7FCA0160-334D-4937-B644-54B0B1DD831C}.Release|Any CPU.ActiveCfg = Release|Any CPU
		{7FCA0160-334D-4937-B644-54B0B1DD831C}.Release|Any CPU.Build.0 = Release|Any CPU
		{CCB06976-EED7-41CF-BCF0-540F1C86769C}.Debug|Any CPU.ActiveCfg = Debug|Any CPU
		{CCB06976-EED7-41CF-BCF0-540F1C86769C}.Debug|Any CPU.Build.0 = Debug|Any CPU
		{CCB06976-EED7-41CF-BCF0-540F1C86769C}.Release|Any CPU.ActiveCfg = Release|Any CPU
		{CCB06976-EED7-41CF-BCF0-540F1C86769C}.Release|Any CPU.Build.0 = Release|Any CPU
		{3A08B157-E029-43B6-B418-7F31B8C06B6D}.Debug|Any CPU.ActiveCfg = Debug|Any CPU
		{3A08B157-E029-43B6-B418-7F31B8C06B6D}.Debug|Any CPU.Build.0 = Debug|Any CPU
		{3A08B157-E029-43B6-B418-7F31B8C06B6D}.Release|Any CPU.ActiveCfg = Release|Any CPU
		{3A08B157-E029-43B6-B418-7F31B8C06B6D}.Release|Any CPU.Build.0 = Release|Any CPU
	EndGlobalSection
	GlobalSection(SolutionProperties) = preSolution
		HideSolutionNode = FALSE
	EndGlobalSection
	GlobalSection(NestedProjects) = preSolution
		{00BE3EF6-73BA-4C75-9C7F-572862DEF8BF} = {02EA681E-C7D8-13C7-8484-4AC65E1B71E8}
		{840A51C2-D493-43A8-8FBD-0EA1DF9B1899} = {02EA681E-C7D8-13C7-8484-4AC65E1B71E8}
		{D112BF16-476F-49A5-BCC5-048C4F2F2426} = {02EA681E-C7D8-13C7-8484-4AC65E1B71E8}
		{1C2E3725-FA88-4431-AAB9-8F3D02BDBB66} = {02EA681E-C7D8-13C7-8484-4AC65E1B71E8}
		{7DB843B8-6265-4561-9D5E-6A9B76AAB859} = {02EA681E-C7D8-13C7-8484-4AC65E1B71E8}
		{359FD505-871F-42C4-BFD4-05E636ECCA64} = {02EA681E-C7D8-13C7-8484-4AC65E1B71E8}
		{1A03FC18-3A81-49CC-BF1E-5C823E3F6A3E} = {F5F73450-844D-4A87-9D2D-98AE543B27F1}
		{73DEAC4D-6FAA-4036-9E06-148E86547D3F} = {F5F73450-844D-4A87-9D2D-98AE543B27F1}
		{41EA8A79-28BB-4E13-ADC7-BBC2AD1F417A} = {F5F73450-844D-4A87-9D2D-98AE543B27F1}
		{7FCA0160-334D-4937-B644-54B0B1DD831C} = {F5F73450-844D-4A87-9D2D-98AE543B27F1}
		{CCB06976-EED7-41CF-BCF0-540F1C86769C} = {F5F73450-844D-4A87-9D2D-98AE543B27F1}
		{3A08B157-E029-43B6-B418-7F31B8C06B6D} = {F5F73450-844D-4A87-9D2D-98AE543B27F1}
	EndGlobalSection
	GlobalSection(ExtensibilityGlobals) = postSolution
		SolutionGuid = {D798E13D-B9A4-4E87-8DF2-532669918455}
	EndGlobalSection
EndGlobal
