
Microsoft Visual Studio Solution File, Format Version 12.00
# Visual Studio Version 17
VisualStudioVersion = 17.14.36121.58
MinimumVisualStudioVersion = 10.0.40219.1
Project("{2150E333-8FDC-42A3-9474-1A3956D46DE8}") = "Lab", "Lab", "{02EA681E-C7D8-13C7-8484-4AC65E1B71E8}"
EndProject
Project("{2150E333-8FDC-42A3-9474-1A3956D46DE8}") = "Exercise", "Exercise", "{33753166-FFE1-4D0F-95DA-D881583CFED6}"
EndProject
Project("{FAE04EC0-301F-11D3-BF4B-00C04F79EFBC}") = "01. Action print", "01. Action print\01. Action print.csproj", "{4687F667-66FA-4A93-88F4-B39784804C5F}"
EndProject
Project("{FAE04EC0-301F-11D3-BF4B-00C04F79EFBC}") = "02. Knights of honor", "02. Knights of honor\02. Knights of honor.csproj", "{6BCF8FBC-9BF0-4E72-9BB3-D83F2E7E83C1}"
EndProject
Project("{FAE04EC0-301F-11D3-BF4B-00C04F79EFBC}") = "03. Custom min function", "03. Custom min function\03. Custom min function.csproj", "{62EC4969-57DC-428E-842C-4FB09BCC440C}"
EndProject
Project("{FAE04EC0-301F-11D3-BF4B-00C04F79EFBC}") = "04. Find evens or odds", "04. Find evens or odds\04. Find evens or odds.csproj", "{F168C50C-7B33-4F57-9410-9722AA77E2CC}"
EndProject
Project("{FAE04EC0-301F-11D3-BF4B-00C04F79EFBC}") = "05. Applied arithmetics", "05. Applied arithmetics\05. Applied arithmetics.csproj", "{CE65C53B-314E-45C2-BB24-8D9E2D026FBB}"
EndProject
Project("{FAE04EC0-301F-11D3-BF4B-00C04F79EFBC}") = "06. Reverse and exclude", "06. Reverse and exclude\06. Reverse and exclude.csproj", "{06B345EC-9BA1-449C-A25C-5A25C7FCDC13}"
EndProject
Project("{FAE04EC0-301F-11D3-BF4B-00C04F79EFBC}") = "07. Predicate for names", "07. Predicate for names\07. Predicate for names.csproj", "{F62D4916-29FF-4563-A5BA-765C5E503EF7}"
EndProject
Project("{FAE04EC0-301F-11D3-BF4B-00C04F79EFBC}") = "08. List of predicates", "08. List of predicates\08. List of predicates.csproj", "{B3591211-A966-4E3D-82DF-890BA53A0B10}"
EndProject
Project("{FAE04EC0-301F-11D3-BF4B-00C04F79EFBC}") = "09. Predicate party!", "09. Predicate party!\09. Predicate party!.csproj", "{A70D574F-444F-4344-BE12-A6884AB65968}"
EndProject
Project("{FAE04EC0-301F-11D3-BF4B-00C04F79EFBC}") = "10. Party reservation filter module", "10. Party reservation filter module\10. Party reservation filter module.csproj", "{5910DA4A-3823-47D8-8AB2-D66824703FAE}"
EndProject
Project("{FAE04EC0-301F-11D3-BF4B-00C04F79EFBC}") = "11. TriFunction", "11. TriFunction\11. TriFunction.csproj", "{F1917C78-AA70-4E0F-9CE9-BAD42C0BAD14}"
EndProject
Project("{FAE04EC0-301F-11D3-BF4B-00C04F79EFBC}") = "04. Add VAT", "04. Add VAT\04. Add VAT.csproj", "{DE98F110-C9CB-D52A-C68B-E4A42A5128C2}"
EndProject
Project("{FAE04EC0-301F-11D3-BF4B-00C04F79EFBC}") = "01. Sort even numbers", "01. Sort even numbers\01. Sort even numbers.csproj", "{CE3C355D-A39A-2AFA-9FF5-73E2A6FA2BAD}"
EndProject
Project("{FAE04EC0-301F-11D3-BF4B-00C04F79EFBC}") = "02. Sum numbers", "02. Sum numbers\02. Sum numbers.csproj", "{5403FBFB-1352-13AF-8547-85F8076E22DF}"
EndProject
Project("{FAE04EC0-301F-11D3-BF4B-00C04F79EFBC}") = "03. Count uppercase words", "03. Count uppercase words\03. Count uppercase words.csproj", "{37751C0B-C95C-72B5-1F0E-8D6CEB21A85F}"
EndProject
Project("{FAE04EC0-301F-11D3-BF4B-00C04F79EFBC}") = "05. Filter by age", "05. Filter by age\05. Filter by age.csproj", "{A3ACC345-B679-564E-59B0-E6C51AAB68FA}"
EndProject
Global
	GlobalSection(SolutionConfigurationPlatforms) = preSolution
		Debug|Any CPU = Debug|Any CPU
		Release|Any CPU = Release|Any CPU
	EndGlobalSection
	GlobalSection(ProjectConfigurationPlatforms) = postSolution
		{4687F667-66FA-4A93-88F4-B39784804C5F}.Debug|Any CPU.ActiveCfg = Debug|Any CPU
		{4687F667-66FA-4A93-88F4-B39784804C5F}.Debug|Any CPU.Build.0 = Debug|Any CPU
		{4687F667-66FA-4A93-88F4-B39784804C5F}.Release|Any CPU.ActiveCfg = Release|Any CPU
		{4687F667-66FA-4A93-88F4-B39784804C5F}.Release|Any CPU.Build.0 = Release|Any CPU
		{6BCF8FBC-9BF0-4E72-9BB3-D83F2E7E83C1}.Debug|Any CPU.ActiveCfg = Debug|Any CPU
		{6BCF8FBC-9BF0-4E72-9BB3-D83F2E7E83C1}.Debug|Any CPU.Build.0 = Debug|Any CPU
		{6BCF8FBC-9BF0-4E72-9BB3-D83F2E7E83C1}.Release|Any CPU.ActiveCfg = Release|Any CPU
		{6BCF8FBC-9BF0-4E72-9BB3-D83F2E7E83C1}.Release|Any CPU.Build.0 = Release|Any CPU
		{62EC4969-57DC-428E-842C-4FB09BCC440C}.Debug|Any CPU.ActiveCfg = Debug|Any CPU
		{62EC4969-57DC-428E-842C-4FB09BCC440C}.Debug|Any CPU.Build.0 = Debug|Any CPU
		{62EC4969-57DC-428E-842C-4FB09BCC440C}.Release|Any CPU.ActiveCfg = Release|Any CPU
		{62EC4969-57DC-428E-842C-4FB09BCC440C}.Release|Any CPU.Build.0 = Release|Any CPU
		{F168C50C-7B33-4F57-9410-9722AA77E2CC}.Debug|Any CPU.ActiveCfg = Debug|Any CPU
		{F168C50C-7B33-4F57-9410-9722AA77E2CC}.Debug|Any CPU.Build.0 = Debug|Any CPU
		{F168C50C-7B33-4F57-9410-9722AA77E2CC}.Release|Any CPU.ActiveCfg = Release|Any CPU
		{F168C50C-7B33-4F57-9410-9722AA77E2CC}.Release|Any CPU.Build.0 = Release|Any CPU
		{CE65C53B-314E-45C2-BB24-8D9E2D026FBB}.Debug|Any CPU.ActiveCfg = Debug|Any CPU
		{CE65C53B-314E-45C2-BB24-8D9E2D026FBB}.Debug|Any CPU.Build.0 = Debug|Any CPU
		{CE65C53B-314E-45C2-BB24-8D9E2D026FBB}.Release|Any CPU.ActiveCfg = Release|Any CPU
		{CE65C53B-314E-45C2-BB24-8D9E2D026FBB}.Release|Any CPU.Build.0 = Release|Any CPU
		{06B345EC-9BA1-449C-A25C-5A25C7FCDC13}.Debug|Any CPU.ActiveCfg = Debug|Any CPU
		{06B345EC-9BA1-449C-A25C-5A25C7FCDC13}.Debug|Any CPU.Build.0 = Debug|Any CPU
		{06B345EC-9BA1-449C-A25C-5A25C7FCDC13}.Release|Any CPU.ActiveCfg = Release|Any CPU
		{06B345EC-9BA1-449C-A25C-5A25C7FCDC13}.Release|Any CPU.Build.0 = Release|Any CPU
		{F62D4916-29FF-4563-A5BA-765C5E503EF7}.Debug|Any CPU.ActiveCfg = Debug|Any CPU
		{F62D4916-29FF-4563-A5BA-765C5E503EF7}.Debug|Any CPU.Build.0 = Debug|Any CPU
		{F62D4916-29FF-4563-A5BA-765C5E503EF7}.Release|Any CPU.ActiveCfg = Release|Any CPU
		{F62D4916-29FF-4563-A5BA-765C5E503EF7}.Release|Any CPU.Build.0 = Release|Any CPU
		{B3591211-A966-4E3D-82DF-890BA53A0B10}.Debug|Any CPU.ActiveCfg = Debug|Any CPU
		{B3591211-A966-4E3D-82DF-890BA53A0B10}.Debug|Any CPU.Build.0 = Debug|Any CPU
		{B3591211-A966-4E3D-82DF-890BA53A0B10}.Release|Any CPU.ActiveCfg = Release|Any CPU
		{B3591211-A966-4E3D-82DF-890BA53A0B10}.Release|Any CPU.Build.0 = Release|Any CPU
		{A70D574F-444F-4344-BE12-A6884AB65968}.Debug|Any CPU.ActiveCfg = Debug|Any CPU
		{A70D574F-444F-4344-BE12-A6884AB65968}.Debug|Any CPU.Build.0 = Debug|Any CPU
		{A70D574F-444F-4344-BE12-A6884AB65968}.Release|Any CPU.ActiveCfg = Release|Any CPU
		{A70D574F-444F-4344-BE12-A6884AB65968}.Release|Any CPU.Build.0 = Release|Any CPU
		{5910DA4A-3823-47D8-8AB2-D66824703FAE}.Debug|Any CPU.ActiveCfg = Debug|Any CPU
		{5910DA4A-3823-47D8-8AB2-D66824703FAE}.Debug|Any CPU.Build.0 = Debug|Any CPU
		{5910DA4A-3823-47D8-8AB2-D66824703FAE}.Release|Any CPU.ActiveCfg = Release|Any CPU
		{5910DA4A-3823-47D8-8AB2-D66824703FAE}.Release|Any CPU.Build.0 = Release|Any CPU
		{F1917C78-AA70-4E0F-9CE9-BAD42C0BAD14}.Debug|Any CPU.ActiveCfg = Debug|Any CPU
		{F1917C78-AA70-4E0F-9CE9-BAD42C0BAD14}.Debug|Any CPU.Build.0 = Debug|Any CPU
		{F1917C78-AA70-4E0F-9CE9-BAD42C0BAD14}.Release|Any CPU.ActiveCfg = Release|Any CPU
		{F1917C78-AA70-4E0F-9CE9-BAD42C0BAD14}.Release|Any CPU.Build.0 = Release|Any CPU
		{DE98F110-C9CB-D52A-C68B-E4A42A5128C2}.Debug|Any CPU.ActiveCfg = Debug|Any CPU
		{DE98F110-C9CB-D52A-C68B-E4A42A5128C2}.Debug|Any CPU.Build.0 = Debug|Any CPU
		{DE98F110-C9CB-D52A-C68B-E4A42A5128C2}.Release|Any CPU.ActiveCfg = Release|Any CPU
		{DE98F110-C9CB-D52A-C68B-E4A42A5128C2}.Release|Any CPU.Build.0 = Release|Any CPU
		{CE3C355D-A39A-2AFA-9FF5-73E2A6FA2BAD}.Debug|Any CPU.ActiveCfg = Debug|Any CPU
		{CE3C355D-A39A-2AFA-9FF5-73E2A6FA2BAD}.Debug|Any CPU.Build.0 = Debug|Any CPU
		{CE3C355D-A39A-2AFA-9FF5-73E2A6FA2BAD}.Release|Any CPU.ActiveCfg = Release|Any CPU
		{CE3C355D-A39A-2AFA-9FF5-73E2A6FA2BAD}.Release|Any CPU.Build.0 = Release|Any CPU
		{5403FBFB-1352-13AF-8547-85F8076E22DF}.Debug|Any CPU.ActiveCfg = Debug|Any CPU
		{5403FBFB-1352-13AF-8547-85F8076E22DF}.Debug|Any CPU.Build.0 = Debug|Any CPU
		{5403FBFB-1352-13AF-8547-85F8076E22DF}.Release|Any CPU.ActiveCfg = Release|Any CPU
		{5403FBFB-1352-13AF-8547-85F8076E22DF}.Release|Any CPU.Build.0 = Release|Any CPU
		{37751C0B-C95C-72B5-1F0E-8D6CEB21A85F}.Debug|Any CPU.ActiveCfg = Debug|Any CPU
		{37751C0B-C95C-72B5-1F0E-8D6CEB21A85F}.Debug|Any CPU.Build.0 = Debug|Any CPU
		{37751C0B-C95C-72B5-1F0E-8D6CEB21A85F}.Release|Any CPU.ActiveCfg = Release|Any CPU
		{37751C0B-C95C-72B5-1F0E-8D6CEB21A85F}.Release|Any CPU.Build.0 = Release|Any CPU
		{A3ACC345-B679-564E-59B0-E6C51AAB68FA}.Debug|Any CPU.ActiveCfg = Debug|Any CPU
		{A3ACC345-B679-564E-59B0-E6C51AAB68FA}.Debug|Any CPU.Build.0 = Debug|Any CPU
		{A3ACC345-B679-564E-59B0-E6C51AAB68FA}.Release|Any CPU.ActiveCfg = Release|Any CPU
		{A3ACC345-B679-564E-59B0-E6C51AAB68FA}.Release|Any CPU.Build.0 = Release|Any CPU
	EndGlobalSection
	GlobalSection(SolutionProperties) = preSolution
		HideSolutionNode = FALSE
	EndGlobalSection
	GlobalSection(NestedProjects) = preSolution
		{4687F667-66FA-4A93-88F4-B39784804C5F} = {33753166-FFE1-4D0F-95DA-D881583CFED6}
		{6BCF8FBC-9BF0-4E72-9BB3-D83F2E7E83C1} = {33753166-FFE1-4D0F-95DA-D881583CFED6}
		{62EC4969-57DC-428E-842C-4FB09BCC440C} = {33753166-FFE1-4D0F-95DA-D881583CFED6}
		{F168C50C-7B33-4F57-9410-9722AA77E2CC} = {33753166-FFE1-4D0F-95DA-D881583CFED6}
		{CE65C53B-314E-45C2-BB24-8D9E2D026FBB} = {33753166-FFE1-4D0F-95DA-D881583CFED6}
		{06B345EC-9BA1-449C-A25C-5A25C7FCDC13} = {33753166-FFE1-4D0F-95DA-D881583CFED6}
		{F62D4916-29FF-4563-A5BA-765C5E503EF7} = {33753166-FFE1-4D0F-95DA-D881583CFED6}
		{B3591211-A966-4E3D-82DF-890BA53A0B10} = {33753166-FFE1-4D0F-95DA-D881583CFED6}
		{A70D574F-444F-4344-BE12-A6884AB65968} = {33753166-FFE1-4D0F-95DA-D881583CFED6}
		{5910DA4A-3823-47D8-8AB2-D66824703FAE} = {33753166-FFE1-4D0F-95DA-D881583CFED6}
		{F1917C78-AA70-4E0F-9CE9-BAD42C0BAD14} = {33753166-FFE1-4D0F-95DA-D881583CFED6}
		{DE98F110-C9CB-D52A-C68B-E4A42A5128C2} = {02EA681E-C7D8-13C7-8484-4AC65E1B71E8}
		{CE3C355D-A39A-2AFA-9FF5-73E2A6FA2BAD} = {02EA681E-C7D8-13C7-8484-4AC65E1B71E8}
		{5403FBFB-1352-13AF-8547-85F8076E22DF} = {02EA681E-C7D8-13C7-8484-4AC65E1B71E8}
		{37751C0B-C95C-72B5-1F0E-8D6CEB21A85F} = {02EA681E-C7D8-13C7-8484-4AC65E1B71E8}
		{A3ACC345-B679-564E-59B0-E6C51AAB68FA} = {02EA681E-C7D8-13C7-8484-4AC65E1B71E8}
	EndGlobalSection
	GlobalSection(ExtensibilityGlobals) = postSolution
		SolutionGuid = {AF498887-90F1-4722-B01D-6A0A59C26820}
	EndGlobalSection
EndGlobal
