Microsoft Visual Studio Solution File, Format Version 12.00
# Visual Studio Version 17
VisualStudioVersion = 17.13.35931.197
MinimumVisualStudioVersion = 10.0.40219.1
Project("{2150E333-8FDC-42A3-9474-1A3956D46DE8}") = "Lab", "Lab", "{02EA681E-C7D8-13C7-8484-4AC65E1B71E8}" # Lab
EndProject
Project("{FAE04EC0-301F-11D3-BF4B-00C04F79EFBC}") = "01. Sum adjacent equal numbers", "01. Sum adjacent equal numbers\01. Sum adjacent equal numbers.csproj", "{5BD3D7B4-0FAE-404B-AAE2-14EE6DFB95EC}"
EndProject
Project("{FAE04EC0-301F-11D3-BF4B-00C04F79EFBC}") = "02. Gauss' trick", "02. Gauss' trick\02. Gauss' trick.csproj", "{11F6E965-0C98-4E53-A09F-65B526442E51}"
EndProject
Project("{FAE04EC0-301F-11D3-BF4B-00C04F79EFBC}") = "03. Merging lists", "03. Merging lists\03. Merging lists.csproj", "{B3C5A1EB-231F-44ED-9184-83FB2F472012}"
EndProject
Project("{FAE04EC0-301F-11D3-BF4B-00C04F79EFBC}") = "04. List of products", "04. List of products\04. List of products.csproj", "{35BB6401-C555-42F1-A6F7-47087A426744}"
EndProject
Project("{FAE04EC0-301F-11D3-BF4B-00C04F79EFBC}") = "05. Remove negatives and reverse", "05. Remove negatives and reverse\05. Remove negatives and reverse.csproj", "{04ADFC6F-0B90-468C-85E2-0C7B3CEEF487}"
EndProject
Project("{FAE04EC0-301F-11D3-BF4B-00C04F79EFBC}") = "06. List manipulation basics", "06. List manipulation basics\06. List manipulation basics.csproj", "{081B7C31-9D27-4719-87B4-B0FDD77F06A0}"
EndProject
Project("{FAE04EC0-301F-11D3-BF4B-00C04F79EFBC}") = "07. List manipulation advanced", "07. List manipulation advanced\07. List manipulation advanced.csproj", "{5B7EAE46-5C90-4913-8F58-581E01E35FC7}"
EndProject
Project("{2150E333-8FDC-42A3-9474-1A3956D46DE8}") = "Exercise", "Exercise", "{7CE53948-36FD-41D8-97B8-847E490FAF70}" # Exercise
EndProject
Project("{FAE04EC0-301F-11D3-BF4B-00C04F79EFBC}") = "01. Train", "01. Train\01. Train.csproj", "{269915BC-6103-4710-8FAB-8387C3510225}"
EndProject
Project("{FAE04EC0-301F-11D3-BF4B-00C04F79EFBC}") = "02. Change list", "02. Change list\02. Change list.csproj", "{CB726FD4-EF90-49CB-843C-85A54E2C1638}"
EndProject
Project("{FAE04EC0-301F-11D3-BF4B-00C04F79EFBC}") = "03. House party", "03. House party\03. House party.csproj", "{96E8F17A-8461-4DD8-B4E6-75ADFB3E23D9}"
EndProject
Project("{FAE04EC0-301F-11D3-BF4B-00C04F79EFBC}") = "04. List operations", "04. List operations\04. List operations.csproj", "{C0D5DEAC-F763-438C-BC3A-897C35A31E17}"
EndProject
Project("{FAE04EC0-301F-11D3-BF4B-00C04F79EFBC}") = "05. Bomb numbers", "05. Bomb numbers\05. Bomb numbers.csproj", "{5F5E366D-0395-465B-BE56-473488B73BE4}"
EndProject
Project("{FAE04EC0-301F-11D3-BF4B-00C04F79EFBC}") = "06. Cards game", "06. Cards game\06. Cards game.csproj", "{37DFBD78-1473-448C-912C-AC77A387E135}"
EndProject
Project("{FAE04EC0-301F-11D3-BF4B-00C04F79EFBC}") = "07. Append arrays", "07. Append arrays\07. Append arrays.csproj", "{5251A45B-5945-42AE-95E2-C052FEBC235C}"
EndProject
Project("{FAE04EC0-301F-11D3-BF4B-00C04F79EFBC}") = "08. Pokemon don't go (!)", "08. Pokemon don't go (!)\08. Pokemon don't go (!).csproj", "{27955ADA-1A42-48AB-8406-EDE1476EA0CE}"
EndProject
Project("{2150E333-8FDC-42A3-9474-1A3956D46DE8}") = "More exercise", "More exercise", "{6AD102EE-3A0B-4526-BFC3-2294423C26B0}" # More Exercise
EndProject
Project("{FAE04EC0-301F-11D3-BF4B-00C04F79EFBC}") = "01. Messaging", "01. Messaging\01. Messaging.csproj", "{E8952515-568F-4347-9975-2D1558E0D02B}"
EndProject
Project("{FAE04EC0-301F-11D3-BF4B-00C04F79EFBC}") = "02. Car race", "02. Car race\02. Car race.csproj", "{D35556F1-8DC0-484B-B2C3-EFBBAE5E21C2}"
EndProject
Project("{FAE04EC0-301F-11D3-BF4B-00C04F79EFBC}") = "03. Take or skip rope", "03. Take or skip rope\03. Take or skip rope.csproj", "{5EB1FDC9-7071-4FB1-9BCB-F3C91B12B241}"
EndProject
Project("{FAE04EC0-301F-11D3-BF4B-00C04F79EFBC}") = "04. Mixed up lists", "04. Mixed up lists\04. Mixed up lists.csproj", "{851C24B3-F372-4FE8-BE7B-F8339D67A6A0}"
EndProject
Project("{FAE04EC0-301F-11D3-BF4B-00C04F79EFBC}") = "05. Drum set", "05. Drum set\05. Drum set.csproj", "{EA55174C-C270-486D-8ACB-C8FCBF7C8677}"
EndProject
Global
	GlobalSection(SolutionConfigurationPlatforms) = preSolution
		Debug|Any CPU = Debug|Any CPU
		Release|Any CPU = Release|Any CPU
	EndGlobalSection
	GlobalSection(ProjectConfigurationPlatforms) = postSolution
		{5BD3D7B4-0FAE-404B-AAE2-14EE6DFB95EC}.Debug|Any CPU.ActiveCfg = Debug|Any CPU
		{5BD3D7B4-0FAE-404B-AAE2-14EE6DFB95EC}.Debug|Any CPU.Build.0 = Debug|Any CPU
		{5BD3D7B4-0FAE-404B-AAE2-14EE6DFB95EC}.Release|Any CPU.ActiveCfg = Release|Any CPU
		{5BD3D7B4-0FAE-404B-AAE2-14EE6DFB95EC}.Release|Any CPU.Build.0 = Release|Any CPU
		{11F6E965-0C98-4E53-A09F-65B526442E51}.Debug|Any CPU.ActiveCfg = Debug|Any CPU
		{11F6E965-0C98-4E53-A09F-65B526442E51}.Debug|Any CPU.Build.0 = Debug|Any CPU
		{11F6E965-0C98-4E53-A09F-65B526442E51}.Release|Any CPU.ActiveCfg = Release|Any CPU
		{11F6E965-0C98-4E53-A09F-65B526442E51}.Release|Any CPU.Build.0 = Release|Any CPU
		{B3C5A1EB-231F-44ED-9184-83FB2F472012}.Debug|Any CPU.ActiveCfg = Debug|Any CPU
		{B3C5A1EB-231F-44ED-9184-83FB2F472012}.Debug|Any CPU.Build.0 = Debug|Any CPU
		{B3C5A1EB-231F-44ED-9184-83FB2F472012}.Release|Any CPU.ActiveCfg = Release|Any CPU
		{B3C5A1EB-231F-44ED-9184-83FB2F472012}.Release|Any CPU.Build.0 = Release|Any CPU
		{35BB6401-C555-42F1-A6F7-47087A426744}.Debug|Any CPU.ActiveCfg = Debug|Any CPU
		{35BB6401-C555-42F1-A6F7-47087A426744}.Debug|Any CPU.Build.0 = Debug|Any CPU
		{35BB6401-C555-42F1-A6F7-47087A426744}.Release|Any CPU.ActiveCfg = Release|Any CPU
		{35BB6401-C555-42F1-A6F7-47087A426744}.Release|Any CPU.Build.0 = Release|Any CPU
		{04ADFC6F-0B90-468C-85E2-0C7B3CEEF487}.Debug|Any CPU.ActiveCfg = Debug|Any CPU
		{04ADFC6F-0B90-468C-85E2-0C7B3CEEF487}.Debug|Any CPU.Build.0 = Debug|Any CPU
		{04ADFC6F-0B90-468C-85E2-0C7B3CEEF487}.Release|Any CPU.ActiveCfg = Release|Any CPU
		{04ADFC6F-0B90-468C-85E2-0C7B3CEEF487}.Release|Any CPU.Build.0 = Release|Any CPU
		{081B7C31-9D27-4719-87B4-B0FDD77F06A0}.Debug|Any CPU.ActiveCfg = Debug|Any CPU
		{081B7C31-9D27-4719-87B4-B0FDD77F06A0}.Debug|Any CPU.Build.0 = Debug|Any CPU
		{081B7C31-9D27-4719-87B4-B0FDD77F06A0}.Release|Any CPU.ActiveCfg = Release|Any CPU
		{081B7C31-9D27-4719-87B4-B0FDD77F06A0}.Release|Any CPU.Build.0 = Release|Any CPU
		{5B7EAE46-5C90-4913-8F58-581E01E35FC7}.Debug|Any CPU.ActiveCfg = Debug|Any CPU
		{5B7EAE46-5C90-4913-8F58-581E01E35FC7}.Debug|Any CPU.Build.0 = Debug|Any CPU
		{5B7EAE46-5C90-4913-8F58-581E01E35FC7}.Release|Any CPU.ActiveCfg = Release|Any CPU
		{5B7EAE46-5C90-4913-8F58-581E01E35FC7}.Release|Any CPU.Build.0 = Release|Any CPU
		{269915BC-6103-4710-8FAB-8387C3510225}.Debug|Any CPU.ActiveCfg = Debug|Any CPU
		{269915BC-6103-4710-8FAB-8387C3510225}.Debug|Any CPU.Build.0 = Debug|Any CPU
		{269915BC-6103-4710-8FAB-8387C3510225}.Release|Any CPU.ActiveCfg = Release|Any CPU
		{269915BC-6103-4710-8FAB-8387C3510225}.Release|Any CPU.Build.0 = Release|Any CPU
		{CB726FD4-EF90-49CB-843C-85A54E2C1638}.Debug|Any CPU.ActiveCfg = Debug|Any CPU
		{CB726FD4-EF90-49CB-843C-85A54E2C1638}.Debug|Any CPU.Build.0 = Debug|Any CPU
		{CB726FD4-EF90-49CB-843C-85A54E2C1638}.Release|Any CPU.ActiveCfg = Release|Any CPU
		{CB726FD4-EF90-49CB-843C-85A54E2C1638}.Release|Any CPU.Build.0 = Release|Any CPU
		{96E8F17A-8461-4DD8-B4E6-75ADFB3E23D9}.Debug|Any CPU.ActiveCfg = Debug|Any CPU
		{96E8F17A-8461-4DD8-B4E6-75ADFB3E23D9}.Debug|Any CPU.Build.0 = Debug|Any CPU
		{96E8F17A-8461-4DD8-B4E6-75ADFB3E23D9}.Release|Any CPU.ActiveCfg = Release|Any CPU
		{96E8F17A-8461-4DD8-B4E6-75ADFB3E23D9}.Release|Any CPU.Build.0 = Release|Any CPU
		{C0D5DEAC-F763-438C-BC3A-897C35A31E17}.Debug|Any CPU.ActiveCfg = Debug|Any CPU
		{C0D5DEAC-F763-438C-BC3A-897C35A31E17}.Debug|Any CPU.Build.0 = Debug|Any CPU
		{C0D5DEAC-F763-438C-BC3A-897C35A31E17}.Release|Any CPU.ActiveCfg = Release|Any CPU
		{C0D5DEAC-F763-438C-BC3A-897C35A31E17}.Release|Any CPU.Build.0 = Release|Any CPU
		{5F5E366D-0395-465B-BE56-473488B73BE4}.Debug|Any CPU.ActiveCfg = Debug|Any CPU
		{5F5E366D-0395-465B-BE56-473488B73BE4}.Debug|Any CPU.Build.0 = Debug|Any CPU
		{5F5E366D-0395-465B-BE56-473488B73BE4}.Release|Any CPU.ActiveCfg = Release|Any CPU
		{5F5E366D-0395-465B-BE56-473488B73BE4}.Release|Any CPU.Build.0 = Release|Any CPU
		{37DFBD78-1473-448C-912C-AC77A387E135}.Debug|Any CPU.ActiveCfg = Debug|Any CPU
		{37DFBD78-1473-448C-912C-AC77A387E135}.Debug|Any CPU.Build.0 = Debug|Any CPU
		{37DFBD78-1473-448C-912C-AC77A387E135}.Release|Any CPU.ActiveCfg = Release|Any CPU
		{37DFBD78-1473-448C-912C-AC77A387E135}.Release|Any CPU.Build.0 = Release|Any CPU
		{5251A45B-5945-42AE-95E2-C052FEBC235C}.Debug|Any CPU.ActiveCfg = Debug|Any CPU
		{5251A45B-5945-42AE-95E2-C052FEBC235C}.Debug|Any CPU.Build.0 = Debug|Any CPU
		{5251A45B-5945-42AE-95E2-C052FEBC235C}.Release|Any CPU.ActiveCfg = Release|Any CPU
		{5251A45B-5945-42AE-95E2-C052FEBC235C}.Release|Any CPU.Build.0 = Release|Any CPU
		{27955ADA-1A42-48AB-8406-EDE1476EA0CE}.Debug|Any CPU.ActiveCfg = Debug|Any CPU
		{27955ADA-1A42-48AB-8406-EDE1476EA0CE}.Debug|Any CPU.Build.0 = Debug|Any CPU
		{27955ADA-1A42-48AB-8406-EDE1476EA0CE}.Release|Any CPU.ActiveCfg = Release|Any CPU
		{27955ADA-1A42-48AB-8406-EDE1476EA0CE}.Release|Any CPU.Build.0 = Release|Any CPU
		{E8952515-568F-4347-9975-2D1558E0D02B}.Debug|Any CPU.ActiveCfg = Debug|Any CPU
		{E8952515-568F-4347-9975-2D1558E0D02B}.Debug|Any CPU.Build.0 = Debug|Any CPU
		{E8952515-568F-4347-9975-2D1558E0D02B}.Release|Any CPU.ActiveCfg = Release|Any CPU
		{E8952515-568F-4347-9975-2D1558E0D02B}.Release|Any CPU.Build.0 = Release|Any CPU
		{D35556F1-8DC0-484B-B2C3-EFBBAE5E21C2}.Debug|Any CPU.ActiveCfg = Debug|Any CPU
		{D35556F1-8DC0-484B-B2C3-EFBBAE5E21C2}.Debug|Any CPU.Build.0 = Debug|Any CPU
		{D35556F1-8DC0-484B-B2C3-EFBBAE5E21C2}.Release|Any CPU.ActiveCfg = Release|Any CPU
		{D35556F1-8DC0-484B-B2C3-EFBBAE5E21C2}.Release|Any CPU.Build.0 = Release|Any CPU
		{5EB1FDC9-7071-4FB1-9BCB-F3C91B12B241}.Debug|Any CPU.ActiveCfg = Debug|Any CPU
		{5EB1FDC9-7071-4FB1-9BCB-F3C91B12B241}.Debug|Any CPU.Build.0 = Debug|Any CPU
		{5EB1FDC9-7071-4FB1-9BCB-F3C91B12B241}.Release|Any CPU.ActiveCfg = Release|Any CPU
		{5EB1FDC9-7071-4FB1-9BCB-F3C91B12B241}.Release|Any CPU.Build.0 = Release|Any CPU
		{851C24B3-F372-4FE8-BE7B-F8339D67A6A0}.Debug|Any CPU.ActiveCfg = Debug|Any CPU
		{851C24B3-F372-4FE8-BE7B-F8339D67A6A0}.Debug|Any CPU.Build.0 = Debug|Any CPU
		{851C24B3-F372-4FE8-BE7B-F8339D67A6A0}.Release|Any CPU.ActiveCfg = Release|Any CPU
		{851C24B3-F372-4FE8-BE7B-F8339D67A6A0}.Release|Any CPU.Build.0 = Release|Any CPU
		{EA55174C-C270-486D-8ACB-C8FCBF7C8677}.Debug|Any CPU.ActiveCfg = Debug|Any CPU
		{EA55174C-C270-486D-8ACB-C8FCBF7C8677}.Debug|Any CPU.Build.0 = Debug|Any CPU
		{EA55174C-C270-486D-8ACB-C8FCBF7C8677}.Release|Any CPU.ActiveCfg = Release|Any CPU
		{EA55174C-C270-486D-8ACB-C8FCBF7C8677}.Release|Any CPU.Build.0 = Release|Any CPU
	EndGlobalSection
	GlobalSection(SolutionProperties) = preSolution
		HideSolutionNode = FALSE
	EndGlobalSection
	GlobalSection(NestedProjects) = preSolution
		{5BD3D7B4-0FAE-404B-AAE2-14EE6DFB95EC} = {02EA681E-C7D8-13C7-8484-4AC65E1B71E8}
		{11F6E965-0C98-4E53-A09F-65B526442E51} = {02EA681E-C7D8-13C7-8484-4AC65E1B71E8}
		{B3C5A1EB-231F-44ED-9184-83FB2F472012} = {02EA681E-C7D8-13C7-8484-4AC65E1B71E8}
		{35BB6401-C555-42F1-A6F7-47087A426744} = {02EA681E-C7D8-13C7-8484-4AC65E1B71E8}
		{04ADFC6F-0B90-468C-85E2-0C7B3CEEF487} = {02EA681E-C7D8-13C7-8484-4AC65E1B71E8}
		{081B7C31-9D27-4719-87B4-B0FDD77F06A0} = {02EA681E-C7D8-13C7-8484-4AC65E1B71E8}
		{5B7EAE46-5C90-4913-8F58-581E01E35FC7} = {02EA681E-C7D8-13C7-8484-4AC65E1B71E8}
		{269915BC-6103-4710-8FAB-8387C3510225} = {7CE53948-36FD-41D8-97B8-847E490FAF70}
		{CB726FD4-EF90-49CB-843C-85A54E2C1638} = {7CE53948-36FD-41D8-97B8-847E490FAF70}
		{96E8F17A-8461-4DD8-B4E6-75ADFB3E23D9} = {7CE53948-36FD-41D8-97B8-847E490FAF70}
		{C0D5DEAC-F763-438C-BC3A-897C35A31E17} = {7CE53948-36FD-41D8-97B8-847E490FAF70}
		{5F5E366D-0395-465B-BE56-473488B73BE4} = {7CE53948-36FD-41D8-97B8-847E490FAF70}
		{37DFBD78-1473-448C-912C-AC77A387E135} = {7CE53948-36FD-41D8-97B8-847E490FAF70}
		{5251A45B-5945-42AE-95E2-C052FEBC235C} = {7CE53948-36FD-41D8-97B8-847E490FAF70}
		{27955ADA-1A42-48AB-8406-EDE1476EA0CE} = {7CE53948-36FD-41D8-97B8-847E490FAF70}
		{E8952515-568F-4347-9975-2D1558E0D02B} = {6AD102EE-3A0B-4526-BFC3-2294423C26B0}
		{D35556F1-8DC0-484B-B2C3-EFBBAE5E21C2} = {6AD102EE-3A0B-4526-BFC3-2294423C26B0}
		{5EB1FDC9-7071-4FB1-9BCB-F3C91B12B241} = {6AD102EE-3A0B-4526-BFC3-2294423C26B0}
		{851C24B3-F372-4FE8-BE7B-F8339D67A6A0} = {6AD102EE-3A0B-4526-BFC3-2294423C26B0}
		{EA55174C-C270-486D-8ACB-C8FCBF7C8677} = {6AD102EE-3A0B-4526-BFC3-2294423C26B0}
	EndGlobalSection
	GlobalSection(ExtensibilityGlobals) = postSolution
		SolutionGuid = {E2571548-7910-456A-8528-700164E5E1CD}
	EndGlobalSection
EndGlobal
