Microsoft Visual Studio Solution File, Format Version 12.00
# Visual Studio Version 17
VisualStudioVersion = 17.13.35931.197
MinimumVisualStudioVersion = 10.0.40219.1
Project("{2150E333-8FDC-42A3-9474-1A3956D46DE8}") = "Lab", "Lab", "{02EA681E-C7D8-13C7-8484-4AC65E1B71E8}" # Lab
EndProject
Project("{FAE04EC0-301F-11D3-BF4B-00C04F79EFBC}") = "01. Convert meters to kilometers", "01. Convert meters to kilometers\01. Convert meters to kilometers.csproj", "{2E480304-DC1A-4B95-B6EA-71FEAFFEAC5D}"
EndProject
Project("{FAE04EC0-301F-11D3-BF4B-00C04F79EFBC}") = "02. Pounds to dollars", "02. Pounds to dollars\02. Pounds to dollars.csproj", "{785FC851-D1A0-42DD-9283-4F89897562C1}"
EndProject
Project("{FAE04EC0-301F-11D3-BF4B-00C04F79EFBC}") = "03. Exact sum of real numbers", "03. Exact sum of real numbers\03. Exact sum of real numbers.csproj", "{AA8BA02D-0EE0-45D6-B991-A435E5B33FA9}"
EndProject
Project("{FAE04EC0-301F-11D3-BF4B-00C04F79EFBC}") = "04. Centuries to minutes", "04. Centuries to minutes\04. Centuries to minutes.csproj", "{AEA3BF1D-6B4E-4434-8C19-18A6C91CD4BA}"
EndProject
Project("{FAE04EC0-301F-11D3-BF4B-00C04F79EFBC}") = "05. Special numbers", "05. Special numbers\05. Special numbers.csproj", "{91854101-347A-4752-9A48-85D2C9222A69}"
EndProject
Project("{FAE04EC0-301F-11D3-BF4B-00C04F79EFBC}") = "06. Reverse chars", "06. Reverse chars\06. Reverse chars.csproj", "{BB028072-060C-4284-9614-FD95BE0D4028}"
EndProject
Project("{FAE04EC0-301F-11D3-BF4B-00C04F79EFBC}") = "07. Concat names", "07. Concat names\07. Concat names.csproj", "{3F7DDEDB-09EF-4C15-ABAA-54639C5F5DEC}"
EndProject
Project("{FAE04EC0-301F-11D3-BF4B-00C04F79EFBC}") = "08. Town info", "08. Town info\08. Town info.csproj", "{B068981B-4B07-4C50-8EBC-5F755DA19B47}"
EndProject
Project("{FAE04EC0-301F-11D3-BF4B-00C04F79EFBC}") = "09. Chars to string", "09. Chars to string\09. Chars to string.csproj", "{EC5DE5E5-495D-4A7D-9852-E391678F3960}"
EndProject
Project("{FAE04EC0-301F-11D3-BF4B-00C04F79EFBC}") = "10. Lower or upper", "10. Lower or upper\10. Lower or upper.csproj", "{88210978-D2A9-42A7-9E66-BB5111CCB1B5}"
EndProject
Project("{FAE04EC0-301F-11D3-BF4B-00C04F79EFBC}") = "11. Refactor volume of pyramid", "11. Refactor volume of pyramid\11. Refactor volume of pyramid.csproj", "{C3C61B48-54B7-4BE8-B44D-FE9B7D90755D}"
EndProject
Project("{FAE04EC0-301F-11D3-BF4B-00C04F79EFBC}") = "12. Refactor special numbers", "12. Refactor special numbers\12. Refactor special numbers.csproj", "{B09E5A3B-7C16-453D-BC74-0B3CFBB13CA7}"
EndProject
Project("{2150E333-8FDC-42A3-9474-1A3956D46DE8}") = "Exercise", "Exercise", "{9EC53E2B-592F-4388-AA43-9C5E30C9932F}" # Exercise
EndProject
Project("{FAE04EC0-301F-11D3-BF4B-00C04F79EFBC}") = "01. Integer operations", "01. Integer operations\01. Integer operations.csproj", "{5632BE22-BB68-491C-85CD-0F0D96327E15}"
EndProject
Project("{FAE04EC0-301F-11D3-BF4B-00C04F79EFBC}") = "02. Sum digits", "02. Sum digits\02. Sum digits.csproj", "{5095A096-4365-4514-9F37-A692F2CED2B9}"
EndProject
Project("{FAE04EC0-301F-11D3-BF4B-00C04F79EFBC}") = "03. Elevator", "03. Elevator\03. Elevator.csproj", "{36C85AE3-E4D0-410A-B5E7-26BAC34450F8}"
EndProject
Project("{FAE04EC0-301F-11D3-BF4B-00C04F79EFBC}") = "04. Sum of chars", "04. Sum of chars\04. Sum of chars.csproj", "{5A773E23-5949-43B7-A6EA-4800CAE345F9}"
EndProject
Project("{FAE04EC0-301F-11D3-BF4B-00C04F79EFBC}") = "05. Print part of ASCII table", "05. Print part of ASCII table\05. Print part of ASCII table.csproj", "{364DECD5-3DAA-4AAF-B956-08CA94825F55}"
EndProject
Project("{FAE04EC0-301F-11D3-BF4B-00C04F79EFBC}") = "06. Triples of latin letters", "06. Triples of latin letters\06. Triples of latin letters.csproj", "{4D705D01-70B5-494C-8238-D32821117D00}"
EndProject
Project("{FAE04EC0-301F-11D3-BF4B-00C04F79EFBC}") = "07. Water overflow", "07. Water overflow\07. Water overflow.csproj", "{5D1641E6-1313-402A-9522-9B5698B56FDF}"
EndProject
Project("{FAE04EC0-301F-11D3-BF4B-00C04F79EFBC}") = "08. Beer kegs", "08. Beer kegs\08. Beer kegs.csproj", "{C4F702AB-243E-4C82-B156-242EF520AB56}"
EndProject
Project("{FAE04EC0-301F-11D3-BF4B-00C04F79EFBC}") = "09. Spice must flow (!)", "09. Spice must flow (!)\09. Spice must flow (!).csproj", "{0B501D8F-A1D9-480A-9DEE-5585A232E3C7}"
EndProject
Project("{FAE04EC0-301F-11D3-BF4B-00C04F79EFBC}") = "10. Poke mon (!)", "10. Poke mon\10. Poke mon (!).csproj", "{A47D34F0-9862-4AB6-8095-116A5B059BA6}"
EndProject
Project("{FAE04EC0-301F-11D3-BF4B-00C04F79EFBC}") = "11. Snowballs (!)", "11. Snowballs (!)\11. Snowballs (!).csproj", "{EB4150C9-F93D-4FC5-9AF5-3D92BF2B7BCD}"
EndProject
Project("{2150E333-8FDC-42A3-9474-1A3956D46DE8}") = "More exercise", "More exercise", "{23E37590-A43E-4DA1-B812-B74EB1D7828C}" # More Exercise
EndProject
Project("{FAE04EC0-301F-11D3-BF4B-00C04F79EFBC}") = "01. Data type finder", "01. Data type finder\01. Data type finder.csproj", "{59695B8B-B0D7-4E9D-94AB-368371ABF681}"
EndProject
Project("{FAE04EC0-301F-11D3-BF4B-00C04F79EFBC}") = "02. From left to the right", "02. From left to the right\02. From left to the right.csproj", "{8AD91C35-9894-4BE6-B1EF-8D081F45DA4D}"
EndProject
Project("{FAE04EC0-301F-11D3-BF4B-00C04F79EFBC}") = "03. Floating equality", "03. Floating equality\03. Floating equality.csproj", "{394B7393-2900-46AA-922A-E601D05A7F1E}"
EndProject
Project("{FAE04EC0-301F-11D3-BF4B-00C04F79EFBC}") = "04. Refactoring - prime checker", "04. Refactoring - prime checker\04. Refactoring - prime checker.csproj", "{FE42530F-93FD-43D8-B761-103C621C434B}"
EndProject
Project("{FAE04EC0-301F-11D3-BF4B-00C04F79EFBC}") = "05. Decrypting message", "05. Decrypting message\05. Decrypting message.csproj", "{A5BDC1BB-2011-46C2-AEA7-A36A58C0D69E}"
EndProject
Project("{FAE04EC0-301F-11D3-BF4B-00C04F79EFBC}") = "06. Balanced brackets", "06. Balanced brackets\06. Balanced brackets.csproj", "{4C119C0D-AE7D-4498-BE92-CB85EF18BF5D}"
EndProject
Global
	GlobalSection(SolutionConfigurationPlatforms) = preSolution
		Debug|Any CPU = Debug|Any CPU
		Release|Any CPU = Release|Any CPU
	EndGlobalSection
	GlobalSection(ProjectConfigurationPlatforms) = postSolution
		{2E480304-DC1A-4B95-B6EA-71FEAFFEAC5D}.Debug|Any CPU.ActiveCfg = Debug|Any CPU
		{2E480304-DC1A-4B95-B6EA-71FEAFFEAC5D}.Debug|Any CPU.Build.0 = Debug|Any CPU
		{2E480304-DC1A-4B95-B6EA-71FEAFFEAC5D}.Release|Any CPU.ActiveCfg = Release|Any CPU
		{2E480304-DC1A-4B95-B6EA-71FEAFFEAC5D}.Release|Any CPU.Build.0 = Release|Any CPU
		{785FC851-D1A0-42DD-9283-4F89897562C1}.Debug|Any CPU.ActiveCfg = Debug|Any CPU
		{785FC851-D1A0-42DD-9283-4F89897562C1}.Debug|Any CPU.Build.0 = Debug|Any CPU
		{785FC851-D1A0-42DD-9283-4F89897562C1}.Release|Any CPU.ActiveCfg = Release|Any CPU
		{785FC851-D1A0-42DD-9283-4F89897562C1}.Release|Any CPU.Build.0 = Release|Any CPU
		{AA8BA02D-0EE0-45D6-B991-A435E5B33FA9}.Debug|Any CPU.ActiveCfg = Debug|Any CPU
		{AA8BA02D-0EE0-45D6-B991-A435E5B33FA9}.Debug|Any CPU.Build.0 = Debug|Any CPU
		{AA8BA02D-0EE0-45D6-B991-A435E5B33FA9}.Release|Any CPU.ActiveCfg = Release|Any CPU
		{AA8BA02D-0EE0-45D6-B991-A435E5B33FA9}.Release|Any CPU.Build.0 = Release|Any CPU
		{AEA3BF1D-6B4E-4434-8C19-18A6C91CD4BA}.Debug|Any CPU.ActiveCfg = Debug|Any CPU
		{AEA3BF1D-6B4E-4434-8C19-18A6C91CD4BA}.Debug|Any CPU.Build.0 = Debug|Any CPU
		{AEA3BF1D-6B4E-4434-8C19-18A6C91CD4BA}.Release|Any CPU.ActiveCfg = Release|Any CPU
		{AEA3BF1D-6B4E-4434-8C19-18A6C91CD4BA}.Release|Any CPU.Build.0 = Release|Any CPU
		{91854101-347A-4752-9A48-85D2C9222A69}.Debug|Any CPU.ActiveCfg = Debug|Any CPU
		{91854101-347A-4752-9A48-85D2C9222A69}.Debug|Any CPU.Build.0 = Debug|Any CPU
		{91854101-347A-4752-9A48-85D2C9222A69}.Release|Any CPU.ActiveCfg = Release|Any CPU
		{91854101-347A-4752-9A48-85D2C9222A69}.Release|Any CPU.Build.0 = Release|Any CPU
		{BB028072-060C-4284-9614-FD95BE0D4028}.Debug|Any CPU.ActiveCfg = Debug|Any CPU
		{BB028072-060C-4284-9614-FD95BE0D4028}.Debug|Any CPU.Build.0 = Debug|Any CPU
		{BB028072-060C-4284-9614-FD95BE0D4028}.Release|Any CPU.ActiveCfg = Release|Any CPU
		{BB028072-060C-4284-9614-FD95BE0D4028}.Release|Any CPU.Build.0 = Release|Any CPU
		{3F7DDEDB-09EF-4C15-ABAA-54639C5F5DEC}.Debug|Any CPU.ActiveCfg = Debug|Any CPU
		{3F7DDEDB-09EF-4C15-ABAA-54639C5F5DEC}.Debug|Any CPU.Build.0 = Debug|Any CPU
		{3F7DDEDB-09EF-4C15-ABAA-54639C5F5DEC}.Release|Any CPU.ActiveCfg = Release|Any CPU
		{3F7DDEDB-09EF-4C15-ABAA-54639C5F5DEC}.Release|Any CPU.Build.0 = Release|Any CPU
		{B068981B-4B07-4C50-8EBC-5F755DA19B47}.Debug|Any CPU.ActiveCfg = Debug|Any CPU
		{B068981B-4B07-4C50-8EBC-5F755DA19B47}.Debug|Any CPU.Build.0 = Debug|Any CPU
		{B068981B-4B07-4C50-8EBC-5F755DA19B47}.Release|Any CPU.ActiveCfg = Release|Any CPU
		{B068981B-4B07-4C50-8EBC-5F755DA19B47}.Release|Any CPU.Build.0 = Release|Any CPU
		{EC5DE5E5-495D-4A7D-9852-E391678F3960}.Debug|Any CPU.ActiveCfg = Debug|Any CPU
		{EC5DE5E5-495D-4A7D-9852-E391678F3960}.Debug|Any CPU.Build.0 = Debug|Any CPU
		{EC5DE5E5-495D-4A7D-9852-E391678F3960}.Release|Any CPU.ActiveCfg = Release|Any CPU
		{EC5DE5E5-495D-4A7D-9852-E391678F3960}.Release|Any CPU.Build.0 = Release|Any CPU
		{88210978-D2A9-42A7-9E66-BB5111CCB1B5}.Debug|Any CPU.ActiveCfg = Debug|Any CPU
		{88210978-D2A9-42A7-9E66-BB5111CCB1B5}.Debug|Any CPU.Build.0 = Debug|Any CPU
		{88210978-D2A9-42A7-9E66-BB5111CCB1B5}.Release|Any CPU.ActiveCfg = Release|Any CPU
		{88210978-D2A9-42A7-9E66-BB5111CCB1B5}.Release|Any CPU.Build.0 = Release|Any CPU
		{C3C61B48-54B7-4BE8-B44D-FE9B7D90755D}.Debug|Any CPU.ActiveCfg = Debug|Any CPU
		{C3C61B48-54B7-4BE8-B44D-FE9B7D90755D}.Debug|Any CPU.Build.0 = Debug|Any CPU
		{C3C61B48-54B7-4BE8-B44D-FE9B7D90755D}.Release|Any CPU.ActiveCfg = Release|Any CPU
		{C3C61B48-54B7-4BE8-B44D-FE9B7D90755D}.Release|Any CPU.Build.0 = Release|Any CPU
		{B09E5A3B-7C16-453D-BC74-0B3CFBB13CA7}.Debug|Any CPU.ActiveCfg = Debug|Any CPU
		{B09E5A3B-7C16-453D-BC74-0B3CFBB13CA7}.Debug|Any CPU.Build.0 = Debug|Any CPU
		{B09E5A3B-7C16-453D-BC74-0B3CFBB13CA7}.Release|Any CPU.ActiveCfg = Release|Any CPU
		{B09E5A3B-7C16-453D-BC74-0B3CFBB13CA7}.Release|Any CPU.Build.0 = Release|Any CPU
		{5632BE22-BB68-491C-85CD-0F0D96327E15}.Debug|Any CPU.ActiveCfg = Debug|Any CPU
		{5632BE22-BB68-491C-85CD-0F0D96327E15}.Debug|Any CPU.Build.0 = Debug|Any CPU
		{5632BE22-BB68-491C-85CD-0F0D96327E15}.Release|Any CPU.ActiveCfg = Release|Any CPU
		{5632BE22-BB68-491C-85CD-0F0D96327E15}.Release|Any CPU.Build.0 = Release|Any CPU
		{5095A096-4365-4514-9F37-A692F2CED2B9}.Debug|Any CPU.ActiveCfg = Debug|Any CPU
		{5095A096-4365-4514-9F37-A692F2CED2B9}.Debug|Any CPU.Build.0 = Debug|Any CPU
		{5095A096-4365-4514-9F37-A692F2CED2B9}.Release|Any CPU.ActiveCfg = Release|Any CPU
		{5095A096-4365-4514-9F37-A692F2CED2B9}.Release|Any CPU.Build.0 = Release|Any CPU
		{36C85AE3-E4D0-410A-B5E7-26BAC34450F8}.Debug|Any CPU.ActiveCfg = Debug|Any CPU
		{36C85AE3-E4D0-410A-B5E7-26BAC34450F8}.Debug|Any CPU.Build.0 = Debug|Any CPU
		{36C85AE3-E4D0-410A-B5E7-26BAC34450F8}.Release|Any CPU.ActiveCfg = Release|Any CPU
		{36C85AE3-E4D0-410A-B5E7-26BAC34450F8}.Release|Any CPU.Build.0 = Release|Any CPU
		{5A773E23-5949-43B7-A6EA-4800CAE345F9}.Debug|Any CPU.ActiveCfg = Debug|Any CPU
		{5A773E23-5949-43B7-A6EA-4800CAE345F9}.Debug|Any CPU.Build.0 = Debug|Any CPU
		{5A773E23-5949-43B7-A6EA-4800CAE345F9}.Release|Any CPU.ActiveCfg = Release|Any CPU
		{5A773E23-5949-43B7-A6EA-4800CAE345F9}.Release|Any CPU.Build.0 = Release|Any CPU
		{364DECD5-3DAA-4AAF-B956-08CA94825F55}.Debug|Any CPU.ActiveCfg = Debug|Any CPU
		{364DECD5-3DAA-4AAF-B956-08CA94825F55}.Debug|Any CPU.Build.0 = Debug|Any CPU
		{364DECD5-3DAA-4AAF-B956-08CA94825F55}.Release|Any CPU.ActiveCfg = Release|Any CPU
		{364DECD5-3DAA-4AAF-B956-08CA94825F55}.Release|Any CPU.Build.0 = Release|Any CPU
		{4D705D01-70B5-494C-8238-D32821117D00}.Debug|Any CPU.ActiveCfg = Debug|Any CPU
		{4D705D01-70B5-494C-8238-D32821117D00}.Debug|Any CPU.Build.0 = Debug|Any CPU
		{4D705D01-70B5-494C-8238-D32821117D00}.Release|Any CPU.ActiveCfg = Release|Any CPU
		{4D705D01-70B5-494C-8238-D32821117D00}.Release|Any CPU.Build.0 = Release|Any CPU
		{5D1641E6-1313-402A-9522-9B5698B56FDF}.Debug|Any CPU.ActiveCfg = Debug|Any CPU
		{5D1641E6-1313-402A-9522-9B5698B56FDF}.Debug|Any CPU.Build.0 = Debug|Any CPU
		{5D1641E6-1313-402A-9522-9B5698B56FDF}.Release|Any CPU.ActiveCfg = Release|Any CPU
		{5D1641E6-1313-402A-9522-9B5698B56FDF}.Release|Any CPU.Build.0 = Release|Any CPU
		{C4F702AB-243E-4C82-B156-242EF520AB56}.Debug|Any CPU.ActiveCfg = Debug|Any CPU
		{C4F702AB-243E-4C82-B156-242EF520AB56}.Debug|Any CPU.Build.0 = Debug|Any CPU
		{C4F702AB-243E-4C82-B156-242EF520AB56}.Release|Any CPU.ActiveCfg = Release|Any CPU
		{C4F702AB-243E-4C82-B156-242EF520AB56}.Release|Any CPU.Build.0 = Release|Any CPU
		{0B501D8F-A1D9-480A-9DEE-5585A232E3C7}.Debug|Any CPU.ActiveCfg = Debug|Any CPU
		{0B501D8F-A1D9-480A-9DEE-5585A232E3C7}.Debug|Any CPU.Build.0 = Debug|Any CPU
		{0B501D8F-A1D9-480A-9DEE-5585A232E3C7}.Release|Any CPU.ActiveCfg = Release|Any CPU
		{0B501D8F-A1D9-480A-9DEE-5585A232E3C7}.Release|Any CPU.Build.0 = Release|Any CPU
		{A47D34F0-9862-4AB6-8095-116A5B059BA6}.Debug|Any CPU.ActiveCfg = Debug|Any CPU
		{A47D34F0-9862-4AB6-8095-116A5B059BA6}.Debug|Any CPU.Build.0 = Debug|Any CPU
		{A47D34F0-9862-4AB6-8095-116A5B059BA6}.Release|Any CPU.ActiveCfg = Release|Any CPU
		{A47D34F0-9862-4AB6-8095-116A5B059BA6}.Release|Any CPU.Build.0 = Release|Any CPU
		{EB4150C9-F93D-4FC5-9AF5-3D92BF2B7BCD}.Debug|Any CPU.ActiveCfg = Debug|Any CPU
		{EB4150C9-F93D-4FC5-9AF5-3D92BF2B7BCD}.Debug|Any CPU.Build.0 = Debug|Any CPU
		{EB4150C9-F93D-4FC5-9AF5-3D92BF2B7BCD}.Release|Any CPU.ActiveCfg = Release|Any CPU
		{EB4150C9-F93D-4FC5-9AF5-3D92BF2B7BCD}.Release|Any CPU.Build.0 = Release|Any CPU
		{59695B8B-B0D7-4E9D-94AB-368371ABF681}.Debug|Any CPU.ActiveCfg = Debug|Any CPU
		{59695B8B-B0D7-4E9D-94AB-368371ABF681}.Debug|Any CPU.Build.0 = Debug|Any CPU
		{59695B8B-B0D7-4E9D-94AB-368371ABF681}.Release|Any CPU.ActiveCfg = Release|Any CPU
		{59695B8B-B0D7-4E9D-94AB-368371ABF681}.Release|Any CPU.Build.0 = Release|Any CPU
		{8AD91C35-9894-4BE6-B1EF-8D081F45DA4D}.Debug|Any CPU.ActiveCfg = Debug|Any CPU
		{8AD91C35-9894-4BE6-B1EF-8D081F45DA4D}.Debug|Any CPU.Build.0 = Debug|Any CPU
		{8AD91C35-9894-4BE6-B1EF-8D081F45DA4D}.Release|Any CPU.ActiveCfg = Release|Any CPU
		{8AD91C35-9894-4BE6-B1EF-8D081F45DA4D}.Release|Any CPU.Build.0 = Release|Any CPU
		{394B7393-2900-46AA-922A-E601D05A7F1E}.Debug|Any CPU.ActiveCfg = Debug|Any CPU
		{394B7393-2900-46AA-922A-E601D05A7F1E}.Debug|Any CPU.Build.0 = Debug|Any CPU
		{394B7393-2900-46AA-922A-E601D05A7F1E}.Release|Any CPU.ActiveCfg = Release|Any CPU
		{394B7393-2900-46AA-922A-E601D05A7F1E}.Release|Any CPU.Build.0 = Release|Any CPU
		{FE42530F-93FD-43D8-B761-103C621C434B}.Debug|Any CPU.ActiveCfg = Debug|Any CPU
		{FE42530F-93FD-43D8-B761-103C621C434B}.Debug|Any CPU.Build.0 = Debug|Any CPU
		{FE42530F-93FD-43D8-B761-103C621C434B}.Release|Any CPU.ActiveCfg = Release|Any CPU
		{FE42530F-93FD-43D8-B761-103C621C434B}.Release|Any CPU.Build.0 = Release|Any CPU
		{A5BDC1BB-2011-46C2-AEA7-A36A58C0D69E}.Debug|Any CPU.ActiveCfg = Debug|Any CPU
		{A5BDC1BB-2011-46C2-AEA7-A36A58C0D69E}.Debug|Any CPU.Build.0 = Debug|Any CPU
		{A5BDC1BB-2011-46C2-AEA7-A36A58C0D69E}.Release|Any CPU.ActiveCfg = Release|Any CPU
		{A5BDC1BB-2011-46C2-AEA7-A36A58C0D69E}.Release|Any CPU.Build.0 = Release|Any CPU
		{4C119C0D-AE7D-4498-BE92-CB85EF18BF5D}.Debug|Any CPU.ActiveCfg = Debug|Any CPU
		{4C119C0D-AE7D-4498-BE92-CB85EF18BF5D}.Debug|Any CPU.Build.0 = Debug|Any CPU
		{4C119C0D-AE7D-4498-BE92-CB85EF18BF5D}.Release|Any CPU.ActiveCfg = Release|Any CPU
		{4C119C0D-AE7D-4498-BE92-CB85EF18BF5D}.Release|Any CPU.Build.0 = Release|Any CPU
	EndGlobalSection
	GlobalSection(SolutionProperties) = preSolution
		HideSolutionNode = FALSE
	EndGlobalSection
	GlobalSection(NestedProjects) = preSolution
		{2E480304-DC1A-4B95-B6EA-71FEAFFEAC5D} = {02EA681E-C7D8-13C7-8484-4AC65E1B71E8}
		{785FC851-D1A0-42DD-9283-4F89897562C1} = {02EA681E-C7D8-13C7-8484-4AC65E1B71E8}
		{AA8BA02D-0EE0-45D6-B991-A435E5B33FA9} = {02EA681E-C7D8-13C7-8484-4AC65E1B71E8}
		{AEA3BF1D-6B4E-4434-8C19-18A6C91CD4BA} = {02EA681E-C7D8-13C7-8484-4AC65E1B71E8}
		{91854101-347A-4752-9A48-85D2C9222A69} = {02EA681E-C7D8-13C7-8484-4AC65E1B71E8}
		{BB028072-060C-4284-9614-FD95BE0D4028} = {02EA681E-C7D8-13C7-8484-4AC65E1B71E8}
		{3F7DDEDB-09EF-4C15-ABAA-54639C5F5DEC} = {02EA681E-C7D8-13C7-8484-4AC65E1B71E8}
		{B068981B-4B07-4C50-8EBC-5F755DA19B47} = {02EA681E-C7D8-13C7-8484-4AC65E1B71E8}
		{EC5DE5E5-495D-4A7D-9852-E391678F3960} = {02EA681E-C7D8-13C7-8484-4AC65E1B71E8}
		{88210978-D2A9-42A7-9E66-BB5111CCB1B5} = {02EA681E-C7D8-13C7-8484-4AC65E1B71E8}
		{C3C61B48-54B7-4BE8-B44D-FE9B7D90755D} = {02EA681E-C7D8-13C7-8484-4AC65E1B71E8}
		{B09E5A3B-7C16-453D-BC74-0B3CFBB13CA7} = {02EA681E-C7D8-13C7-8484-4AC65E1B71E8}
		{5632BE22-BB68-491C-85CD-0F0D96327E15} = {9EC53E2B-592F-4388-AA43-9C5E30C9932F}
		{5095A096-4365-4514-9F37-A692F2CED2B9} = {9EC53E2B-592F-4388-AA43-9C5E30C9932F}
		{36C85AE3-E4D0-410A-B5E7-26BAC34450F8} = {9EC53E2B-592F-4388-AA43-9C5E30C9932F}
		{5A773E23-5949-43B7-A6EA-4800CAE345F9} = {9EC53E2B-592F-4388-AA43-9C5E30C9932F}
		{364DECD5-3DAA-4AAF-B956-08CA94825F55} = {9EC53E2B-592F-4388-AA43-9C5E30C9932F}
		{4D705D01-70B5-494C-8238-D32821117D00} = {9EC53E2B-592F-4388-AA43-9C5E30C9932F}
		{5D1641E6-1313-402A-9522-9B5698B56FDF} = {9EC53E2B-592F-4388-AA43-9C5E30C9932F}
		{C4F702AB-243E-4C82-B156-242EF520AB56} = {9EC53E2B-592F-4388-AA43-9C5E30C9932F}
		{0B501D8F-A1D9-480A-9DEE-5585A232E3C7} = {9EC53E2B-592F-4388-AA43-9C5E30C9932F}
		{A47D34F0-9862-4AB6-8095-116A5B059BA6} = {9EC53E2B-592F-4388-AA43-9C5E30C9932F}
		{EB4150C9-F93D-4FC5-9AF5-3D92BF2B7BCD} = {9EC53E2B-592F-4388-AA43-9C5E30C9932F}
		{59695B8B-B0D7-4E9D-94AB-368371ABF681} = {23E37590-A43E-4DA1-B812-B74EB1D7828C}
		{8AD91C35-9894-4BE6-B1EF-8D081F45DA4D} = {23E37590-A43E-4DA1-B812-B74EB1D7828C}
		{394B7393-2900-46AA-922A-E601D05A7F1E} = {23E37590-A43E-4DA1-B812-B74EB1D7828C}
		{FE42530F-93FD-43D8-B761-103C621C434B} = {23E37590-A43E-4DA1-B812-B74EB1D7828C}
		{A5BDC1BB-2011-46C2-AEA7-A36A58C0D69E} = {23E37590-A43E-4DA1-B812-B74EB1D7828C}
		{4C119C0D-AE7D-4498-BE92-CB85EF18BF5D} = {23E37590-A43E-4DA1-B812-B74EB1D7828C}
	EndGlobalSection
	GlobalSection(ExtensibilityGlobals) = postSolution
		SolutionGuid = {D2D5DF9D-1776-4E38-B4D3-11F56CC8C650}
	EndGlobalSection
EndGlobal
