
Microsoft Visual Studio Solution File, Format Version 12.00
# Visual Studio Version 17
VisualStudioVersion = 17.14.36121.58
MinimumVisualStudioVersion = 10.0.40219.1
Project("{2150E333-8FDC-42A3-9474-1A3956D46DE8}") = "Lab", "Lab", "{02EA681E-C7D8-13C7-8484-4AC65E1B71E8}" # Lab
EndProject
Project("{FAE04EC0-301F-11D3-BF4B-00C04F79EFBC}") = "01. Car", "01. Car\01. Car.csproj", "{2638A5A6-D046-464F-921F-785C1A903A41}"
EndProject
Project("{FAE04EC0-301F-11D3-BF4B-00C04F79EFBC}") = "02. Car extension", "02. Car extension\02. Car extension.csproj", "{09605610-7EF5-4F82-91E0-8454A92FF798}"
EndProject
Project("{FAE04EC0-301F-11D3-BF4B-00C04F79EFBC}") = "03. Car constructors", "03. Car constructors\03. Car constructors.csproj", "{1B8DFC77-B598-4649-80FC-90FD71890E6C}"
EndProject
Project("{FAE04EC0-301F-11D3-BF4B-00C04F79EFBC}") = "04. Car engine and tires", "04. Car engine and tires\04. Car engine and tires.csproj", "{9BA5E5F6-C734-429D-90B9-085580E99FDB}"
EndProject
Project("{FAE04EC0-301F-11D3-BF4B-00C04F79EFBC}") = "SpecialCars", "05. Special cars\SpecialCars.csproj", "{435ADD76-85B5-484F-8179-6E4233D8E226}"
EndProject
Project("{2150E333-8FDC-42A3-9474-1A3956D46DE8}") = "Exercise", "Exercise", "{900DC715-6926-4487-8B0B-B57EA636203B}" # Exercise
EndProject
Project("{FAE04EC0-301F-11D3-BF4B-00C04F79EFBC}") = "01. Define a class person", "01. Define a class person\01. Define a class person.csproj", "{17F29A59-876B-4D83-8B0E-9BE9ED6F44AC}"
EndProject
Project("{FAE04EC0-301F-11D3-BF4B-00C04F79EFBC}") = "02. Creating constructors", "02. Creating constructors\02. Creating constructors.csproj", "{78FFD765-BDB2-42D4-8CEA-02CCC195F4EF}"
EndProject
Project("{FAE04EC0-301F-11D3-BF4B-00C04F79EFBC}") = "03. Oldest family member", "03. Oldest family member\03. Oldest family member.csproj", "{C249DD32-60AA-4DC0-B292-4820B934E1B7}"
EndProject
Project("{FAE04EC0-301F-11D3-BF4B-00C04F79EFBC}") = "04. Opinion poll", "04. Opinion poll\04. Opinion poll.csproj", "{49ECB689-E5C9-4D95-A811-1C9F6CF7F259}"
EndProject
Project("{FAE04EC0-301F-11D3-BF4B-00C04F79EFBC}") = "05. Date modifier (!)", "05. Date modifier (!)\05. Date modifier (!).csproj", "{0E0DE5BA-1D0D-4019-B15E-19743EAE9472}"
EndProject
Project("{FAE04EC0-301F-11D3-BF4B-00C04F79EFBC}") = "06. Speed racing", "06. Speed racing\06. Speed racing.csproj", "{4BA6B2CA-C5C7-489D-A9E9-C786DF8EF8E4}"
EndProject
Project("{FAE04EC0-301F-11D3-BF4B-00C04F79EFBC}") = "07. Raw data", "07. Raw data\07. Raw data.csproj", "{C680889B-A4A0-4F8B-8187-3DAB1E00B82D}"
EndProject
Project("{FAE04EC0-301F-11D3-BF4B-00C04F79EFBC}") = "08. Car salesman", "08. Car salesman\08. Car salesman.csproj", "{B786BFFE-08AF-44A3-A6C0-7604F8C88B06}"
EndProject
Project("{FAE04EC0-301F-11D3-BF4B-00C04F79EFBC}") = "09. Pokemon trainer", "09. Pokemon trainers\09. Pokemon trainer.csproj", "{0BA5107F-5F51-4740-A2BD-58CC3DC576E8}"
EndProject
Project("{FAE04EC0-301F-11D3-BF4B-00C04F79EFBC}") = "10. SoftUni parking (!)", "10. SoftUni parking (!)\10. SoftUni parking (!).csproj", "{44FB84C3-9437-476F-AF35-BAA931769EE7}"
EndProject
Global
	GlobalSection(SolutionConfigurationPlatforms) = preSolution
		Debug|Any CPU = Debug|Any CPU
		Release|Any CPU = Release|Any CPU
	EndGlobalSection
	GlobalSection(ProjectConfigurationPlatforms) = postSolution
		{2638A5A6-D046-464F-921F-785C1A903A41}.Debug|Any CPU.ActiveCfg = Debug|Any CPU
		{2638A5A6-D046-464F-921F-785C1A903A41}.Debug|Any CPU.Build.0 = Debug|Any CPU
		{2638A5A6-D046-464F-921F-785C1A903A41}.Release|Any CPU.ActiveCfg = Release|Any CPU
		{2638A5A6-D046-464F-921F-785C1A903A41}.Release|Any CPU.Build.0 = Release|Any CPU
		{09605610-7EF5-4F82-91E0-8454A92FF798}.Debug|Any CPU.ActiveCfg = Debug|Any CPU
		{09605610-7EF5-4F82-91E0-8454A92FF798}.Debug|Any CPU.Build.0 = Debug|Any CPU
		{09605610-7EF5-4F82-91E0-8454A92FF798}.Release|Any CPU.ActiveCfg = Release|Any CPU
		{09605610-7EF5-4F82-91E0-8454A92FF798}.Release|Any CPU.Build.0 = Release|Any CPU
		{1B8DFC77-B598-4649-80FC-90FD71890E6C}.Debug|Any CPU.ActiveCfg = Debug|Any CPU
		{1B8DFC77-B598-4649-80FC-90FD71890E6C}.Debug|Any CPU.Build.0 = Debug|Any CPU
		{1B8DFC77-B598-4649-80FC-90FD71890E6C}.Release|Any CPU.ActiveCfg = Release|Any CPU
		{1B8DFC77-B598-4649-80FC-90FD71890E6C}.Release|Any CPU.Build.0 = Release|Any CPU
		{9BA5E5F6-C734-429D-90B9-085580E99FDB}.Debug|Any CPU.ActiveCfg = Debug|Any CPU
		{9BA5E5F6-C734-429D-90B9-085580E99FDB}.Debug|Any CPU.Build.0 = Debug|Any CPU
		{9BA5E5F6-C734-429D-90B9-085580E99FDB}.Release|Any CPU.ActiveCfg = Release|Any CPU
		{9BA5E5F6-C734-429D-90B9-085580E99FDB}.Release|Any CPU.Build.0 = Release|Any CPU
		{435ADD76-85B5-484F-8179-6E4233D8E226}.Debug|Any CPU.ActiveCfg = Debug|Any CPU
		{435ADD76-85B5-484F-8179-6E4233D8E226}.Debug|Any CPU.Build.0 = Debug|Any CPU
		{435ADD76-85B5-484F-8179-6E4233D8E226}.Release|Any CPU.ActiveCfg = Release|Any CPU
		{435ADD76-85B5-484F-8179-6E4233D8E226}.Release|Any CPU.Build.0 = Release|Any CPU
		{17F29A59-876B-4D83-8B0E-9BE9ED6F44AC}.Debug|Any CPU.ActiveCfg = Debug|Any CPU
		{17F29A59-876B-4D83-8B0E-9BE9ED6F44AC}.Debug|Any CPU.Build.0 = Debug|Any CPU
		{17F29A59-876B-4D83-8B0E-9BE9ED6F44AC}.Release|Any CPU.ActiveCfg = Release|Any CPU
		{17F29A59-876B-4D83-8B0E-9BE9ED6F44AC}.Release|Any CPU.Build.0 = Release|Any CPU
		{78FFD765-BDB2-42D4-8CEA-02CCC195F4EF}.Debug|Any CPU.ActiveCfg = Debug|Any CPU
		{78FFD765-BDB2-42D4-8CEA-02CCC195F4EF}.Debug|Any CPU.Build.0 = Debug|Any CPU
		{78FFD765-BDB2-42D4-8CEA-02CCC195F4EF}.Release|Any CPU.ActiveCfg = Release|Any CPU
		{78FFD765-BDB2-42D4-8CEA-02CCC195F4EF}.Release|Any CPU.Build.0 = Release|Any CPU
		{C249DD32-60AA-4DC0-B292-4820B934E1B7}.Debug|Any CPU.ActiveCfg = Debug|Any CPU
		{C249DD32-60AA-4DC0-B292-4820B934E1B7}.Debug|Any CPU.Build.0 = Debug|Any CPU
		{C249DD32-60AA-4DC0-B292-4820B934E1B7}.Release|Any CPU.ActiveCfg = Release|Any CPU
		{C249DD32-60AA-4DC0-B292-4820B934E1B7}.Release|Any CPU.Build.0 = Release|Any CPU
		{49ECB689-E5C9-4D95-A811-1C9F6CF7F259}.Debug|Any CPU.ActiveCfg = Debug|Any CPU
		{49ECB689-E5C9-4D95-A811-1C9F6CF7F259}.Debug|Any CPU.Build.0 = Debug|Any CPU
		{49ECB689-E5C9-4D95-A811-1C9F6CF7F259}.Release|Any CPU.ActiveCfg = Release|Any CPU
		{49ECB689-E5C9-4D95-A811-1C9F6CF7F259}.Release|Any CPU.Build.0 = Release|Any CPU
		{0E0DE5BA-1D0D-4019-B15E-19743EAE9472}.Debug|Any CPU.ActiveCfg = Debug|Any CPU
		{0E0DE5BA-1D0D-4019-B15E-19743EAE9472}.Debug|Any CPU.Build.0 = Debug|Any CPU
		{0E0DE5BA-1D0D-4019-B15E-19743EAE9472}.Release|Any CPU.ActiveCfg = Release|Any CPU
		{0E0DE5BA-1D0D-4019-B15E-19743EAE9472}.Release|Any CPU.Build.0 = Release|Any CPU
		{4BA6B2CA-C5C7-489D-A9E9-C786DF8EF8E4}.Debug|Any CPU.ActiveCfg = Debug|Any CPU
		{4BA6B2CA-C5C7-489D-A9E9-C786DF8EF8E4}.Debug|Any CPU.Build.0 = Debug|Any CPU
		{4BA6B2CA-C5C7-489D-A9E9-C786DF8EF8E4}.Release|Any CPU.ActiveCfg = Release|Any CPU
		{4BA6B2CA-C5C7-489D-A9E9-C786DF8EF8E4}.Release|Any CPU.Build.0 = Release|Any CPU
		{C680889B-A4A0-4F8B-8187-3DAB1E00B82D}.Debug|Any CPU.ActiveCfg = Debug|Any CPU
		{C680889B-A4A0-4F8B-8187-3DAB1E00B82D}.Debug|Any CPU.Build.0 = Debug|Any CPU
		{C680889B-A4A0-4F8B-8187-3DAB1E00B82D}.Release|Any CPU.ActiveCfg = Release|Any CPU
		{C680889B-A4A0-4F8B-8187-3DAB1E00B82D}.Release|Any CPU.Build.0 = Release|Any CPU
		{B786BFFE-08AF-44A3-A6C0-7604F8C88B06}.Debug|Any CPU.ActiveCfg = Debug|Any CPU
		{B786BFFE-08AF-44A3-A6C0-7604F8C88B06}.Debug|Any CPU.Build.0 = Debug|Any CPU
		{B786BFFE-08AF-44A3-A6C0-7604F8C88B06}.Release|Any CPU.ActiveCfg = Release|Any CPU
		{B786BFFE-08AF-44A3-A6C0-7604F8C88B06}.Release|Any CPU.Build.0 = Release|Any CPU
		{0BA5107F-5F51-4740-A2BD-58CC3DC576E8}.Debug|Any CPU.ActiveCfg = Debug|Any CPU
		{0BA5107F-5F51-4740-A2BD-58CC3DC576E8}.Debug|Any CPU.Build.0 = Debug|Any CPU
		{0BA5107F-5F51-4740-A2BD-58CC3DC576E8}.Release|Any CPU.ActiveCfg = Release|Any CPU
		{0BA5107F-5F51-4740-A2BD-58CC3DC576E8}.Release|Any CPU.Build.0 = Release|Any CPU
		{44FB84C3-9437-476F-AF35-BAA931769EE7}.Debug|Any CPU.ActiveCfg = Debug|Any CPU
		{44FB84C3-9437-476F-AF35-BAA931769EE7}.Debug|Any CPU.Build.0 = Debug|Any CPU
		{44FB84C3-9437-476F-AF35-BAA931769EE7}.Release|Any CPU.ActiveCfg = Release|Any CPU
		{44FB84C3-9437-476F-AF35-BAA931769EE7}.Release|Any CPU.Build.0 = Release|Any CPU
	EndGlobalSection
	GlobalSection(SolutionProperties) = preSolution
		HideSolutionNode = FALSE
	EndGlobalSection
	GlobalSection(NestedProjects) = preSolution
		{2638A5A6-D046-464F-921F-785C1A903A41} = {02EA681E-C7D8-13C7-8484-4AC65E1B71E8}
		{09605610-7EF5-4F82-91E0-8454A92FF798} = {02EA681E-C7D8-13C7-8484-4AC65E1B71E8}
		{1B8DFC77-B598-4649-80FC-90FD71890E6C} = {02EA681E-C7D8-13C7-8484-4AC65E1B71E8}
		{9BA5E5F6-C734-429D-90B9-085580E99FDB} = {02EA681E-C7D8-13C7-8484-4AC65E1B71E8}
		{435ADD76-85B5-484F-8179-6E4233D8E226} = {02EA681E-C7D8-13C7-8484-4AC65E1B71E8}
		{17F29A59-876B-4D83-8B0E-9BE9ED6F44AC} = {900DC715-6926-4487-8B0B-B57EA636203B}
		{78FFD765-BDB2-42D4-8CEA-02CCC195F4EF} = {900DC715-6926-4487-8B0B-B57EA636203B}
		{C249DD32-60AA-4DC0-B292-4820B934E1B7} = {900DC715-6926-4487-8B0B-B57EA636203B}
		{49ECB689-E5C9-4D95-A811-1C9F6CF7F259} = {900DC715-6926-4487-8B0B-B57EA636203B}
		{0E0DE5BA-1D0D-4019-B15E-19743EAE9472} = {900DC715-6926-4487-8B0B-B57EA636203B}
		{4BA6B2CA-C5C7-489D-A9E9-C786DF8EF8E4} = {900DC715-6926-4487-8B0B-B57EA636203B}
		{C680889B-A4A0-4F8B-8187-3DAB1E00B82D} = {900DC715-6926-4487-8B0B-B57EA636203B}
		{B786BFFE-08AF-44A3-A6C0-7604F8C88B06} = {900DC715-6926-4487-8B0B-B57EA636203B}
		{0BA5107F-5F51-4740-A2BD-58CC3DC576E8} = {900DC715-6926-4487-8B0B-B57EA636203B}
		{44FB84C3-9437-476F-AF35-BAA931769EE7} = {900DC715-6926-4487-8B0B-B57EA636203B}
	EndGlobalSection
	GlobalSection(ExtensibilityGlobals) = postSolution
		SolutionGuid = {A53060DA-9215-4533-AC19-0329DA9E8812}
	EndGlobalSection
EndGlobal
