Microsoft Visual Studio Solution File, Format Version 12.00
# Visual Studio Version 17
VisualStudioVersion = 17.13.35931.197
MinimumVisualStudioVersion = 10.0.40219.1
Project("{2150E333-8FDC-42A3-9474-1A3956D46DE8}") = "Lab", "Lab", "{02EA681E-C7D8-13C7-8484-4AC65E1B71E8}"
EndProject
Project("{FAE04EC0-301F-11D3-BF4B-00C04F79EFBC}") = "01. Reverse strings", "01. Reverse strings\01. Reverse strings.csproj", "{887AA149-1A6E-41F0-87BA-E319D16A5EF0}"
EndProject
Project("{FAE04EC0-301F-11D3-BF4B-00C04F79EFBC}") = "02. Repeat strings", "02. Repeat strings\02. Repeat strings.csproj", "{A139B5CC-BAAB-4592-9625-9AEF090156CF}"
EndProject
Project("{FAE04EC0-301F-11D3-BF4B-00C04F79EFBC}") = "03. Substring", "03. Substring\03. Substring.csproj", "{17D02C98-DF9D-4DF3-BD27-6A8E1A20FC88}"
EndProject
Project("{FAE04EC0-301F-11D3-BF4B-00C04F79EFBC}") = "04. Text filter", "04. Text filter\04. Text filter.csproj", "{B54A657C-F131-4577-9F0D-7D562E9F4F25}"
EndProject
Project("{FAE04EC0-301F-11D3-BF4B-00C04F79EFBC}") = "05. Digits, letters and other", "05. Digits, letters and other\05. Digits, letters and other.csproj", "{B385603C-B00E-4712-AF02-65D92B48AF33}"
EndProject
Project("{2150E333-8FDC-42A3-9474-1A3956D46DE8}") = "Exercise", "Exercise", "{C11EE646-40A8-4C83-A2AC-1740C7989B6C}"
EndProject
Project("{FAE04EC0-301F-11D3-BF4B-00C04F79EFBC}") = "01. Valid usernames", "01. Valid usernames\01. Valid usernames.csproj", "{33E95A33-0988-4B50-8582-21E587191DB7}"
EndProject
Project("{FAE04EC0-301F-11D3-BF4B-00C04F79EFBC}") = "02. Character multiplier", "02. Character multiplier\02. Character multiplier.csproj", "{65D451FD-907F-415C-9DFE-582CC9C70BF0}"
EndProject
Project("{FAE04EC0-301F-11D3-BF4B-00C04F79EFBC}") = "03. Extract file", "03. Extract file\03. Extract file.csproj", "{4AAABD60-6361-4601-8DBD-94419D08B754}"
EndProject
Project("{FAE04EC0-301F-11D3-BF4B-00C04F79EFBC}") = "04. Caesar cipher", "04. Caesar cipher\04. Caesar cipher.csproj", "{D9BD2C29-1FC1-4C84-829C-C33AF06E4AA2}"
EndProject
Project("{FAE04EC0-301F-11D3-BF4B-00C04F79EFBC}") = "05. Multiply big number", "05. Multiply big number\05. Multiply big number.csproj", "{8FC5E2A0-6CC5-4381-8BAB-2AF3CEDF8F60}"
EndProject
Project("{FAE04EC0-301F-11D3-BF4B-00C04F79EFBC}") = "06. Replace repeating chars", "06. Replace repeating chars\06. Replace repeating chars.csproj", "{6A8AFFB8-0FA2-429F-ACB1-A857351212BF}"
EndProject
Project("{FAE04EC0-301F-11D3-BF4B-00C04F79EFBC}") = "07. String explosion", "07. String explosion\07. String explosion.csproj", "{8603575F-262F-4F07-BBB7-9C80DA71FA50}"
EndProject
Project("{FAE04EC0-301F-11D3-BF4B-00C04F79EFBC}") = "08. Letters change numbers (!)", "08. Letters change numbers (!)\08. Letters change numbers (!).csproj", "{704BCD35-03EC-45B0-961E-49641212AD1C}"
EndProject
Project("{2150E333-8FDC-42A3-9474-1A3956D46DE8}") = "More exercise", "More exercise", "{229E3F78-810A-46A5-AAA7-110A7DE69C93}"
EndProject
Project("{FAE04EC0-301F-11D3-BF4B-00C04F79EFBC}") = "01. Extract person information", "01. Extract person information\01. Extract person information.csproj", "{976198B6-73BA-4F4D-863D-83E86C806D78}"
EndProject
Project("{FAE04EC0-301F-11D3-BF4B-00C04F79EFBC}") = "02. Ascii sumator", "02. Ascii sumator\02. Ascii sumator.csproj", "{373DA558-F1DE-4182-9082-21EF360D12DC}"
EndProject
Project("{FAE04EC0-301F-11D3-BF4B-00C04F79EFBC}") = "03. Treasure finder", "03. Treasure finder\03. Treasure finder.csproj", "{DB54D6A8-1545-4F88-B3CA-4DEC3CE71BAD}"
EndProject
Project("{FAE04EC0-301F-11D3-BF4B-00C04F79EFBC}") = "04. Morse code translator", "04. Morse code translator\04. Morse code translator.csproj", "{DE42E140-7610-460C-8E81-F992FE5FB618}"
EndProject
Project("{FAE04EC0-301F-11D3-BF4B-00C04F79EFBC}") = "05. HTML", "05. HTML\05. HTML.csproj", "{0D95196B-6866-460D-B906-8D3FF7C24AA2}"
EndProject
Global
	GlobalSection(SolutionConfigurationPlatforms) = preSolution
		Debug|Any CPU = Debug|Any CPU
		Release|Any CPU = Release|Any CPU
	EndGlobalSection
	GlobalSection(ProjectConfigurationPlatforms) = postSolution
		{887AA149-1A6E-41F0-87BA-E319D16A5EF0}.Debug|Any CPU.ActiveCfg = Debug|Any CPU
		{887AA149-1A6E-41F0-87BA-E319D16A5EF0}.Debug|Any CPU.Build.0 = Debug|Any CPU
		{887AA149-1A6E-41F0-87BA-E319D16A5EF0}.Release|Any CPU.ActiveCfg = Release|Any CPU
		{887AA149-1A6E-41F0-87BA-E319D16A5EF0}.Release|Any CPU.Build.0 = Release|Any CPU
		{A139B5CC-BAAB-4592-9625-9AEF090156CF}.Debug|Any CPU.ActiveCfg = Debug|Any CPU
		{A139B5CC-BAAB-4592-9625-9AEF090156CF}.Debug|Any CPU.Build.0 = Debug|Any CPU
		{A139B5CC-BAAB-4592-9625-9AEF090156CF}.Release|Any CPU.ActiveCfg = Release|Any CPU
		{A139B5CC-BAAB-4592-9625-9AEF090156CF}.Release|Any CPU.Build.0 = Release|Any CPU
		{17D02C98-DF9D-4DF3-BD27-6A8E1A20FC88}.Debug|Any CPU.ActiveCfg = Debug|Any CPU
		{17D02C98-DF9D-4DF3-BD27-6A8E1A20FC88}.Debug|Any CPU.Build.0 = Debug|Any CPU
		{17D02C98-DF9D-4DF3-BD27-6A8E1A20FC88}.Release|Any CPU.ActiveCfg = Release|Any CPU
		{17D02C98-DF9D-4DF3-BD27-6A8E1A20FC88}.Release|Any CPU.Build.0 = Release|Any CPU
		{B54A657C-F131-4577-9F0D-7D562E9F4F25}.Debug|Any CPU.ActiveCfg = Debug|Any CPU
		{B54A657C-F131-4577-9F0D-7D562E9F4F25}.Debug|Any CPU.Build.0 = Debug|Any CPU
		{B54A657C-F131-4577-9F0D-7D562E9F4F25}.Release|Any CPU.ActiveCfg = Release|Any CPU
		{B54A657C-F131-4577-9F0D-7D562E9F4F25}.Release|Any CPU.Build.0 = Release|Any CPU
		{B385603C-B00E-4712-AF02-65D92B48AF33}.Debug|Any CPU.ActiveCfg = Debug|Any CPU
		{B385603C-B00E-4712-AF02-65D92B48AF33}.Debug|Any CPU.Build.0 = Debug|Any CPU
		{B385603C-B00E-4712-AF02-65D92B48AF33}.Release|Any CPU.ActiveCfg = Release|Any CPU
		{B385603C-B00E-4712-AF02-65D92B48AF33}.Release|Any CPU.Build.0 = Release|Any CPU
		{33E95A33-0988-4B50-8582-21E587191DB7}.Debug|Any CPU.ActiveCfg = Debug|Any CPU
		{33E95A33-0988-4B50-8582-21E587191DB7}.Debug|Any CPU.Build.0 = Debug|Any CPU
		{33E95A33-0988-4B50-8582-21E587191DB7}.Release|Any CPU.ActiveCfg = Release|Any CPU
		{33E95A33-0988-4B50-8582-21E587191DB7}.Release|Any CPU.Build.0 = Release|Any CPU
		{65D451FD-907F-415C-9DFE-582CC9C70BF0}.Debug|Any CPU.ActiveCfg = Debug|Any CPU
		{65D451FD-907F-415C-9DFE-582CC9C70BF0}.Debug|Any CPU.Build.0 = Debug|Any CPU
		{65D451FD-907F-415C-9DFE-582CC9C70BF0}.Release|Any CPU.ActiveCfg = Release|Any CPU
		{65D451FD-907F-415C-9DFE-582CC9C70BF0}.Release|Any CPU.Build.0 = Release|Any CPU
		{4AAABD60-6361-4601-8DBD-94419D08B754}.Debug|Any CPU.ActiveCfg = Debug|Any CPU
		{4AAABD60-6361-4601-8DBD-94419D08B754}.Debug|Any CPU.Build.0 = Debug|Any CPU
		{4AAABD60-6361-4601-8DBD-94419D08B754}.Release|Any CPU.ActiveCfg = Release|Any CPU
		{4AAABD60-6361-4601-8DBD-94419D08B754}.Release|Any CPU.Build.0 = Release|Any CPU
		{D9BD2C29-1FC1-4C84-829C-C33AF06E4AA2}.Debug|Any CPU.ActiveCfg = Debug|Any CPU
		{D9BD2C29-1FC1-4C84-829C-C33AF06E4AA2}.Debug|Any CPU.Build.0 = Debug|Any CPU
		{D9BD2C29-1FC1-4C84-829C-C33AF06E4AA2}.Release|Any CPU.ActiveCfg = Release|Any CPU
		{D9BD2C29-1FC1-4C84-829C-C33AF06E4AA2}.Release|Any CPU.Build.0 = Release|Any CPU
		{8FC5E2A0-6CC5-4381-8BAB-2AF3CEDF8F60}.Debug|Any CPU.ActiveCfg = Debug|Any CPU
		{8FC5E2A0-6CC5-4381-8BAB-2AF3CEDF8F60}.Debug|Any CPU.Build.0 = Debug|Any CPU
		{8FC5E2A0-6CC5-4381-8BAB-2AF3CEDF8F60}.Release|Any CPU.ActiveCfg = Release|Any CPU
		{8FC5E2A0-6CC5-4381-8BAB-2AF3CEDF8F60}.Release|Any CPU.Build.0 = Release|Any CPU
		{6A8AFFB8-0FA2-429F-ACB1-A857351212BF}.Debug|Any CPU.ActiveCfg = Debug|Any CPU
		{6A8AFFB8-0FA2-429F-ACB1-A857351212BF}.Debug|Any CPU.Build.0 = Debug|Any CPU
		{6A8AFFB8-0FA2-429F-ACB1-A857351212BF}.Release|Any CPU.ActiveCfg = Release|Any CPU
		{6A8AFFB8-0FA2-429F-ACB1-A857351212BF}.Release|Any CPU.Build.0 = Release|Any CPU
		{8603575F-262F-4F07-BBB7-9C80DA71FA50}.Debug|Any CPU.ActiveCfg = Debug|Any CPU
		{8603575F-262F-4F07-BBB7-9C80DA71FA50}.Debug|Any CPU.Build.0 = Debug|Any CPU
		{8603575F-262F-4F07-BBB7-9C80DA71FA50}.Release|Any CPU.ActiveCfg = Release|Any CPU
		{8603575F-262F-4F07-BBB7-9C80DA71FA50}.Release|Any CPU.Build.0 = Release|Any CPU
		{704BCD35-03EC-45B0-961E-49641212AD1C}.Debug|Any CPU.ActiveCfg = Debug|Any CPU
		{704BCD35-03EC-45B0-961E-49641212AD1C}.Debug|Any CPU.Build.0 = Debug|Any CPU
		{704BCD35-03EC-45B0-961E-49641212AD1C}.Release|Any CPU.ActiveCfg = Release|Any CPU
		{704BCD35-03EC-45B0-961E-49641212AD1C}.Release|Any CPU.Build.0 = Release|Any CPU
		{976198B6-73BA-4F4D-863D-83E86C806D78}.Debug|Any CPU.ActiveCfg = Debug|Any CPU
		{976198B6-73BA-4F4D-863D-83E86C806D78}.Debug|Any CPU.Build.0 = Debug|Any CPU
		{976198B6-73BA-4F4D-863D-83E86C806D78}.Release|Any CPU.ActiveCfg = Release|Any CPU
		{976198B6-73BA-4F4D-863D-83E86C806D78}.Release|Any CPU.Build.0 = Release|Any CPU
		{373DA558-F1DE-4182-9082-21EF360D12DC}.Debug|Any CPU.ActiveCfg = Debug|Any CPU
		{373DA558-F1DE-4182-9082-21EF360D12DC}.Debug|Any CPU.Build.0 = Debug|Any CPU
		{373DA558-F1DE-4182-9082-21EF360D12DC}.Release|Any CPU.ActiveCfg = Release|Any CPU
		{373DA558-F1DE-4182-9082-21EF360D12DC}.Release|Any CPU.Build.0 = Release|Any CPU
		{DB54D6A8-1545-4F88-B3CA-4DEC3CE71BAD}.Debug|Any CPU.ActiveCfg = Debug|Any CPU
		{DB54D6A8-1545-4F88-B3CA-4DEC3CE71BAD}.Debug|Any CPU.Build.0 = Debug|Any CPU
		{DB54D6A8-1545-4F88-B3CA-4DEC3CE71BAD}.Release|Any CPU.ActiveCfg = Release|Any CPU
		{DB54D6A8-1545-4F88-B3CA-4DEC3CE71BAD}.Release|Any CPU.Build.0 = Release|Any CPU
		{DE42E140-7610-460C-8E81-F992FE5FB618}.Debug|Any CPU.ActiveCfg = Debug|Any CPU
		{DE42E140-7610-460C-8E81-F992FE5FB618}.Debug|Any CPU.Build.0 = Debug|Any CPU
		{DE42E140-7610-460C-8E81-F992FE5FB618}.Release|Any CPU.ActiveCfg = Release|Any CPU
		{DE42E140-7610-460C-8E81-F992FE5FB618}.Release|Any CPU.Build.0 = Release|Any CPU
		{0D95196B-6866-460D-B906-8D3FF7C24AA2}.Debug|Any CPU.ActiveCfg = Debug|Any CPU
		{0D95196B-6866-460D-B906-8D3FF7C24AA2}.Debug|Any CPU.Build.0 = Debug|Any CPU
		{0D95196B-6866-460D-B906-8D3FF7C24AA2}.Release|Any CPU.ActiveCfg = Release|Any CPU
		{0D95196B-6866-460D-B906-8D3FF7C24AA2}.Release|Any CPU.Build.0 = Release|Any CPU
	EndGlobalSection
	GlobalSection(SolutionProperties) = preSolution
		HideSolutionNode = FALSE
	EndGlobalSection
	GlobalSection(NestedProjects) = preSolution
		{887AA149-1A6E-41F0-87BA-E319D16A5EF0} = {02EA681E-C7D8-13C7-8484-4AC65E1B71E8}
		{A139B5CC-BAAB-4592-9625-9AEF090156CF} = {02EA681E-C7D8-13C7-8484-4AC65E1B71E8}
		{17D02C98-DF9D-4DF3-BD27-6A8E1A20FC88} = {02EA681E-C7D8-13C7-8484-4AC65E1B71E8}
		{B54A657C-F131-4577-9F0D-7D562E9F4F25} = {02EA681E-C7D8-13C7-8484-4AC65E1B71E8}
		{B385603C-B00E-4712-AF02-65D92B48AF33} = {02EA681E-C7D8-13C7-8484-4AC65E1B71E8}
		{33E95A33-0988-4B50-8582-21E587191DB7} = {C11EE646-40A8-4C83-A2AC-1740C7989B6C}
		{65D451FD-907F-415C-9DFE-582CC9C70BF0} = {C11EE646-40A8-4C83-A2AC-1740C7989B6C}
		{4AAABD60-6361-4601-8DBD-94419D08B754} = {C11EE646-40A8-4C83-A2AC-1740C7989B6C}
		{D9BD2C29-1FC1-4C84-829C-C33AF06E4AA2} = {C11EE646-40A8-4C83-A2AC-1740C7989B6C}
		{8FC5E2A0-6CC5-4381-8BAB-2AF3CEDF8F60} = {C11EE646-40A8-4C83-A2AC-1740C7989B6C}
		{6A8AFFB8-0FA2-429F-ACB1-A857351212BF} = {C11EE646-40A8-4C83-A2AC-1740C7989B6C}
		{8603575F-262F-4F07-BBB7-9C80DA71FA50} = {C11EE646-40A8-4C83-A2AC-1740C7989B6C}
		{704BCD35-03EC-45B0-961E-49641212AD1C} = {C11EE646-40A8-4C83-A2AC-1740C7989B6C}
		{976198B6-73BA-4F4D-863D-83E86C806D78} = {229E3F78-810A-46A5-AAA7-110A7DE69C93}
		{373DA558-F1DE-4182-9082-21EF360D12DC} = {229E3F78-810A-46A5-AAA7-110A7DE69C93}
		{DB54D6A8-1545-4F88-B3CA-4DEC3CE71BAD} = {229E3F78-810A-46A5-AAA7-110A7DE69C93}
		{DE42E140-7610-460C-8E81-F992FE5FB618} = {229E3F78-810A-46A5-AAA7-110A7DE69C93}
		{0D95196B-6866-460D-B906-8D3FF7C24AA2} = {229E3F78-810A-46A5-AAA7-110A7DE69C93}
	EndGlobalSection
	GlobalSection(ExtensibilityGlobals) = postSolution
		SolutionGuid = {C08AA5AB-1E9E-4ABE-BFE7-892AF6DE9467}
	EndGlobalSection
EndGlobal
