Microsoft Visual Studio Solution File, Format Version 12.00
# Visual Studio Version 17
VisualStudioVersion = 17.13.35931.197
MinimumVisualStudioVersion = 10.0.40219.1
Project("{2150E333-8FDC-42A3-9474-1A3956D46DE8}") = "Lab", "Lab", "{02EA681E-C7D8-13C7-8484-4AC65E1B71E8}" # Lab
EndProject
Project("{FAE04EC0-301F-11D3-BF4B-00C04F79EFBC}") = "01. Randomize words", "01. Randomize words\01. Randomize words.csproj", "{123B4F93-2B83-4EC9-8A78-E3D7850E3B01}"
EndProject
Project("{FAE04EC0-301F-11D3-BF4B-00C04F79EFBC}") = "02. Big factorial", "02. Big factorial\02. Big factorial.csproj", "{3F2F840D-E68F-49D7-A071-C0DAC816D537}"
EndProject
Project("{FAE04EC0-301F-11D3-BF4B-00C04F79EFBC}") = "03. Songs", "03. Songs\03. Songs.csproj", "{43112897-94C3-4768-BBEF-ADEE036A10D0}"
EndProject
Project("{FAE04EC0-301F-11D3-BF4B-00C04F79EFBC}") = "04. Students", "04. Students\04. Students.csproj", "{EF878F58-90CB-4DBA-B7C7-F06D3F44E8F9}"
EndProject
Project("{FAE04EC0-301F-11D3-BF4B-00C04F79EFBC}") = "05. Students 2.0", "05. Students 2.0\05. Students 2.0.csproj", "{9036DB34-23AB-4587-932F-A7C79387944D}"
EndProject
Project("{FAE04EC0-301F-11D3-BF4B-00C04F79EFBC}") = "06. Store boxes", "06. Store boxes\06. Store boxes.csproj", "{0252CADE-70AD-446A-8E4B-5079AD6482F9}"
EndProject
Project("{FAE04EC0-301F-11D3-BF4B-00C04F79EFBC}") = "07. Vehicle catalogue", "07. Vehicle catalogue\07. Vehicle catalogue.csproj", "{2976A6FB-14B3-437B-9F42-9C2BF2E96A61}"
EndProject
Project("{2150E333-8FDC-42A3-9474-1A3956D46DE8}") = "Exercise", "Exercise", "{E1D066D5-1DBE-4339-A3B1-930E901F7158}" # Exercise
EndProject
Project("{FAE04EC0-301F-11D3-BF4B-00C04F79EFBC}") = "01. Advertisement message", "01. Advertisement message\01. Advertisement message.csproj", "{A6BAF78E-F855-42A4-A508-D70AEC748EAA}"
EndProject
Project("{FAE04EC0-301F-11D3-BF4B-00C04F79EFBC}") = "02. Articles", "02. Articles\02. Articles.csproj", "{959D15A4-26E1-439E-B28F-8DAA8366C608}"
EndProject
Project("{FAE04EC0-301F-11D3-BF4B-00C04F79EFBC}") = "03. Articles 2.0", "03. Articles 2.0\03. Articles 2.0.csproj", "{D0A2E998-DC96-4A64-B8BA-647D581C19C7}"
EndProject
Project("{FAE04EC0-301F-11D3-BF4B-00C04F79EFBC}") = "04. Students (exercise)", "04. Students (exercise)\04. Students (exercise).csproj", "{3A3B9DDF-384F-42C7-B4A6-B688B2EE451B}"
EndProject
Project("{FAE04EC0-301F-11D3-BF4B-00C04F79EFBC}") = "05. Teamwork projects", "05. Teamwork projects\05. Teamwork projects.csproj", "{C648F9DF-B8EC-4B08-BE31-B7342D9AB4BA}"
EndProject
Project("{FAE04EC0-301F-11D3-BF4B-00C04F79EFBC}") = "06. Vehicle catalogue (exercise)", "06. Vehicle catalogue (exercise)\06. Vehicle catalogue (exercise).csproj", "{45A8E469-54D8-45A6-B60F-9D0F0CD9659E}"
EndProject
Project("{FAE04EC0-301F-11D3-BF4B-00C04F79EFBC}") = "07. Order by age", "07. Order by age\07. Order by age.csproj", "{8A147577-5096-40A7-BD19-76BBF4E784C5}"
EndProject
Project("{2150E333-8FDC-42A3-9474-1A3956D46DE8}") = "More exercise", "More exercise", "{570FB6C3-0C6A-48E0-9049-4BD8C84A3C52}" # More Exercise
EndProject
Project("{FAE04EC0-301F-11D3-BF4B-00C04F79EFBC}") = "01. Company roster", "01. Company roster\01. Company roster.csproj", "{F917812B-9876-42F4-B33D-D046C215777C}"
EndProject
Project("{FAE04EC0-301F-11D3-BF4B-00C04F79EFBC}") = "02. Oldest family member", "02. Oldest family member\02. Oldest family member.csproj", "{2CC5CF88-ACE0-4A8E-8D8D-2EB1BD3B27D5}"
EndProject
Project("{FAE04EC0-301F-11D3-BF4B-00C04F79EFBC}") = "03. Speed racing", "03. Speed racing\03. Speed racing.csproj", "{B1BB9F75-9E48-443D-A8B0-26924724FE97}"
EndProject
Project("{FAE04EC0-301F-11D3-BF4B-00C04F79EFBC}") = "04. Raw data", "04. Raw data\04. Raw data.csproj", "{768867FC-5352-4709-B8DA-C19E1BFFABE5}"
EndProject
Project("{FAE04EC0-301F-11D3-BF4B-00C04F79EFBC}") = "05. Shopping spree", "05. Shopping spree\05. Shopping spree.csproj", "{68B741D5-5286-449D-A49D-7C7E8AEC9671}"
EndProject
Global
	GlobalSection(SolutionConfigurationPlatforms) = preSolution
		Debug|Any CPU = Debug|Any CPU
		Release|Any CPU = Release|Any CPU
	EndGlobalSection
	GlobalSection(ProjectConfigurationPlatforms) = postSolution
		{123B4F93-2B83-4EC9-8A78-E3D7850E3B01}.Debug|Any CPU.ActiveCfg = Debug|Any CPU
		{123B4F93-2B83-4EC9-8A78-E3D7850E3B01}.Debug|Any CPU.Build.0 = Debug|Any CPU
		{123B4F93-2B83-4EC9-8A78-E3D7850E3B01}.Release|Any CPU.ActiveCfg = Release|Any CPU
		{123B4F93-2B83-4EC9-8A78-E3D7850E3B01}.Release|Any CPU.Build.0 = Release|Any CPU
		{3F2F840D-E68F-49D7-A071-C0DAC816D537}.Debug|Any CPU.ActiveCfg = Debug|Any CPU
		{3F2F840D-E68F-49D7-A071-C0DAC816D537}.Debug|Any CPU.Build.0 = Debug|Any CPU
		{3F2F840D-E68F-49D7-A071-C0DAC816D537}.Release|Any CPU.ActiveCfg = Release|Any CPU
		{3F2F840D-E68F-49D7-A071-C0DAC816D537}.Release|Any CPU.Build.0 = Release|Any CPU
		{43112897-94C3-4768-BBEF-ADEE036A10D0}.Debug|Any CPU.ActiveCfg = Debug|Any CPU
		{43112897-94C3-4768-BBEF-ADEE036A10D0}.Debug|Any CPU.Build.0 = Debug|Any CPU
		{43112897-94C3-4768-BBEF-ADEE036A10D0}.Release|Any CPU.ActiveCfg = Release|Any CPU
		{43112897-94C3-4768-BBEF-ADEE036A10D0}.Release|Any CPU.Build.0 = Release|Any CPU
		{EF878F58-90CB-4DBA-B7C7-F06D3F44E8F9}.Debug|Any CPU.ActiveCfg = Debug|Any CPU
		{EF878F58-90CB-4DBA-B7C7-F06D3F44E8F9}.Debug|Any CPU.Build.0 = Debug|Any CPU
		{EF878F58-90CB-4DBA-B7C7-F06D3F44E8F9}.Release|Any CPU.ActiveCfg = Release|Any CPU
		{EF878F58-90CB-4DBA-B7C7-F06D3F44E8F9}.Release|Any CPU.Build.0 = Release|Any CPU
		{9036DB34-23AB-4587-932F-A7C79387944D}.Debug|Any CPU.ActiveCfg = Debug|Any CPU
		{9036DB34-23AB-4587-932F-A7C79387944D}.Debug|Any CPU.Build.0 = Debug|Any CPU
		{9036DB34-23AB-4587-932F-A7C79387944D}.Release|Any CPU.ActiveCfg = Release|Any CPU
		{9036DB34-23AB-4587-932F-A7C79387944D}.Release|Any CPU.Build.0 = Release|Any CPU
		{0252CADE-70AD-446A-8E4B-5079AD6482F9}.Debug|Any CPU.ActiveCfg = Debug|Any CPU
		{0252CADE-70AD-446A-8E4B-5079AD6482F9}.Debug|Any CPU.Build.0 = Debug|Any CPU
		{0252CADE-70AD-446A-8E4B-5079AD6482F9}.Release|Any CPU.ActiveCfg = Release|Any CPU
		{0252CADE-70AD-446A-8E4B-5079AD6482F9}.Release|Any CPU.Build.0 = Release|Any CPU
		{2976A6FB-14B3-437B-9F42-9C2BF2E96A61}.Debug|Any CPU.ActiveCfg = Debug|Any CPU
		{2976A6FB-14B3-437B-9F42-9C2BF2E96A61}.Debug|Any CPU.Build.0 = Debug|Any CPU
		{2976A6FB-14B3-437B-9F42-9C2BF2E96A61}.Release|Any CPU.ActiveCfg = Release|Any CPU
		{2976A6FB-14B3-437B-9F42-9C2BF2E96A61}.Release|Any CPU.Build.0 = Release|Any CPU
		{A6BAF78E-F855-42A4-A508-D70AEC748EAA}.Debug|Any CPU.ActiveCfg = Debug|Any CPU
		{A6BAF78E-F855-42A4-A508-D70AEC748EAA}.Debug|Any CPU.Build.0 = Debug|Any CPU
		{A6BAF78E-F855-42A4-A508-D70AEC748EAA}.Release|Any CPU.ActiveCfg = Release|Any CPU
		{A6BAF78E-F855-42A4-A508-D70AEC748EAA}.Release|Any CPU.Build.0 = Release|Any CPU
		{959D15A4-26E1-439E-B28F-8DAA8366C608}.Debug|Any CPU.ActiveCfg = Debug|Any CPU
		{959D15A4-26E1-439E-B28F-8DAA8366C608}.Debug|Any CPU.Build.0 = Debug|Any CPU
		{959D15A4-26E1-439E-B28F-8DAA8366C608}.Release|Any CPU.ActiveCfg = Release|Any CPU
		{959D15A4-26E1-439E-B28F-8DAA8366C608}.Release|Any CPU.Build.0 = Release|Any CPU
		{D0A2E998-DC96-4A64-B8BA-647D581C19C7}.Debug|Any CPU.ActiveCfg = Debug|Any CPU
		{D0A2E998-DC96-4A64-B8BA-647D581C19C7}.Debug|Any CPU.Build.0 = Debug|Any CPU
		{D0A2E998-DC96-4A64-B8BA-647D581C19C7}.Release|Any CPU.ActiveCfg = Release|Any CPU
		{D0A2E998-DC96-4A64-B8BA-647D581C19C7}.Release|Any CPU.Build.0 = Release|Any CPU
		{3A3B9DDF-384F-42C7-B4A6-B688B2EE451B}.Debug|Any CPU.ActiveCfg = Debug|Any CPU
		{3A3B9DDF-384F-42C7-B4A6-B688B2EE451B}.Debug|Any CPU.Build.0 = Debug|Any CPU
		{3A3B9DDF-384F-42C7-B4A6-B688B2EE451B}.Release|Any CPU.ActiveCfg = Release|Any CPU
		{3A3B9DDF-384F-42C7-B4A6-B688B2EE451B}.Release|Any CPU.Build.0 = Release|Any CPU
		{C648F9DF-B8EC-4B08-BE31-B7342D9AB4BA}.Debug|Any CPU.ActiveCfg = Debug|Any CPU
		{C648F9DF-B8EC-4B08-BE31-B7342D9AB4BA}.Debug|Any CPU.Build.0 = Debug|Any CPU
		{C648F9DF-B8EC-4B08-BE31-B7342D9AB4BA}.Release|Any CPU.ActiveCfg = Release|Any CPU
		{C648F9DF-B8EC-4B08-BE31-B7342D9AB4BA}.Release|Any CPU.Build.0 = Release|Any CPU
		{45A8E469-54D8-45A6-B60F-9D0F0CD9659E}.Debug|Any CPU.ActiveCfg = Debug|Any CPU
		{45A8E469-54D8-45A6-B60F-9D0F0CD9659E}.Debug|Any CPU.Build.0 = Debug|Any CPU
		{45A8E469-54D8-45A6-B60F-9D0F0CD9659E}.Release|Any CPU.ActiveCfg = Release|Any CPU
		{45A8E469-54D8-45A6-B60F-9D0F0CD9659E}.Release|Any CPU.Build.0 = Release|Any CPU
		{8A147577-5096-40A7-BD19-76BBF4E784C5}.Debug|Any CPU.ActiveCfg = Debug|Any CPU
		{8A147577-5096-40A7-BD19-76BBF4E784C5}.Debug|Any CPU.Build.0 = Debug|Any CPU
		{8A147577-5096-40A7-BD19-76BBF4E784C5}.Release|Any CPU.ActiveCfg = Release|Any CPU
		{8A147577-5096-40A7-BD19-76BBF4E784C5}.Release|Any CPU.Build.0 = Release|Any CPU
		{F917812B-9876-42F4-B33D-D046C215777C}.Debug|Any CPU.ActiveCfg = Debug|Any CPU
		{F917812B-9876-42F4-B33D-D046C215777C}.Debug|Any CPU.Build.0 = Debug|Any CPU
		{F917812B-9876-42F4-B33D-D046C215777C}.Release|Any CPU.ActiveCfg = Release|Any CPU
		{F917812B-9876-42F4-B33D-D046C215777C}.Release|Any CPU.Build.0 = Release|Any CPU
		{2CC5CF88-ACE0-4A8E-8D8D-2EB1BD3B27D5}.Debug|Any CPU.ActiveCfg = Debug|Any CPU
		{2CC5CF88-ACE0-4A8E-8D8D-2EB1BD3B27D5}.Debug|Any CPU.Build.0 = Debug|Any CPU
		{2CC5CF88-ACE0-4A8E-8D8D-2EB1BD3B27D5}.Release|Any CPU.ActiveCfg = Release|Any CPU
		{2CC5CF88-ACE0-4A8E-8D8D-2EB1BD3B27D5}.Release|Any CPU.Build.0 = Release|Any CPU
		{B1BB9F75-9E48-443D-A8B0-26924724FE97}.Debug|Any CPU.ActiveCfg = Debug|Any CPU
		{B1BB9F75-9E48-443D-A8B0-26924724FE97}.Debug|Any CPU.Build.0 = Debug|Any CPU
		{B1BB9F75-9E48-443D-A8B0-26924724FE97}.Release|Any CPU.ActiveCfg = Release|Any CPU
		{B1BB9F75-9E48-443D-A8B0-26924724FE97}.Release|Any CPU.Build.0 = Release|Any CPU
		{768867FC-5352-4709-B8DA-C19E1BFFABE5}.Debug|Any CPU.ActiveCfg = Debug|Any CPU
		{768867FC-5352-4709-B8DA-C19E1BFFABE5}.Debug|Any CPU.Build.0 = Debug|Any CPU
		{768867FC-5352-4709-B8DA-C19E1BFFABE5}.Release|Any CPU.ActiveCfg = Release|Any CPU
		{768867FC-5352-4709-B8DA-C19E1BFFABE5}.Release|Any CPU.Build.0 = Release|Any CPU
		{68B741D5-5286-449D-A49D-7C7E8AEC9671}.Debug|Any CPU.ActiveCfg = Debug|Any CPU
		{68B741D5-5286-449D-A49D-7C7E8AEC9671}.Debug|Any CPU.Build.0 = Debug|Any CPU
		{68B741D5-5286-449D-A49D-7C7E8AEC9671}.Release|Any CPU.ActiveCfg = Release|Any CPU
		{68B741D5-5286-449D-A49D-7C7E8AEC9671}.Release|Any CPU.Build.0 = Release|Any CPU
	EndGlobalSection
	GlobalSection(SolutionProperties) = preSolution
		HideSolutionNode = FALSE
	EndGlobalSection
	GlobalSection(NestedProjects) = preSolution
		{123B4F93-2B83-4EC9-8A78-E3D7850E3B01} = {02EA681E-C7D8-13C7-8484-4AC65E1B71E8}
		{3F2F840D-E68F-49D7-A071-C0DAC816D537} = {02EA681E-C7D8-13C7-8484-4AC65E1B71E8}
		{43112897-94C3-4768-BBEF-ADEE036A10D0} = {02EA681E-C7D8-13C7-8484-4AC65E1B71E8}
		{EF878F58-90CB-4DBA-B7C7-F06D3F44E8F9} = {02EA681E-C7D8-13C7-8484-4AC65E1B71E8}
		{9036DB34-23AB-4587-932F-A7C79387944D} = {02EA681E-C7D8-13C7-8484-4AC65E1B71E8}
		{0252CADE-70AD-446A-8E4B-5079AD6482F9} = {02EA681E-C7D8-13C7-8484-4AC65E1B71E8}
		{2976A6FB-14B3-437B-9F42-9C2BF2E96A61} = {02EA681E-C7D8-13C7-8484-4AC65E1B71E8}
		{A6BAF78E-F855-42A4-A508-D70AEC748EAA} = {E1D066D5-1DBE-4339-A3B1-930E901F7158}
		{959D15A4-26E1-439E-B28F-8DAA8366C608} = {E1D066D5-1DBE-4339-A3B1-930E901F7158}
		{D0A2E998-DC96-4A64-B8BA-647D581C19C7} = {E1D066D5-1DBE-4339-A3B1-930E901F7158}
		{3A3B9DDF-384F-42C7-B4A6-B688B2EE451B} = {E1D066D5-1DBE-4339-A3B1-930E901F7158}
		{C648F9DF-B8EC-4B08-BE31-B7342D9AB4BA} = {E1D066D5-1DBE-4339-A3B1-930E901F7158}
		{45A8E469-54D8-45A6-B60F-9D0F0CD9659E} = {E1D066D5-1DBE-4339-A3B1-930E901F7158}
		{8A147577-5096-40A7-BD19-76BBF4E784C5} = {E1D066D5-1DBE-4339-A3B1-930E901F7158}
		{F917812B-9876-42F4-B33D-D046C215777C} = {570FB6C3-0C6A-48E0-9049-4BD8C84A3C52}
		{2CC5CF88-ACE0-4A8E-8D8D-2EB1BD3B27D5} = {570FB6C3-0C6A-48E0-9049-4BD8C84A3C52}
		{B1BB9F75-9E48-443D-A8B0-26924724FE97} = {570FB6C3-0C6A-48E0-9049-4BD8C84A3C52}
		{768867FC-5352-4709-B8DA-C19E1BFFABE5} = {570FB6C3-0C6A-48E0-9049-4BD8C84A3C52}
		{68B741D5-5286-449D-A49D-7C7E8AEC9671} = {570FB6C3-0C6A-48E0-9049-4BD8C84A3C52}
	EndGlobalSection
	GlobalSection(ExtensibilityGlobals) = postSolution
		SolutionGuid = {95149B8A-4A04-449B-9833-AF4B82444E5D}
	EndGlobalSection
EndGlobal
